<?xml version="1.0" encoding="utf-8"?>
<Project ToolsVersion="4.0" xmlns="http://schemas.microsoft.com/developer/msbuild/2003">
  <ItemGroup>
    <Filter Include="Resource Files">
      <UniqueIdentifier>{67DA6AB6-F800-4c08-8B7A-83BB121AAD01}</UniqueIdentifier>
      <Extensions>rc;ico;cur;bmp;dlg;rc2;rct;bin;rgs;gif;jpg;jpeg;jpe;resx;tiff;tif;png;wav</Extensions>
    </Filter>
    <Filter Include="Serialization">
      <UniqueIdentifier>{6dc90a51-9e0e-481d-aecb-1504d6f9a21b}</UniqueIdentifier>
    </Filter>
    <Filter Include="Font">
      <UniqueIdentifier>{2ce5a818-4bb3-4502-8751-f2d8f3f36527}</UniqueIdentifier>
    </Filter>
    <Filter Include="spirit_po">
      <UniqueIdentifier>{36afc638-474c-4646-b7ac-c1d8df8344f2}</UniqueIdentifier>
    </Filter>
    <Filter Include="Utils">
      <UniqueIdentifier>{dd5bcb3f-5af9-4dce-bcf3-9c23cec65372}</UniqueIdentifier>
    </Filter>
    <Filter Include="Formula">
      <UniqueIdentifier>{89506bfd-cc4a-4db3-84f4-b90d70040b9c}</UniqueIdentifier>
    </Filter>
    <Filter Include="Bcrypt">
      <UniqueIdentifier>{d5a81024-f17f-4bdc-8eab-015200624965}</UniqueIdentifier>
    </Filter>
    <Filter Include="Bcrypt\Crypt_blowfish">
      <UniqueIdentifier>{7f9caf8d-4d10-431e-85a6-4495b10035ab}</UniqueIdentifier>
    </Filter>
  </ItemGroup>
  <ItemGroup>
    <ClCompile Include="..\..\src\serialization\binary_or_text.cpp">
      <Filter>Serialization</Filter>
    </ClCompile>
    <ClCompile Include="..\..\src\serialization\parser.cpp">
      <Filter>Serialization</Filter>
    </ClCompile>
    <ClCompile Include="..\..\src\serialization\preprocessor.cpp">
      <Filter>Serialization</Filter>
    </ClCompile>
    <ClCompile Include="..\..\src\serialization\schema_validator.cpp">
      <Filter>Serialization</Filter>
    </ClCompile>
    <ClCompile Include="..\..\src\serialization\string_utils.cpp">
      <Filter>Serialization</Filter>
    </ClCompile>
    <ClCompile Include="..\..\src\serialization\tokenizer.cpp">
      <Filter>Serialization</Filter>
    </ClCompile>
    <ClCompile Include="..\..\src\serialization\unicode.cpp">
      <Filter>Serialization</Filter>
    </ClCompile>
    <ClCompile Include="..\..\src\serialization\validator.cpp">
      <Filter>Serialization</Filter>
    </ClCompile>
    <ClCompile Include="..\..\src\color.cpp" />
    <ClCompile Include="..\..\src\color_range.cpp" />
    <ClCompile Include="..\..\src\config.cpp" />
    <ClCompile Include="..\..\src\config_attribute_value.cpp" />
    <ClCompile Include="..\..\src\filesystem_boost.cpp" />
    <ClCompile Include="..\..\src\filesystem_common.cpp" />
    <ClCompile Include="..\..\src\game_config.cpp" />
    <ClCompile Include="..\..\src\gettext_boost.cpp" />
    <ClCompile Include="..\..\src\log.cpp" />
    <ClCompile Include="..\..\src\log_windows.cpp" />
    <ClCompile Include="..\..\src\random.cpp" />
    <ClCompile Include="..\..\src\tstring.cpp" />
    <ClCompile Include="..\..\src\version.cpp" />
    <ClCompile Include="..\..\src\font\constants.cpp">
      <Filter>Font</Filter>
    </ClCompile>
    <ClCompile Include="..\..\src\formula\string_utils.cpp">
      <Filter>Formula</Filter>
    </ClCompile>
    <ClCompile Include="..\..\src\deprecation.cpp" />
    <ClCompile Include="..\..\src\bcrypt\bcrypt.c">
      <Filter>Bcrypt</Filter>
    </ClCompile>
    <ClCompile Include="..\..\src\bcrypt\crypt_blowfish\crypt_blowfish.c">
      <Filter>Bcrypt\Crypt_blowfish</Filter>
    </ClCompile>
    <ClCompile Include="..\..\src\bcrypt\crypt_blowfish\crypt_gensalt.c">
      <Filter>Bcrypt\Crypt_blowfish</Filter>
    </ClCompile>
    <ClCompile Include="..\..\src\bcrypt\crypt_blowfish\wrapper.c">
      <Filter>Bcrypt\Crypt_blowfish</Filter>
    </ClCompile>
  </ItemGroup>
  <ItemGroup>
    <ClInclude Include="..\..\src\serialization\binary_or_text.hpp">
      <Filter>Serialization</Filter>
    </ClInclude>
    <ClInclude Include="..\..\src\serialization\parser.hpp">
      <Filter>Serialization</Filter>
    </ClInclude>
    <ClInclude Include="..\..\src\serialization\preprocessor.hpp">
      <Filter>Serialization</Filter>
    </ClInclude>
    <ClInclude Include="..\..\src\serialization\schema_validator.hpp">
      <Filter>Serialization</Filter>
    </ClInclude>
    <ClInclude Include="..\..\src\serialization\string_utils.hpp">
      <Filter>Serialization</Filter>
    </ClInclude>
    <ClInclude Include="..\..\src\serialization\tokenizer.hpp">
      <Filter>Serialization</Filter>
    </ClInclude>
    <ClInclude Include="..\..\src\serialization\unicode.hpp">
      <Filter>Serialization</Filter>
    </ClInclude>
    <ClInclude Include="..\..\src\serialization\validator.hpp">
      <Filter>Serialization</Filter>
    </ClInclude>
    <ClInclude Include="..\..\src\color.hpp" />
    <ClInclude Include="..\..\src\color_range.hpp" />
    <ClInclude Include="..\..\src\config.hpp" />
    <ClInclude Include="..\..\src\config_attribute_value.hpp" />
    <ClInclude Include="..\..\src\filesystem.hpp" />
    <ClInclude Include="..\..\src\game_config.hpp" />
    <ClInclude Include="..\..\src\gettext.hpp" />
    <ClInclude Include="..\..\src\global.hpp" />
    <ClInclude Include="..\..\src\lexical_cast.hpp" />
    <ClInclude Include="..\..\src\libc_error.hpp" />
    <ClInclude Include="..\..\src\log.hpp" />
    <ClInclude Include="..\..\src\log_windows.hpp" />
    <ClInclude Include="..\..\src\random.hpp" />
    <ClInclude Include="..\..\src\tstring.hpp" />
    <ClInclude Include="..\..\src\version.hpp" />
    <ClInclude Include="..\..\src\wesconfig.h" />
    <ClInclude Include="..\..\src\font\constants.hpp">
      <Filter>Font</Filter>
    </ClInclude>
    <ClInclude Include="..\..\src\spirit_po\catalog.hpp">
      <Filter>spirit_po</Filter>
    </ClInclude>
    <ClInclude Include="..\..\src\spirit_po\catalog_metadata.hpp">
      <Filter>spirit_po</Filter>
    </ClInclude>
    <ClInclude Include="..\..\src\spirit_po\default_plural_forms_compiler.hpp">
      <Filter>spirit_po</Filter>
    </ClInclude>
    <ClInclude Include="..\..\src\spirit_po\default_plural_forms_expressions.hpp">
      <Filter>spirit_po</Filter>
    </ClInclude>
    <ClInclude Include="..\..\src\spirit_po\exceptions.hpp">
      <Filter>spirit_po</Filter>
    </ClInclude>
    <ClInclude Include="..\..\src\spirit_po\po_grammar.hpp">
      <Filter>spirit_po</Filter>
    </ClInclude>
    <ClInclude Include="..\..\src\spirit_po\po_message.hpp">
      <Filter>spirit_po</Filter>
    </ClInclude>
    <ClInclude Include="..\..\src\spirit_po\po_message_adapted.hpp">
      <Filter>spirit_po</Filter>
    </ClInclude>
    <ClInclude Include="..\..\src\spirit_po\spirit_po.hpp">
      <Filter>spirit_po</Filter>
    </ClInclude>
    <ClInclude Include="..\..\src\spirit_po\version.hpp">
      <Filter>spirit_po</Filter>
    </ClInclude>
    <ClInclude Include="..\..\src\serialization\string_view.hpp">
      <Filter>Serialization</Filter>
    </ClInclude>
    <ClInclude Include="..\..\src\utils\type_trait_aliases.hpp">
      <Filter>Utils</Filter>
    </ClInclude>
    <ClInclude Include="..\..\src\formula\string_utils.hpp">
      <Filter>Formula</Filter>
    </ClInclude>
    <ClInclude Include="..\..\src\deprecation.hpp" />
    <ClInclude Include="..\..\src\bcrypt\bcrypt.h">
      <Filter>Bcrypt</Filter>
    </ClInclude>
    <ClInclude Include="..\..\src\bcrypt\crypt_blowfish\crypt.h">
      <Filter>Bcrypt\Crypt_blowfish</Filter>
    </ClInclude>
    <ClInclude Include="..\..\src\bcrypt\crypt_blowfish\crypt_blowfish.h">
      <Filter>Bcrypt\Crypt_blowfish</Filter>
    </ClInclude>
    <ClInclude Include="..\..\src\bcrypt\crypt_blowfish\crypt_gensalt.h">
      <Filter>Bcrypt\Crypt_blowfish</Filter>
    </ClInclude>
    <ClInclude Include="..\..\src\bcrypt\crypt_blowfish\ow-crypt.h">
      <Filter>Bcrypt\Crypt_blowfish</Filter>
    </ClInclude>
  </ItemGroup>
</Project>