<?xml version="1.0" encoding="UTF-8" standalone="yes" ?>
<CodeBlocks_project_file>
	<FileVersion major="1" minor="6" />
	<Project>
		<Option title="tests" />
		<Option pch_mode="2" />
		<Option compiler="gcc" />
		<Build>
			<Target title="Release">
				<Option output="../../tests" prefix_auto="1" extension_auto="1" />
				<Option working_dir="../../" />
				<Option object_output=".objs-release" />
				<Option type="0" />
				<Option compiler="gcc" />
				<Compiler>
					<Add option="-O3" />
				</Compiler>
			</Target>
			<Target title="Debug">
				<Option output="../../tests-debug" prefix_auto="1" extension_auto="1" />
				<Option working_dir="../../" />
				<Option object_output=".objs-debug" />
				<Option type="0" />
				<Option compiler="gcc" />
				<Compiler>
					<Add option="-g" />
					<Add option="-DDEBUG_LUA" />
				</Compiler>
			</Target>
		</Build>
		<Compiler>
			<Add option="-Wall" />
			<Add option="-std=c++17" />
			<Add option="-mthreads" />
			<Add option="-fexceptions" />
			<Add option="-fdiagnostics-show-option" />
			<Add option="-fopenmp" />
			<Add option="-Wno-strict-aliasing" />
			<Add option="-Wno-missing-braces" />
			<Add option="-Wunused" />
			<Add option="-Wunused-parameter" />
			<Add option="-DHAVE_LIBPNG" />
			<Add option="-D_GLIBCXX_USE_DEPRECATED=0" />
			<Add option="-DBOOST_NO_CXX98_FUNCTION_BASE" />
			<Add option="-D_WIN32_WINDOWS" />
			<Add option="-D_WIN32_WINNT=0x0601" />
			<Add option="-D_WIN32_IE=0x0601" />
			<Add option="-DBOOST_TEST_DYN_LINK=1" />
			<Add directory="../../src" />
		</Compiler>
		<Linker>
			<Add option="-mthreads" />
			<Add option="-fopenmp" />
			<Add library="mingwthrd" />
			<Add library="mingw32" />
			<Add library="SDL2main" />
			<Add library="SDL2" />
			<Add library="SDL2_image" />
			<Add library="SDL2_mixer" />
			<Add library="crypt32" />
			<Add library="freetype" />
			<Add library="ws2_32" />
			<Add library="shlwapi" />
			<Add library="pango-1.0" />
			<Add library="pangocairo-1.0" />
			<Add library="cairo" />
			<Add library="gobject-2.0" />
			<Add library="fontconfig" />
			<Add library="libglib-2.0" />
			<Add library="liblua" />
			<Add library="libpng" />
			<Add library="libjpeg" />
			<Add library="libwebp" />
			<Add library="libbcrypt" />
			<Add library="libboost_iostreams" />
			<Add library="libboost_bzip2" />
			<Add library="libboost_filesystem" />
			<Add library="libboost_locale" />
			<Add library="libboost_program_options" />
			<Add library="libboost_random" />
			<Add library="libboost_regex" />
			<Add library="libboost_system" />
			<Add library="libboost_thread" />
			<Add library="libboost_timer" />
			<Add library="libboost_unit_test_framework" />
			<Add library="libboost_zlib" />
			<Add library="libcrypto-1_1" />
			<Add library="libssl" />
			<Add library="winmm" />
			<Add library="libole32" />
			<Add library="libogg" />
			<Add library="libuuid" />
			<Add library="libvorbis" />
			<Add library="libvorbisenc" />
			<Add library="libvorbisfile" />
			<Add directory="./" />
		</Linker>
		<Unit filename="../../packaging/windows/wesnoth.rc">
			<Option compilerVar="WINDRES" />
		</Unit>
		<Unit filename="../../src/arrow.cpp" />
		<Unit filename="../../src/arrow.hpp" />
		<Unit filename="../../src/color.cpp" />
		<Unit filename="../../src/color.hpp" />
		<Unit filename="../../src/color_range.cpp" />
		<Unit filename="../../src/color_range.hpp" />
		<Unit filename="../../src/commandline_argv.cpp" />
		<Unit filename="../../src/commandline_argv.hpp" />
		<Unit filename="../../src/config.cpp" />
		<Unit filename="../../src/config.hpp" />
		<Unit filename="../../src/config_attribute_value.cpp" />
		<Unit filename="../../src/config_attribute_value.hpp" />
		<Unit filename="../../src/config_cache.cpp" />
		<Unit filename="../../src/config_cache.hpp" />
		<Unit filename="../../src/crypt_blowfish/crypt_blowfish.c">
			<Option compilerVar="CC" />
		</Unit>
		<Unit filename="../../src/crypt_blowfish/crypt_blowfish.h" />
		<Unit filename="../../src/cursor.cpp" />
		<Unit filename="../../src/cursor.hpp" />
		<Unit filename="../../src/defeat_condition.hpp" />
		<Unit filename="../../src/deprecation.cpp" />
		<Unit filename="../../src/deprecation.hpp" />
		<Unit filename="../../src/desktop/clipboard.cpp" />
		<Unit filename="../../src/desktop/clipboard.hpp" />
		<Unit filename="../../src/display.cpp" />
		<Unit filename="../../src/display.hpp" />
		<Unit filename="../../src/display_context.cpp" />
		<Unit filename="../../src/display_context.hpp" />
		<Unit filename="../../src/events.cpp" />
		<Unit filename="../../src/events.hpp" />
		<Unit filename="../../src/filesystem.cpp" />
		<Unit filename="../../src/filesystem.hpp" />
		<Unit filename="../../src/filesystem_common.cpp" />
		<Unit filename="../../src/floating_label.cpp" />
		<Unit filename="../../src/floating_label.hpp" />
		<Unit filename="../../src/font/constants.cpp" />
		<Unit filename="../../src/font/constants.hpp" />
		<Unit filename="../../src/font/font_config.cpp" />
		<Unit filename="../../src/font/font_config.hpp" />
		<Unit filename="../../src/font/sdl_ttf_compat.cpp" />
		<Unit filename="../../src/font/sdl_ttf_compat.hpp" />
		<Unit filename="../../src/font/standard_colors.cpp" />
		<Unit filename="../../src/font/standard_colors.hpp" />
		<Unit filename="../../src/font/text.cpp" />
		<Unit filename="../../src/font/text.hpp" />
		<Unit filename="../../src/font/text_formatting.cpp" />
		<Unit filename="../../src/font/text_formatting.hpp" />
		<Unit filename="../../src/format_time_summary.cpp" />
		<Unit filename="../../src/format_time_summary.hpp" />
		<Unit filename="../../src/formula/string_utils.cpp" />
		<Unit filename="../../src/formula/string_utils.hpp" />
		<Unit filename="../../src/game_config.cpp" />
		<Unit filename="../../src/game_config.hpp" />
		<Unit filename="../../src/game_config_view.cpp" />
		<Unit filename="../../src/game_config_view.hpp" />
		<Unit filename="../../src/game_end_exceptions.cpp" />
		<Unit filename="../../src/game_end_exceptions.hpp" />
		<Unit filename="../../src/game_version.cpp" />
		<Unit filename="../../src/game_version.hpp" />
		<Unit filename="../../src/generators/cave_map_generator.cpp" />
		<Unit filename="../../src/generators/cave_map_generator.hpp" />
		<Unit filename="../../src/generators/default_map_generator.cpp" />
		<Unit filename="../../src/generators/default_map_generator.hpp" />
		<Unit filename="../../src/generators/default_map_generator_job.cpp" />
		<Unit filename="../../src/generators/default_map_generator_job.hpp" />
		<Unit filename="../../src/generators/lua_map_generator.cpp" />
		<Unit filename="../../src/generators/lua_map_generator.hpp" />
		<Unit filename="../../src/generators/map_create.cpp" />
		<Unit filename="../../src/generators/map_create.hpp" />
		<Unit filename="../../src/generators/map_generator.cpp" />
		<Unit filename="../../src/generators/map_generator.hpp" />
		<Unit filename="../../src/generic_event.cpp" />
		<Unit filename="../../src/gettext.cpp" />
		<Unit filename="../../src/gettext.hpp" />
		<Unit filename="../../src/gui/widgets/addon_list.cpp" />
		<Unit filename="../../src/gui/widgets/addon_list.hpp" />
		<Unit filename="../../src/gui/widgets/button.cpp" />
		<Unit filename="../../src/gui/widgets/button.hpp" />
		<Unit filename="../../src/gui/widgets/chatbox.cpp" />
		<Unit filename="../../src/gui/widgets/chatbox.hpp" />
		<Unit filename="../../src/gui/widgets/clickable_item.hpp" />
		<Unit filename="../../src/gui/widgets/drawing.cpp" />
		<Unit filename="../../src/gui/widgets/drawing.hpp" />
		<Unit filename="../../src/gui/widgets/horizontal_scrollbar.cpp" />
		<Unit filename="../../src/gui/widgets/horizontal_scrollbar.hpp" />
		<Unit filename="../../src/gui/widgets/image.cpp" />
		<Unit filename="../../src/gui/widgets/image.hpp" />
		<Unit filename="../../src/gui/widgets/integer_selector.hpp" />
		<Unit filename="../../src/gui/widgets/label.cpp" />
		<Unit filename="../../src/gui/widgets/label.hpp" />
		<Unit filename="../../src/gui/widgets/listbox.cpp" />
		<Unit filename="../../src/gui/widgets/listbox.hpp" />
		<Unit filename="../../src/gui/widgets/matrix.cpp" />
		<Unit filename="../../src/gui/widgets/matrix.hpp" />
		<Unit filename="../../src/gui/widgets/menu_button.cpp" />
		<Unit filename="../../src/gui/widgets/menu_button.hpp" />
		<Unit filename="../../src/gui/widgets/minimap.cpp" />
		<Unit filename="../../src/gui/widgets/minimap.hpp" />
		<Unit filename="../../src/gui/widgets/multi_page.cpp" />
		<Unit filename="../../src/gui/widgets/multi_page.hpp" />
		<Unit filename="../../src/gui/widgets/multimenu_button.cpp" />
		<Unit filename="../../src/gui/widgets/multimenu_button.hpp" />
		<Unit filename="../../src/gui/widgets/pane.cpp" />
		<Unit filename="../../src/gui/widgets/pane.hpp" />
		<Unit filename="../../src/gui/widgets/panel.cpp" />
		<Unit filename="../../src/gui/widgets/panel.hpp" />
		<Unit filename="../../src/gui/widgets/password_box.cpp" />
		<Unit filename="../../src/gui/widgets/password_box.hpp" />
		<Unit filename="../../src/gui/widgets/progress_bar.cpp" />
		<Unit filename="../../src/gui/widgets/progress_bar.hpp" />
		<Unit filename="../../src/gui/widgets/repeating_button.cpp" />
		<Unit filename="../../src/gui/widgets/repeating_button.hpp" />
		<Unit filename="../../src/gui/widgets/retval.hpp" />
		<Unit filename="../../src/gui/widgets/scroll_label.cpp" />
		<Unit filename="../../src/gui/widgets/scroll_label.hpp" />
		<Unit filename="../../src/gui/widgets/scrollbar_panel.cpp" />
		<Unit filename="../../src/gui/widgets/scrollbar_panel.hpp" />
		<Unit filename="../../src/gui/widgets/selectable_item.hpp" />
		<Unit filename="../../src/gui/widgets/size_lock.cpp" />
		<Unit filename="../../src/gui/widgets/size_lock.hpp" />
		<Unit filename="../../src/gui/widgets/slider.cpp" />
		<Unit filename="../../src/gui/widgets/slider.hpp" />
		<Unit filename="../../src/gui/widgets/spacer.cpp" />
		<Unit filename="../../src/gui/widgets/spacer.hpp" />
		<Unit filename="../../src/gui/widgets/stacked_widget.cpp" />
		<Unit filename="../../src/gui/widgets/stacked_widget.hpp" />
		<Unit filename="../../src/gui/widgets/status_label_helper.hpp" />
		<Unit filename="../../src/gui/widgets/text_box.cpp" />
		<Unit filename="../../src/gui/widgets/text_box.hpp" />
		<Unit filename="../../src/gui/widgets/toggle_button.cpp" />
		<Unit filename="../../src/gui/widgets/toggle_button.hpp" />
		<Unit filename="../../src/gui/widgets/toggle_panel.cpp" />
		<Unit filename="../../src/gui/widgets/toggle_panel.hpp" />
		<Unit filename="../../src/gui/widgets/tree_view.cpp" />
		<Unit filename="../../src/gui/widgets/tree_view.hpp" />
		<Unit filename="../../src/gui/widgets/unit_preview_pane.cpp" />
		<Unit filename="../../src/gui/widgets/unit_preview_pane.hpp" />
		<Unit filename="../../src/gui/widgets/vertical_scrollbar.cpp" />
		<Unit filename="../../src/gui/widgets/vertical_scrollbar.hpp" />
		<Unit filename="../../src/gui/widgets/window.cpp" />
		<Unit filename="../../src/gui/widgets/window.hpp" />
		<Unit filename="../../src/gui/widgets/window_private.hpp" />
		<Unit filename="../../src/hash.cpp" />
		<Unit filename="../../src/hash.hpp" />
		<Unit filename="../../src/hotkey/command_executor.cpp" />
		<Unit filename="../../src/hotkey/command_executor.hpp" />
		<Unit filename="../../src/hotkey/hotkey_command.cpp" />
		<Unit filename="../../src/hotkey/hotkey_command.hpp" />
		<Unit filename="../../src/hotkey/hotkey_item.cpp" />
		<Unit filename="../../src/hotkey/hotkey_item.hpp" />
		<Unit filename="../../src/hotkey/hotkey_manager.cpp" />
		<Unit filename="../../src/hotkey/hotkey_manager.hpp" />
		<Unit filename="../../src/image_modifications.cpp" />
		<Unit filename="../../src/image_modifications.hpp" />
		<Unit filename="../../src/key.cpp" />
		<Unit filename="../../src/key.hpp" />
		<Unit filename="../../src/language.cpp" />
		<Unit filename="../../src/language.hpp" />
		<Unit filename="../../src/log.cpp" />
		<Unit filename="../../src/log.hpp" />
		<Unit filename="../../src/lua_jailbreak_exception.cpp" />
		<Unit filename="../../src/lua_jailbreak_exception.hpp" />
		<Unit filename="../../src/map/exception.hpp" />
		<Unit filename="../../src/map/label.cpp" />
		<Unit filename="../../src/map/label.hpp" />
		<Unit filename="../../src/map/location.cpp" />
		<Unit filename="../../src/map/location.hpp" />
		<Unit filename="../../src/map/map.cpp" />
		<Unit filename="../../src/map/map.hpp" />
		<Unit filename="../../src/mt_rng.cpp" />
		<Unit filename="../../src/mt_rng.hpp" />
		<Unit filename="../../src/pathfind/astarsearch.cpp" />
		<Unit filename="../../src/pathutils.cpp" />
		<Unit filename="../../src/pathutils.hpp" />
		<Unit filename="../../src/pathutils_impl.hpp" />
		<Unit filename="../../src/preferences/credentials.cpp" />
		<Unit filename="../../src/preferences/credentials.hpp" />
		<Unit filename="../../src/preferences/general.cpp" />
		<Unit filename="../../src/preferences/general.hpp" />
		<Unit filename="../../src/preferences/lobby.cpp" />
		<Unit filename="../../src/preferences/lobby.hpp" />
		<Unit filename="../../src/quit_confirmation.cpp" />
		<Unit filename="../../src/quit_confirmation.hpp" />
		<Unit filename="../../src/random.cpp" />
		<Unit filename="../../src/random.hpp" />
		<Unit filename="../../src/reports.cpp" />
		<Unit filename="../../src/reports.hpp" />
		<Unit filename="../../src/sdl/exception.cpp" />
		<Unit filename="../../src/sdl/exception.hpp" />
		<Unit filename="../../src/sdl/rect.cpp" />
		<Unit filename="../../src/sdl/rect.hpp" />
		<Unit filename="../../src/sdl/surface.cpp" />
		<Unit filename="../../src/sdl/surface.hpp" />
		<Unit filename="../../src/sdl/texture.cpp" />
		<Unit filename="../../src/sdl/texture.hpp" />
		<Unit filename="../../src/sdl/userevent.hpp" />
		<Unit filename="../../src/sdl/utils.cpp" />
		<Unit filename="../../src/sdl/utils.hpp" />
		<Unit filename="../../src/sdl/window.cpp" />
		<Unit filename="../../src/sdl/window.hpp" />
		<Unit filename="../../src/seed_rng.cpp" />
		<Unit filename="../../src/seed_rng.hpp" />
		<Unit filename="../../src/serialization/base64.cpp" />
		<Unit filename="../../src/serialization/base64.hpp" />
		<Unit filename="../../src/serialization/binary_or_text.cpp" />
		<Unit filename="../../src/serialization/binary_or_text.hpp" />
		<Unit filename="../../src/serialization/compression.hpp" />
		<Unit filename="../../src/serialization/parser.cpp" />
		<Unit filename="../../src/serialization/parser.hpp" />
		<Unit filename="../../src/serialization/preprocessor.cpp" />
		<Unit filename="../../src/serialization/preprocessor.hpp" />
		<Unit filename="../../src/serialization/schema/key.cpp" />
		<Unit filename="../../src/serialization/schema/key.hpp" />
		<Unit filename="../../src/serialization/schema/tag.cpp" />
		<Unit filename="../../src/serialization/schema/tag.hpp" />
		<Unit filename="../../src/serialization/schema/type.cpp" />
		<Unit filename="../../src/serialization/schema/type.hpp" />
		<Unit filename="../../src/serialization/schema_validator.cpp" />
		<Unit filename="../../src/serialization/schema_validator.hpp" />
		<Unit filename="../../src/serialization/string_utils.cpp" />
		<Unit filename="../../src/serialization/string_utils.hpp" />
		<Unit filename="../../src/serialization/string_view.hpp" />
		<Unit filename="../../src/serialization/tokenizer.cpp" />
		<Unit filename="../../src/serialization/tokenizer.hpp" />
		<Unit filename="../../src/serialization/unicode.cpp" />
		<Unit filename="../../src/serialization/unicode.hpp" />
		<Unit filename="../../src/serialization/validator.cpp" />
		<Unit filename="../../src/serialization/validator.hpp" />
		<Unit filename="../../src/server/common/simple_wml.cpp" />
		<Unit filename="../../src/server/common/simple_wml.hpp" />
		<Unit filename="../../src/show_dialog.cpp" />
		<Unit filename="../../src/show_dialog.hpp" />
		<Unit filename="../../src/sound.cpp" />
		<Unit filename="../../src/sound.hpp" />
		<Unit filename="../../src/sound_music_track.cpp" />
		<Unit filename="../../src/sound_music_track.hpp" />
		<Unit filename="../../src/soundsource.cpp" />
		<Unit filename="../../src/soundsource.hpp" />
		<Unit filename="../../src/terrain/builder.cpp" />
		<Unit filename="../../src/terrain/builder.hpp" />
		<Unit filename="../../src/terrain/terrain.cpp" />
		<Unit filename="../../src/terrain/terrain.hpp" />
		<Unit filename="../../src/terrain/translation.cpp" />
		<Unit filename="../../src/terrain/translation.hpp" />
		<Unit filename="../../src/terrain/type_data.cpp" />
		<Unit filename="../../src/terrain/type_data.hpp" />
		<Unit filename="../../src/tests/gui/fire_event.cpp" />
		<Unit filename="../../src/tests/gui/iterator.cpp" />
		<Unit filename="../../src/tests/gui/test_gui2.cpp" />
		<Unit filename="../../src/tests/gui/visitor.cpp" />
		<Unit filename="../../src/tests/main.cpp" />
		<Unit filename="../../src/tests/test_addons.cpp" />
		<Unit filename="../../src/tests/test_commandline_options.cpp" />
		<Unit filename="../../src/tests/test_config.cpp" />
		<Unit filename="../../src/tests/test_config_cache.cpp" />
		<Unit filename="../../src/tests/test_filesystem.cpp" />
		<Unit filename="../../src/tests/test_formula_core.cpp" />
		<Unit filename="../../src/tests/test_formula_function.cpp" />
		<Unit filename="../../src/tests/test_formula_timespan.cpp" />
		<Unit filename="../../src/tests/test_image_modifications.cpp" />
		<Unit filename="../../src/tests/test_irdya_date.cpp" />
		<Unit filename="../../src/tests/test_lexical_cast.cpp" />
		<Unit filename="../../src/tests/test_map_location.cpp" />
		<Unit filename="../../src/tests/test_mp_connect.cpp" />
		<Unit filename="../../src/tests/test_recall_list.cpp" />
		<Unit filename="../../src/tests/test_rng.cpp" />
		<Unit filename="../../src/tests/test_serialization.cpp" />
		<Unit filename="../../src/tests/test_simple_wml.cpp" />
		<Unit filename="../../src/tests/test_team.cpp" />
		<Unit filename="../../src/tests/test_unit_map.cpp" />
		<Unit filename="../../src/tests/test_util.cpp" />
		<Unit filename="../../src/tests/test_version.cpp" />
		<Unit filename="../../src/tests/test_whiteboard_side_actions.cpp" />
		<Unit filename="../../src/tests/utils/auto_parameterized.hpp" />
		<Unit filename="../../src/tests/utils/fake_display.cpp" />
		<Unit filename="../../src/tests/utils/fake_display.hpp" />
		<Unit filename="../../src/tests/utils/game_config_manager_tests.cpp" />
		<Unit filename="../../src/tests/utils/game_config_manager_tests.hpp" />
		<Unit filename="../../src/tests/utils/wml_equivalence.cpp" />
		<Unit filename="../../src/tests/utils/wml_equivalence.hpp" />
		<Unit filename="../../src/tests/wml/test_macro_define.cpp" />
		<Unit filename="../../src/theme.cpp" />
		<Unit filename="../../src/theme.hpp" />
		<Unit filename="../../src/time_of_day.cpp" />
		<Unit filename="../../src/time_of_day.hpp" />
		<Unit filename="../../src/tooltips.cpp" />
		<Unit filename="../../src/tooltips.hpp" />
		<Unit filename="../../src/tstring.cpp" />
		<Unit filename="../../src/tstring.hpp" />
		<Unit filename="../../src/video.cpp" />
		<Unit filename="../../src/video.hpp" />
		<Unit filename="../../src/widgets/button.cpp" />
		<Unit filename="../../src/widgets/button.hpp" />
		<Unit filename="../../src/widgets/menu.cpp" />
		<Unit filename="../../src/widgets/menu.hpp" />
		<Unit filename="../../src/widgets/menu_style.cpp" />
		<Unit filename="../../src/widgets/scrollarea.cpp" />
		<Unit filename="../../src/widgets/scrollarea.hpp" />
		<Unit filename="../../src/widgets/scrollbar.cpp" />
		<Unit filename="../../src/widgets/scrollbar.hpp" />
		<Unit filename="../../src/widgets/textbox.cpp" />
		<Unit filename="../../src/widgets/textbox.hpp" />
		<Unit filename="../../src/widgets/widget.cpp" />
		<Unit filename="../../src/widgets/widget.hpp" />
		<Unit filename="../../src/wml_exception.cpp" />
		<Unit filename="../../src/wml_exception.hpp" />
		<Unit filename="../../src/wml_separators.hpp" />
		<Unit filename="../../src/xBRZ/xbrz.cpp" />
		<Unit filename="../../src/xBRZ/xbrz.hpp" />
		<Extensions>
			<code_completion />
			<debugger />
			<envvars />
		</Extensions>
	</Project>
</CodeBlocks_project_file>
