<?xml version="1.0" encoding="UTF-8" standalone="yes" ?>
<CodeBlocks_project_file>
	<FileVersion major="1" minor="6" />
	<Project>
		<Option title="Wesnoth Editor 1.5.0" />
		<Option pch_mode="2" />
		<Option compiler="gcc" />
		<Build>
			<Target title="Release">
				<Option output="..\bin\editor" prefix_auto="1" extension_auto="1" />
				<Option working_dir="..\..\wesnoth-1.5.0" />
				<Option object_output="obj\Release" />
				<Option type="0" />
				<Option compiler="gcc" />
			</Target>
			<Target title="Release i486">
				<Option output="..\bin\editor_i486" prefix_auto="1" extension_auto="1" />
				<Option working_dir="..\..\wesnoth-1.5.0" />
				<Option object_output="obj\Release" />
				<Option type="0" />
				<Option compiler="gcc" />
				<Compiler>
					<Add option="-march=i486" />
				</Compiler>
			</Target>
			<Target title="Release P2">
				<Option output="..\bin\editor_p2" prefix_auto="1" extension_auto="1" />
				<Option working_dir="..\..\wesnoth-1.5.0" />
				<Option object_output="obj\Release" />
				<Option type="0" />
				<Option compiler="gcc" />
				<Compiler>
					<Add option="-march=pentium2" />
				</Compiler>
			</Target>
			<Target title="Release P4">
				<Option output="..\bin\editor_p4" prefix_auto="1" extension_auto="1" />
				<Option working_dir="..\..\wesnoth-1.5.0" />
				<Option object_output="obj\Release" />
				<Option type="0" />
				<Option compiler="gcc" />
				<Compiler>
					<Add option="-march=pentium4" />
				</Compiler>
			</Target>
			<Target title="Release K6">
				<Option output="..\bin\editor_k6" prefix_auto="1" extension_auto="1" />
				<Option working_dir="..\..\wesnoth-1.5.0" />
				<Option object_output="obj\Release" />
				<Option type="0" />
				<Option compiler="gcc" />
				<Compiler>
					<Add option="-march=k6" />
				</Compiler>
			</Target>
			<Target title="Release Athlon">
				<Option output="..\bin\editor_athlon" prefix_auto="1" extension_auto="1" />
				<Option working_dir="..\..\wesnoth-1.5.0" />
				<Option object_output="obj\Release" />
				<Option type="0" />
				<Option compiler="gcc" />
				<Compiler>
					<Add option="-march=athlon" />
				</Compiler>
			</Target>
		</Build>
		<Compiler>
			<Add option="-O2" />
			<Add option="-W" />
			<Add option="-mthreads" />
			<Add option="-fasynchronous-unwind-tables" />
			<Add option="-fexceptions" />
			<Add option="-DHAVE_FRIBIDI" />
			<Add option="-DUSE_GZIP" />
			<Add directory="C:\Entwicklung\Wesnoth\wesnoth-1.5.0\src" />
		</Compiler>
		<Linker>
			<Add option="-s" />
			<Add option="-mthreads" />
			<Add library="mingw32" />
			<Add library="mingwthrd" />
			<Add library="winmm" />
			<Add library="win32k" />
			<Add library="kernel32" />
			<Add library="SDLmain" />
			<Add library="SDL" />
			<Add library="P:\Programme\Dev-Cpp\lib\SDL_ttf.lib" />
			<Add library="SDL_image" />
			<Add library="SDL_mixer" />
			<Add library="intl" />
			<Add library="boost_iostreams-mgw34-mt-s-1_34_1" />
			<Add library="zdll" />
			<Add library="freetype" />
			<Add library="fribidi" />
			<Add directory="P:\Programme\Dev-Cpp\lib" />
		</Linker>
		<Unit filename="..\src\animated_editor.cpp" />
		<Unit filename="..\src\astarnode.cpp" />
		<Unit filename="..\src\astarnode.hpp" />
		<Unit filename="..\src\astarsearch.cpp" />
		<Unit filename="..\src\builder.cpp" />
		<Unit filename="..\src\builder.hpp" />
		<Unit filename="..\src\cavegen.cpp" />
		<Unit filename="..\src\cavegen.hpp" />
		<Unit filename="..\src\clipboard.cpp" />
		<Unit filename="..\src\clipboard.hpp" />
		<Unit filename="..\src\color_range.cpp" />
		<Unit filename="..\src\color_range.hpp" />
		<Unit filename="..\src\config.cpp" />
		<Unit filename="..\src\config.hpp" />
		<Unit filename="..\src\construct_dialog.cpp" />
		<Unit filename="..\src\construct_dialog.hpp" />
		<Unit filename="..\src\cursor.cpp" />
		<Unit filename="..\src\cursor.hpp" />
		<Unit filename="..\src\display.cpp" />
		<Unit filename="..\src\display.hpp" />
		<Unit filename="..\src\editor\editor.cpp" />
		<Unit filename="..\src\editor\editor.hpp" />
		<Unit filename="..\src\editor\editor_dialogs.cpp" />
		<Unit filename="..\src\editor\editor_dialogs.hpp" />
		<Unit filename="..\src\editor\editor_display.cpp" />
		<Unit filename="..\src\editor\editor_layout.cpp" />
		<Unit filename="..\src\editor\editor_layout.hpp" />
		<Unit filename="..\src\editor\editor_main.cpp" />
		<Unit filename="..\src\editor\editor_palettes.cpp" />
		<Unit filename="..\src\editor\editor_palettes.hpp" />
		<Unit filename="..\src\editor\editor_undo.cpp" />
		<Unit filename="..\src\editor\editor_undo.hpp" />
		<Unit filename="..\src\editor\map_manip.cpp" />
		<Unit filename="..\src\editor\map_manip.hpp" />
		<Unit filename="..\src\events.cpp" />
		<Unit filename="..\src\events.hpp" />
		<Unit filename="..\src\file_chooser.hpp" />
		<Unit filename="..\src\filechooser.cpp" />
		<Unit filename="..\src\filesystem.cpp" />
		<Unit filename="..\src\filesystem.hpp" />
		<Unit filename="..\src\font.cpp" />
		<Unit filename="..\src\font.hpp" />
		<Unit filename="..\src\game_config.cpp" />
		<Unit filename="..\src\game_config.hpp" />
		<Unit filename="..\src\generic_event.cpp" />
		<Unit filename="..\src\generic_event.hpp" />
		<Unit filename="..\src\gettext.cpp" />
		<Unit filename="..\src\gettext.hpp" />
		<Unit filename="..\src\hotkeys.cpp" />
		<Unit filename="..\src\hotkeys.hpp" />
		<Unit filename="..\src\image.cpp" />
		<Unit filename="..\src\image.hpp" />
		<Unit filename="..\src\key.cpp" />
		<Unit filename="..\src\key.hpp" />
		<Unit filename="..\src\language.cpp" />
		<Unit filename="..\src\language.hpp" />
		<Unit filename="..\src\loadscreen.cpp" />
		<Unit filename="..\src\loadscreen.hpp" />
		<Unit filename="..\src\log.cpp" />
		<Unit filename="..\src\log.hpp" />
		<Unit filename="..\src\map.cpp" />
		<Unit filename="..\src\map.hpp" />
		<Unit filename="..\src\map_create.cpp" />
		<Unit filename="..\src\map_create.hpp" />
		<Unit filename="..\src\map_label.cpp" />
		<Unit filename="..\src\map_label.hpp" />
		<Unit filename="..\src\mapgen.cpp" />
		<Unit filename="..\src\mapgen.hpp" />
		<Unit filename="..\src\mapgen_dialog.cpp" />
		<Unit filename="..\src\mapgen_dialog.hpp" />
		<Unit filename="..\src\marked-up_text.cpp" />
		<Unit filename="..\src\marked-up_text.hpp" />
		<Unit filename="..\src\minimap.cpp" />
		<Unit filename="..\src\minimap.hpp" />
		<Unit filename="..\src\pathutils.cpp" />
		<Unit filename="..\src\pathutils.hpp" />
		<Unit filename="..\src\preferences.cpp" />
		<Unit filename="..\src\preferences.hpp" />
		<Unit filename="..\src\preferences_display.cpp" />
		<Unit filename="..\src\preferences_display.hpp" />
		<Unit filename="..\src\race.cpp" />
		<Unit filename="..\src\race.hpp" />
		<Unit filename="..\src\random.cpp" />
		<Unit filename="..\src\random.hpp" />
		<Unit filename="..\src\reports.cpp" />
		<Unit filename="..\src\reports.hpp" />
		<Unit filename="..\src\sdl_utils.cpp" />
		<Unit filename="..\src\sdl_utils.hpp" />
		<Unit filename="..\src\serialization\binary_or_text.cpp" />
		<Unit filename="..\src\serialization\binary_or_text.hpp" />
		<Unit filename="..\src\serialization\binary_wml.cpp" />
		<Unit filename="..\src\serialization\binary_wml.hpp" />
		<Unit filename="..\src\serialization\parser.cpp" />
		<Unit filename="..\src\serialization\parser.hpp" />
		<Unit filename="..\src\serialization\preprocessor.cpp" />
		<Unit filename="..\src\serialization\preprocessor.hpp" />
		<Unit filename="..\src\serialization\string_utils.cpp" />
		<Unit filename="..\src\serialization\string_utils.hpp" />
		<Unit filename="..\src\serialization\tokenizer.cpp" />
		<Unit filename="..\src\serialization\tokenizer.hpp" />
		<Unit filename="..\src\show_dialog.cpp" />
		<Unit filename="..\src\show_dialog.hpp" />
		<Unit filename="..\src\sound.cpp" />
		<Unit filename="..\src\sound.hpp" />
		<Unit filename="..\src\terrain.cpp" />
		<Unit filename="..\src\terrain.hpp" />
		<Unit filename="..\src\terrain_translation.cpp" />
		<Unit filename="..\src\terrain_translation.hpp" />
		<Unit filename="..\src\theme.cpp" />
		<Unit filename="..\src\theme.hpp" />
		<Unit filename="..\src\tooltips.cpp" />
		<Unit filename="..\src\tooltips.hpp" />
		<Unit filename="..\src\tstring.cpp" />
		<Unit filename="..\src\tstring.hpp" />
		<Unit filename="..\src\video.cpp" />
		<Unit filename="..\src\video.hpp" />
		<Unit filename="..\src\widgets\button.cpp" />
		<Unit filename="..\src\widgets\button.hpp" />
		<Unit filename="..\src\widgets\file_menu.cpp" />
		<Unit filename="..\src\widgets\file_menu.hpp" />
		<Unit filename="..\src\widgets\label.cpp" />
		<Unit filename="..\src\widgets\label.hpp" />
		<Unit filename="..\src\widgets\menu.cpp" />
		<Unit filename="..\src\widgets\menu.hpp" />
		<Unit filename="..\src\widgets\menu_style.cpp" />
		<Unit filename="..\src\widgets\scrollarea.cpp" />
		<Unit filename="..\src\widgets\scrollarea.hpp" />
		<Unit filename="..\src\widgets\scrollbar.cpp" />
		<Unit filename="..\src\widgets\scrollbar.hpp" />
		<Unit filename="..\src\widgets\slider.cpp" />
		<Unit filename="..\src\widgets\slider.hpp" />
		<Unit filename="..\src\widgets\textbox.cpp" />
		<Unit filename="..\src\widgets\textbox.hpp" />
		<Unit filename="..\src\widgets\widget.cpp" />
		<Unit filename="..\src\widgets\widget.hpp" />
		<Unit filename="..\src\wml_exception.cpp" />
		<Unit filename="..\src\wml_exception.hpp" />
		<Extensions>
			<code_completion />
			<debugger />
		</Extensions>
	</Project>
</CodeBlocks_project_file>
