<?xml version="1.0" encoding="utf-8"?>
<Project ToolsVersion="4.0" xmlns="http://schemas.microsoft.com/developer/msbuild/2003">
  <ItemGroup>
    <Filter Include="Addon">
      <UniqueIdentifier>{3f44d190-c2f6-4d26-9902-e9f9452dac22}</UniqueIdentifier>
    </Filter>
    <Filter Include="Server">
      <UniqueIdentifier>{4053cbc0-8a41-470e-aa62-45ea801ed834}</UniqueIdentifier>
    </Filter>
    <Filter Include="Server\Campaignd">
      <UniqueIdentifier>{2bc282db-c405-4e4f-8b9f-b8c35b9bc747}</UniqueIdentifier>
    </Filter>
    <Filter Include="Server\Common">
      <UniqueIdentifier>{26b90402-e305-41af-9f6a-01fdce84d1ae}</UniqueIdentifier>
    </Filter>
  </ItemGroup>
  <ItemGroup>
    <ClInclude Include="..\..\src\addon\validation.hpp">
      <Filter>Addon</Filter>
    </ClInclude>
    <ClInclude Include="..\..\src\server\campaignd\addon_utils.hpp">
      <Filter>Server\Campaignd</Filter>
    </ClInclude>
    <ClInclude Include="..\..\src\server\campaignd\blacklist.hpp">
      <Filter>Server\Campaignd</Filter>
    </ClInclude>
    <ClInclude Include="..\..\src\server\campaignd\control.hpp">
      <Filter>Server\Campaignd</Filter>
    </ClInclude>
    <ClInclude Include="..\..\src\server\campaignd\fs_commit.hpp">
      <Filter>Server\Campaignd</Filter>
    </ClInclude>
    <ClInclude Include="..\..\src\server\campaignd\server.hpp">
      <Filter>Server\Campaignd</Filter>
    </ClInclude>
    <ClInclude Include="..\..\src\server\common\server_base.hpp">
      <Filter>Server\Common</Filter>
    </ClInclude>
    <ClInclude Include="..\..\src\server\common\simple_wml.hpp">
      <Filter>Server\Common</Filter>
    </ClInclude>
    <ClInclude Include="..\..\src\hash.hpp" />
    <ClInclude Include="..\..\src\server\campaignd\auth.hpp">
      <Filter>Server\Campaignd</Filter>
    </ClInclude>
  </ItemGroup>
  <ItemGroup>
    <ClCompile Include="..\..\src\addon\validation.cpp">
      <Filter>Addon</Filter>
    </ClCompile>
    <ClCompile Include="..\..\src\server\campaignd\addon_utils.cpp">
      <Filter>Server\Campaignd</Filter>
    </ClCompile>
    <ClCompile Include="..\..\src\server\campaignd\blacklist.cpp">
      <Filter>Server\Campaignd</Filter>
    </ClCompile>
    <ClCompile Include="..\..\src\server\campaignd\fs_commit.cpp">
      <Filter>Server\Campaignd</Filter>
    </ClCompile>
    <ClCompile Include="..\..\src\server\campaignd\server.cpp">
      <Filter>Server\Campaignd</Filter>
    </ClCompile>
    <ClCompile Include="..\..\src\server\common\server_base.cpp">
      <Filter>Server\Common</Filter>
    </ClCompile>
    <ClCompile Include="..\..\src\server\common\simple_wml.cpp">
      <Filter>Server\Common</Filter>
    </ClCompile>
    <ClCompile Include="..\..\src\hash.cpp" />
    <ClCompile Include="..\..\src\server\campaignd\auth.cpp">
      <Filter>Server\Campaignd</Filter>
    </ClCompile>
  </ItemGroup>
</Project>