<?xml version="1.0" encoding="utf-8"?>
<Project ToolsVersion="4.0" xmlns="http://schemas.microsoft.com/developer/msbuild/2003">
  <ItemGroup>
    <Filter Include="Resource Files">
      <UniqueIdentifier>{9fc909e9-c189-489c-bd64-0286fe4f520c}</UniqueIdentifier>
      <Extensions>rc;ico;cur;bmp;dlg;rc2;rct;bin;rgs;gif;jpg;jpeg;jpe;resx;tiff;tif;png;wav</Extensions>
    </Filter>
    <Filter Include="Others">
      <UniqueIdentifier>{8e764f99-5e5d-4762-b5e1-c3c19a9d9d75}</UniqueIdentifier>
      <Extensions>ii;i</Extensions>
    </Filter>
    <Filter Include="Server">
      <UniqueIdentifier>{8b7cb799-913f-4247-a713-5bd88a6885d4}</UniqueIdentifier>
    </Filter>
    <Filter Include="Server\Wesnothd">
      <UniqueIdentifier>{7dc567bc-cee4-4802-9149-ce9f20ba7742}</UniqueIdentifier>
    </Filter>
    <Filter Include="Server\Common">
      <UniqueIdentifier>{6f71af2b-f2e3-484d-8bce-fea83b18a267}</UniqueIdentifier>
    </Filter>
    <Filter Include="Server\Common\Resultsets">
      <UniqueIdentifier>{5063e352-be24-4c5a-a7ec-a3b5edd943f7}</UniqueIdentifier>
    </Filter>
  </ItemGroup>
  <ItemGroup>
    <ResourceCompile Include="..\..\packaging\windows\wesnothd.rc">
      <Filter>Resource Files</Filter>
    </ResourceCompile>
  </ItemGroup>
  <ItemGroup>
    <None Include="..\..\src\filesystem_win32.ii">
      <Filter>Others</Filter>
    </None>
  </ItemGroup>
  <ItemGroup>
    <ClCompile Include="..\..\src\mt_rng.cpp" />
    <ClCompile Include="..\..\src\seed_rng.cpp" />
    <ClCompile Include="..\..\src\server\wesnothd\ban.cpp">
      <Filter>Server\Wesnothd</Filter>
    </ClCompile>
    <ClCompile Include="..\..\src\server\wesnothd\game.cpp">
      <Filter>Server\Wesnothd</Filter>
    </ClCompile>
    <ClCompile Include="..\..\src\server\wesnothd\metrics.cpp">
      <Filter>Server\Wesnothd</Filter>
    </ClCompile>
    <ClCompile Include="..\..\src\server\wesnothd\player.cpp">
      <Filter>Server\Wesnothd</Filter>
    </ClCompile>
    <ClCompile Include="..\..\src\server\wesnothd\player_connection.cpp">
      <Filter>Server\Wesnothd</Filter>
    </ClCompile>
    <ClCompile Include="..\..\src\server\wesnothd\player_network.cpp">
      <Filter>Server\Wesnothd</Filter>
    </ClCompile>
    <ClCompile Include="..\..\src\server\wesnothd\server.cpp">
      <Filter>Server\Wesnothd</Filter>
    </ClCompile>
    <ClCompile Include="..\..\src\server\common\resultsets\ban_check.cpp">
      <Filter>Server\Common\Resultsets</Filter>
    </ClCompile>
    <ClCompile Include="..\..\src\server\common\resultsets\tournaments.cpp">
      <Filter>Server\Common\Resultsets</Filter>
    </ClCompile>
    <ClCompile Include="..\..\src\server\common\dbconn.cpp">
      <Filter>Server\Common</Filter>
    </ClCompile>
    <ClCompile Include="..\..\src\server\common\forum_user_handler.cpp">
      <Filter>Server\Common</Filter>
    </ClCompile>
    <ClCompile Include="..\..\src\server\common\server_base.cpp">
      <Filter>Server\Common</Filter>
    </ClCompile>
    <ClCompile Include="..\..\src\server\common\simple_wml.cpp">
      <Filter>Server\Common</Filter>
    </ClCompile>
    <ClCompile Include="..\..\src\server\common\user_handler.cpp">
      <Filter>Server\Common</Filter>
    </ClCompile>
  </ItemGroup>
  <ItemGroup>
    <ClInclude Include="..\..\src\mt_rng.hpp" />
    <ClInclude Include="..\..\src\seed_rng.hpp" />
    <ClInclude Include="..\..\src\server\wesnothd\ban.hpp">
      <Filter>Server\Wesnothd</Filter>
    </ClInclude>
    <ClInclude Include="..\..\src\server\wesnothd\game.hpp">
      <Filter>Server\Wesnothd</Filter>
    </ClInclude>
    <ClInclude Include="..\..\src\server\wesnothd\metrics.hpp">
      <Filter>Server\Wesnothd</Filter>
    </ClInclude>
    <ClInclude Include="..\..\src\server\wesnothd\player.hpp">
      <Filter>Server\Wesnothd</Filter>
    </ClInclude>
    <ClInclude Include="..\..\src\server\wesnothd\player_connection.hpp">
      <Filter>Server\Wesnothd</Filter>
    </ClInclude>
    <ClInclude Include="..\..\src\server\wesnothd\player_network.hpp">
      <Filter>Server\Wesnothd</Filter>
    </ClInclude>
    <ClInclude Include="..\..\src\server\wesnothd\server.hpp">
      <Filter>Server\Wesnothd</Filter>
    </ClInclude>
    <ClInclude Include="..\..\src\server\common\resultsets\ban_check.hpp">
      <Filter>Server\Common\Resultsets</Filter>
    </ClInclude>
    <ClInclude Include="..\..\src\server\common\resultsets\rs_base.hpp">
      <Filter>Server\Common\Resultsets</Filter>
    </ClInclude>
    <ClInclude Include="..\..\src\server\common\resultsets\tournaments.hpp">
      <Filter>Server\Common\Resultsets</Filter>
    </ClInclude>
    <ClInclude Include="..\..\src\server\common\dbconn.hpp">
      <Filter>Server\Common</Filter>
    </ClInclude>
    <ClInclude Include="..\..\src\server\common\forum_user_handler.hpp">
      <Filter>Server\Common</Filter>
    </ClInclude>
    <ClInclude Include="..\..\src\server\common\send_receive_wml_helpers.ipp">
      <Filter>Server\Common</Filter>
    </ClInclude>
    <ClInclude Include="..\..\src\server\common\server_base.hpp">
      <Filter>Server\Common</Filter>
    </ClInclude>
    <ClInclude Include="..\..\src\server\common\simple_wml.hpp">
      <Filter>Server\Common</Filter>
    </ClInclude>
    <ClInclude Include="..\..\src\server\common\user_handler.hpp">
      <Filter>Server\Common</Filter>
    </ClInclude>
  </ItemGroup>
</Project>