<?xml version="1.0" encoding="utf-8"?>
<Project ToolsVersion="4.0" xmlns="http://schemas.microsoft.com/developer/msbuild/2003">
  <ItemGroup>
    <Filter Include="Resource Files">
      <UniqueIdentifier>{67DA6AB6-F800-4c08-8B7A-83BB121AAD01}</UniqueIdentifier>
      <Extensions>rc;ico;cur;bmp;dlg;rc2;rct;bin;rgs;gif;jpg;jpeg;jpe;resx;tiff;tif;png;wav</Extensions>
    </Filter>
    <Filter Include="Others">
      <UniqueIdentifier>{2b516673-db28-41a8-a3a2-89a06344ca38}</UniqueIdentifier>
    </Filter>
    <Filter Include="Addon">
      <UniqueIdentifier>{0583dfe7-531c-4483-a440-e859602f7f28}</UniqueIdentifier>
    </Filter>
    <Filter Include="AI">
      <UniqueIdentifier>{b6d57d03-26ba-4fb3-9868-c4541dedc0ea}</UniqueIdentifier>
    </Filter>
    <Filter Include="AI\composite">
      <UniqueIdentifier>{94f974c8-8585-4e78-bc88-24e8ba7695f9}</UniqueIdentifier>
    </Filter>
    <Filter Include="AI\default">
      <UniqueIdentifier>{3ca4af77-27c2-4f87-aa95-3c5affa248ba}</UniqueIdentifier>
    </Filter>
    <Filter Include="AI\dfool">
      <UniqueIdentifier>{c1af760c-255c-4d43-91ce-cecd8e059833}</UniqueIdentifier>
    </Filter>
    <Filter Include="AI\testing">
      <UniqueIdentifier>{0bf0d7a2-2833-460c-aa87-e52727860ba1}</UniqueIdentifier>
    </Filter>
    <Filter Include="AI\formula">
      <UniqueIdentifier>{320ecc53-d830-4eba-b95a-311868e6fcfa}</UniqueIdentifier>
    </Filter>
    <Filter Include="AI\lua">
      <UniqueIdentifier>{34935fd9-c996-4303-a61b-8546bb4774f2}</UniqueIdentifier>
    </Filter>
    <Filter Include="AI\Editor">
      <UniqueIdentifier>{4c9a5ba4-26f3-4678-acb5-dd0f361e99e8}</UniqueIdentifier>
    </Filter>
    <Filter Include="Gui">
      <UniqueIdentifier>{89c9268d-beba-4e5b-9829-e8510ef5384e}</UniqueIdentifier>
    </Filter>
    <Filter Include="Gui\Widgets">
      <UniqueIdentifier>{0d4f6f5f-752b-4223-8b0f-68280f52ad5d}</UniqueIdentifier>
    </Filter>
    <Filter Include="Gui\Dialogs">
      <UniqueIdentifier>{245576f3-dd4d-4716-9f05-6e223b020c69}</UniqueIdentifier>
    </Filter>
    <Filter Include="Gui\Dialogs\Lobby">
      <UniqueIdentifier>{c8a73ad4-9fdb-4a2c-9e64-03cc7d770294}</UniqueIdentifier>
    </Filter>
    <Filter Include="Gui\Dialogs\Addon">
      <UniqueIdentifier>{8e9da95b-f6b0-47be-a6c7-3e631214c1e1}</UniqueIdentifier>
    </Filter>
    <Filter Include="Gui\Auxiliary">
      <UniqueIdentifier>{15b74a39-2547-4bf7-9317-4e3659c0e7f7}</UniqueIdentifier>
    </Filter>
    <Filter Include="Gui\Auxiliary\Window_Builder">
      <UniqueIdentifier>{7ff88fb0-bfd5-45f2-8c71-356d14da34a9}</UniqueIdentifier>
    </Filter>
    <Filter Include="Gui\Auxiliary\Event">
      <UniqueIdentifier>{5d5ed405-cbf7-4ac8-a594-5a9d47af189a}</UniqueIdentifier>
    </Filter>
    <Filter Include="Gui\Auxiliary\Widget_Definition">
      <UniqueIdentifier>{d93c6551-5a68-4695-a329-46b0f102202a}</UniqueIdentifier>
    </Filter>
    <Filter Include="Gui\Auxiliary\Iterator">
      <UniqueIdentifier>{5e7da700-0aaa-4742-b696-57fafeb5b653}</UniqueIdentifier>
    </Filter>
    <Filter Include="Pathfind">
      <UniqueIdentifier>{05e2fd3d-9ccb-4d99-9de8-94792dfa1283}</UniqueIdentifier>
    </Filter>
    <Filter Include="Scripting">
      <UniqueIdentifier>{63d22c50-1843-480e-b69e-96e4cc7be8e7}</UniqueIdentifier>
    </Filter>
    <Filter Include="Storyscreen">
      <UniqueIdentifier>{a9230592-6152-4541-98f4-a0acdb32f95d}</UniqueIdentifier>
    </Filter>
    <Filter Include="Whiteboard">
      <UniqueIdentifier>{e86f750d-6466-4226-a737-8ed73eee5bc8}</UniqueIdentifier>
    </Filter>
    <Filter Include="tools">
      <UniqueIdentifier>{ebf53609-f1d2-4592-9713-082ebdd65dd9}</UniqueIdentifier>
    </Filter>
    <Filter Include="tools\schema">
      <UniqueIdentifier>{24fa9dff-1e37-435e-9c30-50571ff65b5e}</UniqueIdentifier>
    </Filter>
  </ItemGroup>
  <ItemGroup>
    <ResourceCompile Include="..\..\packaging\windows\wesnoth.rc">
      <Filter>Resource Files</Filter>
    </ResourceCompile>
  </ItemGroup>
  <ItemGroup>
    <None Include="..\..\src\animated.i">
      <Filter>Others</Filter>
    </None>
    <None Include="..\..\src\filesystem_win32.ii">
      <Filter>Others</Filter>
    </None>
    <None Include="..\..\src\language_win32.ii">
      <Filter>Others</Filter>
    </None>
  </ItemGroup>
  <ItemGroup>
    <ClCompile Include="..\..\src\addon\manager.cpp">
      <Filter>Addon</Filter>
    </ClCompile>
    <ClCompile Include="..\..\src\addon\validation.cpp">
      <Filter>Addon</Filter>
    </ClCompile>
    <ClCompile Include="..\..\src\ai\actions.cpp">
      <Filter>AI</Filter>
    </ClCompile>
    <ClCompile Include="..\..\src\ai\configuration.cpp">
      <Filter>AI</Filter>
    </ClCompile>
    <ClCompile Include="..\..\src\ai\contexts.cpp">
      <Filter>AI</Filter>
    </ClCompile>
    <ClCompile Include="..\..\src\ai\game_info.cpp">
      <Filter>AI</Filter>
    </ClCompile>
    <ClCompile Include="..\..\src\ai\gamestate_observer.cpp">
      <Filter>AI</Filter>
    </ClCompile>
    <ClCompile Include="..\..\src\ai\interface.cpp">
      <Filter>AI</Filter>
    </ClCompile>
    <ClCompile Include="..\..\src\ai\manager.cpp">
      <Filter>AI</Filter>
    </ClCompile>
    <ClCompile Include="..\..\src\ai\registry.cpp">
      <Filter>AI</Filter>
    </ClCompile>
    <ClCompile Include="..\..\src\ai\testing.cpp">
      <Filter>AI</Filter>
    </ClCompile>
    <ClCompile Include="..\..\src\ai\composite\ai.cpp">
      <Filter>AI\composite</Filter>
    </ClCompile>
    <ClCompile Include="..\..\src\ai\composite\aspect.cpp">
      <Filter>AI\composite</Filter>
    </ClCompile>
    <ClCompile Include="..\..\src\ai\composite\component.cpp">
      <Filter>AI\composite</Filter>
    </ClCompile>
    <ClCompile Include="..\..\src\ai\composite\contexts.cpp">
      <Filter>AI\composite</Filter>
    </ClCompile>
    <ClCompile Include="..\..\src\ai\composite\engine.cpp">
      <Filter>AI\composite</Filter>
    </ClCompile>
    <ClCompile Include="..\..\src\ai\composite\engine_default.cpp">
      <Filter>AI\composite</Filter>
    </ClCompile>
    <ClCompile Include="..\..\src\ai\composite\engine_fai.cpp">
      <Filter>AI\composite</Filter>
    </ClCompile>
    <ClCompile Include="..\..\src\ai\composite\engine_lua.cpp">
      <Filter>AI\composite</Filter>
    </ClCompile>
    <ClCompile Include="..\..\src\ai\composite\goal.cpp">
      <Filter>AI\composite</Filter>
    </ClCompile>
    <ClCompile Include="..\..\src\ai\composite\rca.cpp">
      <Filter>AI\composite</Filter>
    </ClCompile>
    <ClCompile Include="..\..\src\ai\composite\stage.cpp">
      <Filter>AI\composite</Filter>
    </ClCompile>
    <ClCompile Include="..\..\src\ai\default\ai.cpp">
      <Filter>AI\default</Filter>
    </ClCompile>
    <ClCompile Include="..\..\src\ai\default\attack.cpp">
      <Filter>AI\default</Filter>
    </ClCompile>
    <ClCompile Include="..\..\src\ai\default\contexts.cpp">
      <Filter>AI\default</Filter>
    </ClCompile>
    <ClCompile Include="..\..\src\ai\testing\aspect_attacks.cpp">
      <Filter>AI\testing</Filter>
    </ClCompile>
    <ClCompile Include="..\..\src\ai\testing\ca.cpp">
      <Filter>AI\testing</Filter>
    </ClCompile>
    <ClCompile Include="..\..\src\ai\testing\ca_global_fallback.cpp">
      <Filter>AI\testing</Filter>
    </ClCompile>
    <ClCompile Include="..\..\src\ai\testing\ca_testing_move_to_targets.cpp">
      <Filter>AI\testing</Filter>
    </ClCompile>
    <ClCompile Include="..\..\src\ai\testing\ca_testing_recruitment.cpp">
      <Filter>AI\testing</Filter>
    </ClCompile>
    <ClCompile Include="..\..\src\ai\testing\stage_fallback.cpp">
      <Filter>AI\testing</Filter>
    </ClCompile>
    <ClCompile Include="..\..\src\ai\testing\stage_rca.cpp">
      <Filter>AI\testing</Filter>
    </ClCompile>
    <ClCompile Include="..\..\src\ai\formula\ai.cpp">
      <Filter>AI\formula</Filter>
    </ClCompile>
    <ClCompile Include="..\..\src\ai\formula\callable_objects.cpp">
      <Filter>AI\formula</Filter>
    </ClCompile>
    <ClCompile Include="..\..\src\ai\formula\candidates.cpp">
      <Filter>AI\formula</Filter>
    </ClCompile>
    <ClCompile Include="..\..\src\ai\formula\function_table.cpp">
      <Filter>AI\formula</Filter>
    </ClCompile>
    <ClCompile Include="..\..\src\ai\formula\stage_side_formulas.cpp">
      <Filter>AI\formula</Filter>
    </ClCompile>
    <ClCompile Include="..\..\src\ai\formula\stage_unit_formulas.cpp">
      <Filter>AI\formula</Filter>
    </ClCompile>
    <ClCompile Include="..\..\src\ai\lua\core.cpp">
      <Filter>AI\lua</Filter>
    </ClCompile>
    <ClCompile Include="..\..\src\ai\lua\lua_object.cpp">
      <Filter>AI\lua</Filter>
    </ClCompile>
    <ClCompile Include="..\..\src\editor\action.cpp">
      <Filter>AI\Editor</Filter>
    </ClCompile>
    <ClCompile Include="..\..\src\editor\brush.cpp">
      <Filter>AI\Editor</Filter>
    </ClCompile>
    <ClCompile Include="..\..\src\editor\editor_controller.cpp">
      <Filter>AI\Editor</Filter>
    </ClCompile>
    <ClCompile Include="..\..\src\editor\editor_display.cpp">
      <Filter>AI\Editor</Filter>
    </ClCompile>
    <ClCompile Include="..\..\src\editor\editor_layout.cpp">
      <Filter>AI\Editor</Filter>
    </ClCompile>
    <ClCompile Include="..\..\src\editor\editor_main.cpp">
      <Filter>AI\Editor</Filter>
    </ClCompile>
    <ClCompile Include="..\..\src\editor\editor_map.cpp">
      <Filter>AI\Editor</Filter>
    </ClCompile>
    <ClCompile Include="..\..\src\editor\editor_palettes.cpp">
      <Filter>AI\Editor</Filter>
    </ClCompile>
    <ClCompile Include="..\..\src\editor\editor_preferences.cpp">
      <Filter>AI\Editor</Filter>
    </ClCompile>
    <ClCompile Include="..\..\src\editor\map_context.cpp">
      <Filter>AI\Editor</Filter>
    </ClCompile>
    <ClCompile Include="..\..\src\editor\map_fragment.cpp">
      <Filter>AI\Editor</Filter>
    </ClCompile>
    <ClCompile Include="..\..\src\editor\mouse_action.cpp">
      <Filter>AI\Editor</Filter>
    </ClCompile>
    <ClCompile Include="..\..\src\gui\widgets\button.cpp">
      <Filter>Gui\Widgets</Filter>
    </ClCompile>
    <ClCompile Include="..\..\src\gui\widgets\container.cpp">
      <Filter>Gui\Widgets</Filter>
    </ClCompile>
    <ClCompile Include="..\..\src\gui\widgets\control.cpp">
      <Filter>Gui\Widgets</Filter>
    </ClCompile>
    <ClCompile Include="..\..\src\gui\widgets\debug.cpp">
      <Filter>Gui\Widgets</Filter>
    </ClCompile>
    <ClCompile Include="..\..\src\gui\widgets\drawing.cpp">
      <Filter>Gui\Widgets</Filter>
    </ClCompile>
    <ClCompile Include="..\..\src\gui\widgets\generator.cpp">
      <Filter>Gui\Widgets</Filter>
    </ClCompile>
    <ClCompile Include="..\..\src\gui\widgets\grid.cpp">
      <Filter>Gui\Widgets</Filter>
    </ClCompile>
    <ClCompile Include="..\..\src\gui\widgets\helper.cpp">
      <Filter>Gui\Widgets</Filter>
    </ClCompile>
    <ClCompile Include="..\..\src\gui\widgets\horizontal_scrollbar.cpp">
      <Filter>Gui\Widgets</Filter>
    </ClCompile>
    <ClCompile Include="..\..\src\gui\widgets\image.cpp">
      <Filter>Gui\Widgets</Filter>
    </ClCompile>
    <ClCompile Include="..\..\src\gui\widgets\label.cpp">
      <Filter>Gui\Widgets</Filter>
    </ClCompile>
    <ClCompile Include="..\..\src\gui\widgets\list.cpp">
      <Filter>Gui\Widgets</Filter>
    </ClCompile>
    <ClCompile Include="..\..\src\gui\widgets\listbox.cpp">
      <Filter>Gui\Widgets</Filter>
    </ClCompile>
    <ClCompile Include="..\..\src\gui\widgets\minimap.cpp">
      <Filter>Gui\Widgets</Filter>
    </ClCompile>
    <ClCompile Include="..\..\src\gui\widgets\multi_page.cpp">
      <Filter>Gui\Widgets</Filter>
    </ClCompile>
    <ClCompile Include="..\..\src\gui\widgets\panel.cpp">
      <Filter>Gui\Widgets</Filter>
    </ClCompile>
    <ClCompile Include="..\..\src\gui\widgets\password_box.cpp">
      <Filter>Gui\Widgets</Filter>
    </ClCompile>
    <ClCompile Include="..\..\src\gui\widgets\progress_bar.cpp">
      <Filter>Gui\Widgets</Filter>
    </ClCompile>
    <ClCompile Include="..\..\src\gui\widgets\repeating_button.cpp">
      <Filter>Gui\Widgets</Filter>
    </ClCompile>
    <ClCompile Include="..\..\src\gui\widgets\scroll_label.cpp">
      <Filter>Gui\Widgets</Filter>
    </ClCompile>
    <ClCompile Include="..\..\src\gui\widgets\scrollbar.cpp">
      <Filter>Gui\Widgets</Filter>
    </ClCompile>
    <ClCompile Include="..\..\src\gui\widgets\scrollbar_container.cpp">
      <Filter>Gui\Widgets</Filter>
    </ClCompile>
    <ClCompile Include="..\..\src\gui\widgets\scrollbar_panel.cpp">
      <Filter>Gui\Widgets</Filter>
    </ClCompile>
    <ClCompile Include="..\..\src\gui\widgets\settings.cpp">
      <Filter>Gui\Widgets</Filter>
    </ClCompile>
    <ClCompile Include="..\..\src\gui\widgets\slider.cpp">
      <Filter>Gui\Widgets</Filter>
    </ClCompile>
    <ClCompile Include="..\..\src\gui\widgets\spacer.cpp">
      <Filter>Gui\Widgets</Filter>
    </ClCompile>
    <ClCompile Include="..\..\src\gui\widgets\stacked_widget.cpp">
      <Filter>Gui\Widgets</Filter>
    </ClCompile>
    <ClCompile Include="..\..\src\gui\widgets\text.cpp">
      <Filter>Gui\Widgets</Filter>
    </ClCompile>
    <ClCompile Include="..\..\src\gui\widgets\text_box.cpp">
      <Filter>Gui\Widgets</Filter>
    </ClCompile>
    <ClCompile Include="..\..\src\gui\widgets\toggle_button.cpp">
      <Filter>Gui\Widgets</Filter>
    </ClCompile>
    <ClCompile Include="..\..\src\gui\widgets\toggle_panel.cpp">
      <Filter>Gui\Widgets</Filter>
    </ClCompile>
    <ClCompile Include="..\..\src\gui\widgets\tree_view.cpp">
      <Filter>Gui\Widgets</Filter>
    </ClCompile>
    <ClCompile Include="..\..\src\gui\widgets\tree_view_node.cpp">
      <Filter>Gui\Widgets</Filter>
    </ClCompile>
    <ClCompile Include="..\..\src\gui\widgets\vertical_scrollbar.cpp">
      <Filter>Gui\Widgets</Filter>
    </ClCompile>
    <ClCompile Include="..\..\src\gui\widgets\widget.cpp">
      <Filter>Gui\Widgets</Filter>
    </ClCompile>
    <ClCompile Include="..\..\src\gui\widgets\window.cpp">
      <Filter>Gui\Widgets</Filter>
    </ClCompile>
    <ClCompile Include="..\..\src\gui\dialogs\addon_connect.cpp">
      <Filter>Gui\Dialogs</Filter>
    </ClCompile>
    <ClCompile Include="..\..\src\gui\dialogs\addon_list.cpp">
      <Filter>Gui\Dialogs</Filter>
    </ClCompile>
    <ClCompile Include="..\..\src\gui\dialogs\campaign_difficulty.cpp">
      <Filter>Gui\Dialogs</Filter>
    </ClCompile>
    <ClCompile Include="..\..\src\gui\dialogs\campaign_selection.cpp">
      <Filter>Gui\Dialogs</Filter>
    </ClCompile>
    <ClCompile Include="..\..\src\gui\dialogs\data_manage.cpp">
      <Filter>Gui\Dialogs</Filter>
    </ClCompile>
    <ClCompile Include="..\..\src\gui\dialogs\debug_clock.cpp">
      <Filter>Gui\Dialogs</Filter>
    </ClCompile>
    <ClCompile Include="..\..\src\gui\dialogs\dialog.cpp">
      <Filter>Gui\Dialogs</Filter>
    </ClCompile>
    <ClCompile Include="..\..\src\gui\dialogs\edit_label.cpp">
      <Filter>Gui\Dialogs</Filter>
    </ClCompile>
    <ClCompile Include="..\..\src\gui\dialogs\editor_generate_map.cpp">
      <Filter>Gui\Dialogs</Filter>
    </ClCompile>
    <ClCompile Include="..\..\src\gui\dialogs\editor_new_map.cpp">
      <Filter>Gui\Dialogs</Filter>
    </ClCompile>
    <ClCompile Include="..\..\src\gui\dialogs\editor_resize_map.cpp">
      <Filter>Gui\Dialogs</Filter>
    </ClCompile>
    <ClCompile Include="..\..\src\gui\dialogs\editor_settings.cpp">
      <Filter>Gui\Dialogs</Filter>
    </ClCompile>
    <ClCompile Include="..\..\src\gui\dialogs\formula_debugger.cpp">
      <Filter>Gui\Dialogs</Filter>
    </ClCompile>
    <ClCompile Include="..\..\src\gui\dialogs\game_delete.cpp">
      <Filter>Gui\Dialogs</Filter>
    </ClCompile>
    <ClCompile Include="..\..\src\gui\dialogs\game_load.cpp">
      <Filter>Gui\Dialogs</Filter>
    </ClCompile>
    <ClCompile Include="..\..\src\gui\dialogs\game_save.cpp">
      <Filter>Gui\Dialogs</Filter>
    </ClCompile>
    <ClCompile Include="..\..\src\gui\dialogs\gamestate_inspector.cpp">
      <Filter>Gui\Dialogs</Filter>
    </ClCompile>
    <ClCompile Include="..\..\src\gui\dialogs\language_selection.cpp">
      <Filter>Gui\Dialogs</Filter>
    </ClCompile>
    <ClCompile Include="..\..\src\gui\dialogs\lobby_main.cpp">
      <Filter>Gui\Dialogs</Filter>
    </ClCompile>
    <ClCompile Include="..\..\src\gui\dialogs\lobby_player_info.cpp">
      <Filter>Gui\Dialogs</Filter>
    </ClCompile>
    <ClCompile Include="..\..\src\gui\dialogs\message.cpp">
      <Filter>Gui\Dialogs</Filter>
    </ClCompile>
    <ClCompile Include="..\..\src\gui\dialogs\mp_change_control.cpp">
      <Filter>Gui\Dialogs</Filter>
    </ClCompile>
    <ClCompile Include="..\..\src\gui\dialogs\mp_cmd_wrapper.cpp">
      <Filter>Gui\Dialogs</Filter>
    </ClCompile>
    <ClCompile Include="..\..\src\gui\dialogs\mp_connect.cpp">
      <Filter>Gui\Dialogs</Filter>
    </ClCompile>
    <ClCompile Include="..\..\src\gui\dialogs\mp_create_game.cpp">
      <Filter>Gui\Dialogs</Filter>
    </ClCompile>
    <ClCompile Include="..\..\src\gui\dialogs\mp_create_game_set_password.cpp">
      <Filter>Gui\Dialogs</Filter>
    </ClCompile>
    <ClCompile Include="..\..\src\gui\dialogs\mp_login.cpp">
      <Filter>Gui\Dialogs</Filter>
    </ClCompile>
    <ClCompile Include="..\..\src\gui\dialogs\mp_method_selection.cpp">
      <Filter>Gui\Dialogs</Filter>
    </ClCompile>
    <ClCompile Include="..\..\src\gui\dialogs\network_transmission.cpp">
      <Filter>Gui\Dialogs</Filter>
    </ClCompile>
    <ClCompile Include="..\..\src\gui\dialogs\popup.cpp">
      <Filter>Gui\Dialogs</Filter>
    </ClCompile>
    <ClCompile Include="..\..\src\gui\dialogs\simple_item_selector.cpp">
      <Filter>Gui\Dialogs</Filter>
    </ClCompile>
    <ClCompile Include="..\..\src\gui\dialogs\tip.cpp">
      <Filter>Gui\Dialogs</Filter>
    </ClCompile>
    <ClCompile Include="..\..\src\gui\dialogs\title_screen.cpp">
      <Filter>Gui\Dialogs</Filter>
    </ClCompile>
    <ClCompile Include="..\..\src\gui\dialogs\transient_message.cpp">
      <Filter>Gui\Dialogs</Filter>
    </ClCompile>
    <ClCompile Include="..\..\src\gui\dialogs\unit_attack.cpp">
      <Filter>Gui\Dialogs</Filter>
    </ClCompile>
    <ClCompile Include="..\..\src\gui\dialogs\unit_create.cpp">
      <Filter>Gui\Dialogs</Filter>
    </ClCompile>
    <ClCompile Include="..\..\src\gui\dialogs\wml_message.cpp">
      <Filter>Gui\Dialogs</Filter>
    </ClCompile>
    <ClCompile Include="..\..\src\gui\dialogs\lobby\lobby_data.cpp">
      <Filter>Gui\Dialogs\Lobby</Filter>
    </ClCompile>
    <ClCompile Include="..\..\src\gui\dialogs\lobby\lobby_info.cpp">
      <Filter>Gui\Dialogs\Lobby</Filter>
    </ClCompile>
    <ClCompile Include="..\..\src\gui\dialogs\addon\description.cpp">
      <Filter>Gui\Dialogs\Addon</Filter>
    </ClCompile>
    <ClCompile Include="..\..\src\gui\auxiliary\canvas.cpp">
      <Filter>Gui\Auxiliary</Filter>
    </ClCompile>
    <ClCompile Include="..\..\src\gui\auxiliary\log.cpp">
      <Filter>Gui\Auxiliary</Filter>
    </ClCompile>
    <ClCompile Include="..\..\src\gui\auxiliary\old_markup.cpp">
      <Filter>Gui\Auxiliary</Filter>
    </ClCompile>
    <ClCompile Include="..\..\src\gui\auxiliary\timer.cpp">
      <Filter>Gui\Auxiliary</Filter>
    </ClCompile>
    <ClCompile Include="..\..\src\gui\auxiliary\tips.cpp">
      <Filter>Gui\Auxiliary</Filter>
    </ClCompile>
    <ClCompile Include="..\..\src\gui\auxiliary\widget_definition.cpp">
      <Filter>Gui\Auxiliary</Filter>
    </ClCompile>
    <ClCompile Include="..\..\src\gui\auxiliary\window_builder.cpp">
      <Filter>Gui\Auxiliary</Filter>
    </ClCompile>
    <ClCompile Include="..\..\src\gui\auxiliary\window_builder\button.cpp">
      <Filter>Gui\Auxiliary\Window_Builder</Filter>
    </ClCompile>
    <ClCompile Include="..\..\src\gui\auxiliary\window_builder\control.cpp">
      <Filter>Gui\Auxiliary\Window_Builder</Filter>
    </ClCompile>
    <ClCompile Include="..\..\src\gui\auxiliary\window_builder\drawing.cpp">
      <Filter>Gui\Auxiliary\Window_Builder</Filter>
    </ClCompile>
    <ClCompile Include="..\..\src\gui\auxiliary\window_builder\helper.cpp">
      <Filter>Gui\Auxiliary\Window_Builder</Filter>
    </ClCompile>
    <ClCompile Include="..\..\src\gui\auxiliary\window_builder\horizontal_listbox.cpp">
      <Filter>Gui\Auxiliary\Window_Builder</Filter>
    </ClCompile>
    <ClCompile Include="..\..\src\gui\auxiliary\window_builder\horizontal_scrollbar.cpp">
      <Filter>Gui\Auxiliary\Window_Builder</Filter>
    </ClCompile>
    <ClCompile Include="..\..\src\gui\auxiliary\window_builder\image.cpp">
      <Filter>Gui\Auxiliary\Window_Builder</Filter>
    </ClCompile>
    <ClCompile Include="..\..\src\gui\auxiliary\window_builder\label.cpp">
      <Filter>Gui\Auxiliary\Window_Builder</Filter>
    </ClCompile>
    <ClCompile Include="..\..\src\gui\auxiliary\window_builder\listbox.cpp">
      <Filter>Gui\Auxiliary\Window_Builder</Filter>
    </ClCompile>
    <ClCompile Include="..\..\src\gui\auxiliary\window_builder\minimap.cpp">
      <Filter>Gui\Auxiliary\Window_Builder</Filter>
    </ClCompile>
    <ClCompile Include="..\..\src\gui\auxiliary\window_builder\multi_page.cpp">
      <Filter>Gui\Auxiliary\Window_Builder</Filter>
    </ClCompile>
    <ClCompile Include="..\..\src\gui\auxiliary\window_builder\panel.cpp">
      <Filter>Gui\Auxiliary\Window_Builder</Filter>
    </ClCompile>
    <ClCompile Include="..\..\src\gui\auxiliary\window_builder\password_box.cpp">
      <Filter>Gui\Auxiliary\Window_Builder</Filter>
    </ClCompile>
    <ClCompile Include="..\..\src\gui\auxiliary\window_builder\progress_bar.cpp">
      <Filter>Gui\Auxiliary\Window_Builder</Filter>
    </ClCompile>
    <ClCompile Include="..\..\src\gui\auxiliary\window_builder\repeating_button.cpp">
      <Filter>Gui\Auxiliary\Window_Builder</Filter>
    </ClCompile>
    <ClCompile Include="..\..\src\gui\auxiliary\window_builder\scroll_label.cpp">
      <Filter>Gui\Auxiliary\Window_Builder</Filter>
    </ClCompile>
    <ClCompile Include="..\..\src\gui\auxiliary\window_builder\scrollbar_panel.cpp">
      <Filter>Gui\Auxiliary\Window_Builder</Filter>
    </ClCompile>
    <ClCompile Include="..\..\src\gui\auxiliary\window_builder\slider.cpp">
      <Filter>Gui\Auxiliary\Window_Builder</Filter>
    </ClCompile>
    <ClCompile Include="..\..\src\gui\auxiliary\window_builder\spacer.cpp">
      <Filter>Gui\Auxiliary\Window_Builder</Filter>
    </ClCompile>
    <ClCompile Include="..\..\src\gui\auxiliary\window_builder\stacked_widget.cpp">
      <Filter>Gui\Auxiliary\Window_Builder</Filter>
    </ClCompile>
    <ClCompile Include="..\..\src\gui\auxiliary\window_builder\text_box.cpp">
      <Filter>Gui\Auxiliary\Window_Builder</Filter>
    </ClCompile>
    <ClCompile Include="..\..\src\gui\auxiliary\window_builder\toggle_button.cpp">
      <Filter>Gui\Auxiliary\Window_Builder</Filter>
    </ClCompile>
    <ClCompile Include="..\..\src\gui\auxiliary\window_builder\toggle_panel.cpp">
      <Filter>Gui\Auxiliary\Window_Builder</Filter>
    </ClCompile>
    <ClCompile Include="..\..\src\gui\auxiliary\window_builder\tree_view.cpp">
      <Filter>Gui\Auxiliary\Window_Builder</Filter>
    </ClCompile>
    <ClCompile Include="..\..\src\gui\auxiliary\window_builder\vertical_scrollbar.cpp">
      <Filter>Gui\Auxiliary\Window_Builder</Filter>
    </ClCompile>
    <ClCompile Include="..\..\src\gui\auxiliary\event\dispatcher.cpp">
      <Filter>Gui\Auxiliary\Event</Filter>
    </ClCompile>
    <ClCompile Include="..\..\src\gui\auxiliary\event\distributor.cpp">
      <Filter>Gui\Auxiliary\Event</Filter>
    </ClCompile>
    <ClCompile Include="..\..\src\gui\auxiliary\event\handler.cpp">
      <Filter>Gui\Auxiliary\Event</Filter>
    </ClCompile>
    <ClCompile Include="..\..\src\gui\auxiliary\widget_definition\button.cpp">
      <Filter>Gui\Auxiliary\Widget_Definition</Filter>
    </ClCompile>
    <ClCompile Include="..\..\src\gui\auxiliary\widget_definition\drawing.cpp">
      <Filter>Gui\Auxiliary\Widget_Definition</Filter>
    </ClCompile>
    <ClCompile Include="..\..\src\gui\auxiliary\widget_definition\horizontal_scrollbar.cpp">
      <Filter>Gui\Auxiliary\Widget_Definition</Filter>
    </ClCompile>
    <ClCompile Include="..\..\src\gui\auxiliary\widget_definition\image.cpp">
      <Filter>Gui\Auxiliary\Widget_Definition</Filter>
    </ClCompile>
    <ClCompile Include="..\..\src\gui\auxiliary\widget_definition\label.cpp">
      <Filter>Gui\Auxiliary\Widget_Definition</Filter>
    </ClCompile>
    <ClCompile Include="..\..\src\gui\auxiliary\widget_definition\listbox.cpp">
      <Filter>Gui\Auxiliary\Widget_Definition</Filter>
    </ClCompile>
    <ClCompile Include="..\..\src\gui\auxiliary\widget_definition\minimap.cpp">
      <Filter>Gui\Auxiliary\Widget_Definition</Filter>
    </ClCompile>
    <ClCompile Include="..\..\src\gui\auxiliary\widget_definition\multi_page.cpp">
      <Filter>Gui\Auxiliary\Widget_Definition</Filter>
    </ClCompile>
    <ClCompile Include="..\..\src\gui\auxiliary\widget_definition\panel.cpp">
      <Filter>Gui\Auxiliary\Widget_Definition</Filter>
    </ClCompile>
    <ClCompile Include="..\..\src\gui\auxiliary\widget_definition\progress_bar.cpp">
      <Filter>Gui\Auxiliary\Widget_Definition</Filter>
    </ClCompile>
    <ClCompile Include="..\..\src\gui\auxiliary\widget_definition\repeating_button.cpp">
      <Filter>Gui\Auxiliary\Widget_Definition</Filter>
    </ClCompile>
    <ClCompile Include="..\..\src\gui\auxiliary\widget_definition\scroll_label.cpp">
      <Filter>Gui\Auxiliary\Widget_Definition</Filter>
    </ClCompile>
    <ClCompile Include="..\..\src\gui\auxiliary\widget_definition\scrollbar_panel.cpp">
      <Filter>Gui\Auxiliary\Widget_Definition</Filter>
    </ClCompile>
    <ClCompile Include="..\..\src\gui\auxiliary\widget_definition\slider.cpp">
      <Filter>Gui\Auxiliary\Widget_Definition</Filter>
    </ClCompile>
    <ClCompile Include="..\..\src\gui\auxiliary\widget_definition\spacer.cpp">
      <Filter>Gui\Auxiliary\Widget_Definition</Filter>
    </ClCompile>
    <ClCompile Include="..\..\src\gui\auxiliary\widget_definition\stacked_widget.cpp">
      <Filter>Gui\Auxiliary\Widget_Definition</Filter>
    </ClCompile>
    <ClCompile Include="..\..\src\gui\auxiliary\widget_definition\text_box.cpp">
      <Filter>Gui\Auxiliary\Widget_Definition</Filter>
    </ClCompile>
    <ClCompile Include="..\..\src\gui\auxiliary\widget_definition\toggle_button.cpp">
      <Filter>Gui\Auxiliary\Widget_Definition</Filter>
    </ClCompile>
    <ClCompile Include="..\..\src\gui\auxiliary\widget_definition\toggle_panel.cpp">
      <Filter>Gui\Auxiliary\Widget_Definition</Filter>
    </ClCompile>
    <ClCompile Include="..\..\src\gui\auxiliary\widget_definition\tree_view.cpp">
      <Filter>Gui\Auxiliary\Widget_Definition</Filter>
    </ClCompile>
    <ClCompile Include="..\..\src\gui\auxiliary\widget_definition\vertical_scrollbar.cpp">
      <Filter>Gui\Auxiliary\Widget_Definition</Filter>
    </ClCompile>
    <ClCompile Include="..\..\src\gui\auxiliary\widget_definition\window.cpp">
      <Filter>Gui\Auxiliary\Widget_Definition</Filter>
    </ClCompile>
    <ClCompile Include="..\..\src\gui\auxiliary\iterator\iterator.cpp">
      <Filter>Gui\Auxiliary\Iterator</Filter>
    </ClCompile>
    <ClCompile Include="..\..\src\gui\auxiliary\iterator\walker_grid.cpp">
      <Filter>Gui\Auxiliary\Iterator</Filter>
    </ClCompile>
    <ClCompile Include="..\..\src\gui\auxiliary\iterator\walker_widget.cpp">
      <Filter>Gui\Auxiliary\Iterator</Filter>
    </ClCompile>
    <ClCompile Include="..\..\src\pathfind\astarsearch.cpp">
      <Filter>Pathfind</Filter>
    </ClCompile>
    <ClCompile Include="..\..\src\pathfind\pathfind.cpp">
      <Filter>Pathfind</Filter>
    </ClCompile>
    <ClCompile Include="..\..\src\pathfind\teleport.cpp">
      <Filter>Pathfind</Filter>
    </ClCompile>
    <ClCompile Include="..\..\src\scripting\lua.cpp">
      <Filter>Scripting</Filter>
    </ClCompile>
    <ClCompile Include="..\..\src\storyscreen\controller.cpp">
      <Filter>Storyscreen</Filter>
    </ClCompile>
    <ClCompile Include="..\..\src\storyscreen\interface.cpp">
      <Filter>Storyscreen</Filter>
    </ClCompile>
    <ClCompile Include="..\..\src\storyscreen\part.cpp">
      <Filter>Storyscreen</Filter>
    </ClCompile>
    <ClCompile Include="..\..\src\storyscreen\render.cpp">
      <Filter>Storyscreen</Filter>
    </ClCompile>
    <ClCompile Include="..\..\src\whiteboard\action.cpp">
      <Filter>Whiteboard</Filter>
    </ClCompile>
    <ClCompile Include="..\..\src\whiteboard\attack.cpp">
      <Filter>Whiteboard</Filter>
    </ClCompile>
    <ClCompile Include="..\..\src\whiteboard\highlight_visitor.cpp">
      <Filter>Whiteboard</Filter>
    </ClCompile>
    <ClCompile Include="..\..\src\whiteboard\manager.cpp">
      <Filter>Whiteboard</Filter>
    </ClCompile>
    <ClCompile Include="..\..\src\whiteboard\move.cpp">
      <Filter>Whiteboard</Filter>
    </ClCompile>
    <ClCompile Include="..\..\src\whiteboard\recall.cpp">
      <Filter>Whiteboard</Filter>
    </ClCompile>
    <ClCompile Include="..\..\src\whiteboard\recruit.cpp">
      <Filter>Whiteboard</Filter>
    </ClCompile>
    <ClCompile Include="..\..\src\whiteboard\side_actions.cpp">
      <Filter>Whiteboard</Filter>
    </ClCompile>
    <ClCompile Include="..\..\src\whiteboard\suppose_dead.cpp">
      <Filter>Whiteboard</Filter>
    </ClCompile>
    <ClCompile Include="..\..\src\whiteboard\utility.cpp">
      <Filter>Whiteboard</Filter>
    </ClCompile>
    <ClCompile Include="..\..\src\whiteboard\validate_visitor.cpp">
      <Filter>Whiteboard</Filter>
    </ClCompile>
    <ClCompile Include="..\..\src\widgets\button.cpp">
      <Filter>Gui\Widgets</Filter>
    </ClCompile>
    <ClCompile Include="..\..\src\widgets\combo.cpp">
      <Filter>Gui\Widgets</Filter>
    </ClCompile>
    <ClCompile Include="..\..\src\widgets\combo_drag.cpp">
      <Filter>Gui\Widgets</Filter>
    </ClCompile>
    <ClCompile Include="..\..\src\widgets\drop_target.cpp">
      <Filter>Gui\Widgets</Filter>
    </ClCompile>
    <ClCompile Include="..\..\src\widgets\file_menu.cpp">
      <Filter>Gui\Widgets</Filter>
    </ClCompile>
    <ClCompile Include="..\..\src\widgets\label.cpp">
      <Filter>Gui\Widgets</Filter>
    </ClCompile>
    <ClCompile Include="..\..\src\widgets\menu.cpp">
      <Filter>Gui\Widgets</Filter>
    </ClCompile>
    <ClCompile Include="..\..\src\widgets\menu_style.cpp">
      <Filter>Gui\Widgets</Filter>
    </ClCompile>
    <ClCompile Include="..\..\src\widgets\progressbar.cpp">
      <Filter>Gui\Widgets</Filter>
    </ClCompile>
    <ClCompile Include="..\..\src\widgets\scrollarea.cpp">
      <Filter>Gui\Widgets</Filter>
    </ClCompile>
    <ClCompile Include="..\..\src\widgets\scrollbar.cpp">
      <Filter>Gui\Widgets</Filter>
    </ClCompile>
    <ClCompile Include="..\..\src\widgets\scrollpane.cpp">
      <Filter>Gui\Widgets</Filter>
    </ClCompile>
    <ClCompile Include="..\..\src\widgets\slider.cpp">
      <Filter>Gui\Widgets</Filter>
    </ClCompile>
    <ClCompile Include="..\..\src\widgets\textbox.cpp">
      <Filter>Gui\Widgets</Filter>
    </ClCompile>
    <ClCompile Include="..\..\src\widgets\widget.cpp">
      <Filter>Gui\Widgets</Filter>
    </ClCompile>
    <ClCompile Include="..\..\src\about.cpp" />
    <ClCompile Include="..\..\src\actions.cpp" />
    <ClCompile Include="..\..\src\animated_game.cpp" />
    <ClCompile Include="..\..\src\arrow.cpp" />
    <ClCompile Include="..\..\src\attack_prediction.cpp" />
    <ClCompile Include="..\..\src\attack_prediction_display.cpp" />
    <ClCompile Include="..\..\src\boilerplate-header.cpp" />
    <ClCompile Include="..\..\src\builder.cpp" />
    <ClCompile Include="..\..\src\callable_objects.cpp" />
    <ClCompile Include="..\..\src\cavegen.cpp" />
    <ClCompile Include="..\..\src\clipboard.cpp" />
    <ClCompile Include="..\..\src\commandline_options.cpp" />
    <ClCompile Include="..\..\src\config_cache.cpp" />
    <ClCompile Include="..\..\src\construct_dialog.cpp" />
    <ClCompile Include="..\..\src\controller_base.cpp" />
    <ClCompile Include="..\..\src\cursor.cpp" />
    <ClCompile Include="..\..\src\dialogs.cpp" />
    <ClCompile Include="..\..\src\display.cpp" />
    <ClCompile Include="..\..\src\events.cpp" />
    <ClCompile Include="..\..\src\filechooser.cpp" />
    <ClCompile Include="..\..\src\floating_textbox.cpp" />
    <ClCompile Include="..\..\src\font.cpp" />
    <ClCompile Include="..\..\src\formula.cpp" />
    <ClCompile Include="..\..\src\formula_debugger.cpp" />
    <ClCompile Include="..\..\src\formula_debugger_fwd.cpp" />
    <ClCompile Include="..\..\src\formula_function.cpp" />
    <ClCompile Include="..\..\src\formula_string_utils.cpp" />
    <ClCompile Include="..\..\src\formula_tokenizer.cpp" />
    <ClCompile Include="..\..\src\game.cpp" />
    <ClCompile Include="..\..\src\game_controller.cpp" />
    <ClCompile Include="..\..\src\game_controller_abstract.cpp" />
    <ClCompile Include="..\..\src\game_controller_new.cpp" />
    <ClCompile Include="..\..\src\game_display.cpp" />
    <ClCompile Include="..\..\src\game_errors.cpp" />
    <ClCompile Include="..\..\src\game_events.cpp" />
    <ClCompile Include="..\..\src\game_instance.cpp" />
    <ClCompile Include="..\..\src\game_preferences.cpp" />
    <ClCompile Include="..\..\src\game_preferences_display.cpp" />
    <ClCompile Include="..\..\src\gamestatus.cpp" />
    <ClCompile Include="..\..\src\generic_event.cpp" />
    <ClCompile Include="..\..\src\halo.cpp" />
    <ClCompile Include="..\..\src\hash.cpp" />
    <ClCompile Include="..\..\src\help.cpp" />
    <ClCompile Include="..\..\src\hotkeys.cpp" />
    <ClCompile Include="..\..\src\image.cpp" />
    <ClCompile Include="..\..\src\image_modifications.cpp" />
    <ClCompile Include="..\..\src\intro.cpp" />
    <ClCompile Include="..\..\src\key.cpp" />
    <ClCompile Include="..\..\src\language.cpp" />
    <ClCompile Include="..\..\src\leader_list.cpp" />
    <ClCompile Include="..\..\src\loadscreen.cpp" />
    <ClCompile Include="..\..\src\lobby_preferences.cpp" />
    <ClCompile Include="..\..\src\lua_jailbreak_exception.cpp" />
    <ClCompile Include="..\..\src\map.cpp" />
    <ClCompile Include="..\..\src\map_create.cpp" />
    <ClCompile Include="..\..\src\map_label.cpp" />
    <ClCompile Include="..\..\src\map_location.cpp" />
    <ClCompile Include="..\..\src\mapgen.cpp" />
    <ClCompile Include="..\..\src\mapgen_dialog.cpp" />
    <ClCompile Include="..\..\src\marked-up_text.cpp" />
    <ClCompile Include="..\..\src\md5.cpp" />
    <ClCompile Include="..\..\src\menu_events.cpp" />
    <ClCompile Include="..\..\src\minimap.cpp" />
    <ClCompile Include="..\..\src\mouse_events.cpp" />
    <ClCompile Include="..\..\src\mouse_handler_base.cpp" />
    <ClCompile Include="..\..\src\mp_game_settings.cpp" />
    <ClCompile Include="..\..\src\multiplayer.cpp" />
    <ClCompile Include="..\..\src\multiplayer_connect.cpp" />
    <ClCompile Include="..\..\src\multiplayer_create.cpp" />
    <ClCompile Include="..\..\src\multiplayer_lobby.cpp" />
    <ClCompile Include="..\..\src\multiplayer_ui.cpp" />
    <ClCompile Include="..\..\src\multiplayer_wait.cpp" />
    <ClCompile Include="..\..\src\network_asio.cpp" />
    <ClCompile Include="..\..\src\pathutils.cpp" />
    <ClCompile Include="..\..\src\persist_context.cpp" />
    <ClCompile Include="..\..\src\persist_manager.cpp" />
    <ClCompile Include="..\..\src\persist_var.cpp" />
    <ClCompile Include="..\..\src\play_controller.cpp" />
    <ClCompile Include="..\..\src\playcampaign.cpp" />
    <ClCompile Include="..\..\src\playmp_controller.cpp" />
    <ClCompile Include="..\..\src\playsingle_controller.cpp" />
    <ClCompile Include="..\..\src\playturn.cpp" />
    <ClCompile Include="..\..\src\portrait.cpp" />
    <ClCompile Include="..\..\src\preferences.cpp" />
    <ClCompile Include="..\..\src\preferences_display.cpp" />
    <ClCompile Include="..\..\src\race.cpp" />
    <ClCompile Include="..\..\src\random.cpp" />
    <ClCompile Include="..\..\src\replay.cpp" />
    <ClCompile Include="..\..\src\replay_controller.cpp" />
    <ClCompile Include="..\..\src\reports.cpp" />
    <ClCompile Include="..\..\src\resources.cpp" />
    <ClCompile Include="..\..\src\save_blocker.cpp" />
    <ClCompile Include="..\..\src\savegame.cpp" />
    <ClCompile Include="..\..\src\savegame_config.cpp" />
    <ClCompile Include="..\..\src\sdl_utils.cpp" />
    <ClCompile Include="..\..\src\settings.cpp" />
    <ClCompile Include="..\..\src\sha1.cpp" />
    <ClCompile Include="..\..\src\show_dialog.cpp" />
    <ClCompile Include="..\..\src\side_filter.cpp" />
    <ClCompile Include="..\..\src\sound.cpp" />
    <ClCompile Include="..\..\src\sound_music_track.cpp" />
    <ClCompile Include="..\..\src\soundsource.cpp" />
    <ClCompile Include="..\..\src\statistics.cpp" />
    <ClCompile Include="..\..\src\statistics_dialog.cpp" />
    <ClCompile Include="..\..\src\team.cpp" />
    <ClCompile Include="..\..\src\terrain.cpp" />
    <ClCompile Include="..\..\src\terrain_filter.cpp" />
    <ClCompile Include="..\..\src\terrain_translation.cpp" />
    <ClCompile Include="..\..\src\text.cpp" />
    <ClCompile Include="..\..\src\theme.cpp" />
    <ClCompile Include="..\..\src\time_of_day.cpp" />
    <ClCompile Include="..\..\src\tod_manager.cpp" />
    <ClCompile Include="..\..\src\tooltips.cpp" />
    <ClCompile Include="..\..\src\unit.cpp" />
    <ClCompile Include="..\..\src\unit_abilities.cpp" />
    <ClCompile Include="..\..\src\unit_animation.cpp" />
    <ClCompile Include="..\..\src\unit_display.cpp" />
    <ClCompile Include="..\..\src\unit_frame.cpp" />
    <ClCompile Include="..\..\src\unit_helper.cpp" />
    <ClCompile Include="..\..\src\unit_id.cpp" />
    <ClCompile Include="..\..\src\unit_map.cpp" />
    <ClCompile Include="..\..\src\unit_types.cpp" />
    <ClCompile Include="..\..\src\variable.cpp" />
    <ClCompile Include="..\..\src\variant.cpp" />
    <ClCompile Include="..\..\src\video.cpp" />
    <ClCompile Include="..\..\src\wml_exception.cpp" />
    <ClCompile Include="..\..\src\joystick.cpp" />
    <ClCompile Include="..\..\src\network.cpp" />
    <ClCompile Include="..\..\src\whiteboard\mapbuilder.cpp">
      <Filter>Whiteboard</Filter>
    </ClCompile>
    <ClCompile Include="..\..\src\tools\schema\tag.cpp">
      <Filter>tools\schema</Filter>
    </ClCompile>
    <ClCompile Include="..\..\src\gui\dialogs\folder_create.cpp">
      <Filter>Gui\Dialogs</Filter>
    </ClCompile>
    <ClCompile Include="..\..\src\gui\dialogs\addon\uninstall_list.cpp">
      <Filter>Gui\Dialogs\Addon</Filter>
    </ClCompile>
    <ClCompile Include="..\..\src\gui\dialogs\editor_set_starting_position.cpp">
      <Filter>Gui\Dialogs</Filter>
    </ClCompile>
  </ItemGroup>
  <ItemGroup>
    <ClInclude Include="..\..\src\addon\manager.hpp">
      <Filter>Addon</Filter>
    </ClInclude>
    <ClInclude Include="..\..\src\addon\validation.hpp">
      <Filter>Addon</Filter>
    </ClInclude>
    <ClInclude Include="..\..\src\ai\actions.hpp">
      <Filter>AI</Filter>
    </ClInclude>
    <ClInclude Include="..\..\src\ai\configuration.hpp">
      <Filter>AI</Filter>
    </ClInclude>
    <ClInclude Include="..\..\src\ai\contexts.hpp">
      <Filter>AI</Filter>
    </ClInclude>
    <ClInclude Include="..\..\src\ai\game_info.hpp">
      <Filter>AI</Filter>
    </ClInclude>
    <ClInclude Include="..\..\src\ai\gamestate_observer.hpp">
      <Filter>AI</Filter>
    </ClInclude>
    <ClInclude Include="..\..\src\ai\interface.hpp">
      <Filter>AI</Filter>
    </ClInclude>
    <ClInclude Include="..\..\src\ai\manager.hpp">
      <Filter>AI</Filter>
    </ClInclude>
    <ClInclude Include="..\..\src\ai\registry.hpp">
      <Filter>AI</Filter>
    </ClInclude>
    <ClInclude Include="..\..\src\ai\testing.hpp">
      <Filter>AI</Filter>
    </ClInclude>
    <ClInclude Include="..\..\src\ai\composite\ai.hpp">
      <Filter>AI\composite</Filter>
    </ClInclude>
    <ClInclude Include="..\..\src\ai\composite\aspect.hpp">
      <Filter>AI\composite</Filter>
    </ClInclude>
    <ClInclude Include="..\..\src\ai\composite\component.hpp">
      <Filter>AI\composite</Filter>
    </ClInclude>
    <ClInclude Include="..\..\src\ai\composite\contexts.hpp">
      <Filter>AI\composite</Filter>
    </ClInclude>
    <ClInclude Include="..\..\src\ai\composite\engine.hpp">
      <Filter>AI\composite</Filter>
    </ClInclude>
    <ClInclude Include="..\..\src\ai\composite\engine_default.hpp">
      <Filter>AI\composite</Filter>
    </ClInclude>
    <ClInclude Include="..\..\src\ai\composite\engine_fai.hpp">
      <Filter>AI\composite</Filter>
    </ClInclude>
    <ClInclude Include="..\..\src\ai\composite\engine_lua.hpp">
      <Filter>AI\composite</Filter>
    </ClInclude>
    <ClInclude Include="..\..\src\ai\composite\goal.hpp">
      <Filter>AI\composite</Filter>
    </ClInclude>
    <ClInclude Include="..\..\src\ai\composite\property_handler.hpp">
      <Filter>AI\composite</Filter>
    </ClInclude>
    <ClInclude Include="..\..\src\ai\composite\rca.hpp">
      <Filter>AI\composite</Filter>
    </ClInclude>
    <ClInclude Include="..\..\src\ai\composite\stage.hpp">
      <Filter>AI\composite</Filter>
    </ClInclude>
    <ClInclude Include="..\..\src\ai\composite\value_translator.hpp">
      <Filter>AI\composite</Filter>
    </ClInclude>
    <ClInclude Include="..\..\src\ai\default\ai.hpp">
      <Filter>AI\default</Filter>
    </ClInclude>
    <ClInclude Include="..\..\src\ai\default\contexts.hpp">
      <Filter>AI\default</Filter>
    </ClInclude>
    <ClInclude Include="..\..\src\ai\testing\aspect_attacks.hpp">
      <Filter>AI\testing</Filter>
    </ClInclude>
    <ClInclude Include="..\..\src\ai\testing\ca.hpp">
      <Filter>AI\testing</Filter>
    </ClInclude>
    <ClInclude Include="..\..\src\ai\testing\ca_global_fallback.hpp">
      <Filter>AI\testing</Filter>
    </ClInclude>
    <ClInclude Include="..\..\src\ai\testing\ca_testing_move_to_targets.hpp">
      <Filter>AI\testing</Filter>
    </ClInclude>
    <ClInclude Include="..\..\src\ai\testing\ca_testing_recruitment.hpp">
      <Filter>AI\testing</Filter>
    </ClInclude>
    <ClInclude Include="..\..\src\ai\testing\stage_fallback.hpp">
      <Filter>AI\testing</Filter>
    </ClInclude>
    <ClInclude Include="..\..\src\ai\testing\stage_rca.hpp">
      <Filter>AI\testing</Filter>
    </ClInclude>
    <ClInclude Include="..\..\src\ai\formula\ai.hpp">
      <Filter>AI\formula</Filter>
    </ClInclude>
    <ClInclude Include="..\..\src\ai\formula\callable_objects.hpp">
      <Filter>AI\formula</Filter>
    </ClInclude>
    <ClInclude Include="..\..\src\ai\formula\candidates.hpp">
      <Filter>AI\formula</Filter>
    </ClInclude>
    <ClInclude Include="..\..\src\ai\formula\function_table.hpp">
      <Filter>AI\formula</Filter>
    </ClInclude>
    <ClInclude Include="..\..\src\ai\formula\stage_side_formulas.hpp">
      <Filter>AI\formula</Filter>
    </ClInclude>
    <ClInclude Include="..\..\src\ai\formula\stage_unit_formulas.hpp">
      <Filter>AI\formula</Filter>
    </ClInclude>
    <ClInclude Include="..\..\src\ai\lua\core.hpp">
      <Filter>AI\lua</Filter>
    </ClInclude>
    <ClInclude Include="..\..\src\ai\lua\lua_object.hpp">
      <Filter>AI\lua</Filter>
    </ClInclude>
    <ClInclude Include="..\..\src\editor\action.hpp">
      <Filter>AI\Editor</Filter>
    </ClInclude>
    <ClInclude Include="..\..\src\editor\action_base.hpp">
      <Filter>AI\Editor</Filter>
    </ClInclude>
    <ClInclude Include="..\..\src\editor\brush.hpp">
      <Filter>AI\Editor</Filter>
    </ClInclude>
    <ClInclude Include="..\..\src\editor\editor_common.hpp">
      <Filter>AI\Editor</Filter>
    </ClInclude>
    <ClInclude Include="..\..\src\editor\editor_controller.hpp">
      <Filter>AI\Editor</Filter>
    </ClInclude>
    <ClInclude Include="..\..\src\editor\editor_display.hpp">
      <Filter>AI\Editor</Filter>
    </ClInclude>
    <ClInclude Include="..\..\src\editor\editor_layout.hpp">
      <Filter>AI\Editor</Filter>
    </ClInclude>
    <ClInclude Include="..\..\src\editor\editor_main.hpp">
      <Filter>AI\Editor</Filter>
    </ClInclude>
    <ClInclude Include="..\..\src\editor\editor_map.hpp">
      <Filter>AI\Editor</Filter>
    </ClInclude>
    <ClInclude Include="..\..\src\editor\editor_palettes.hpp">
      <Filter>AI\Editor</Filter>
    </ClInclude>
    <ClInclude Include="..\..\src\editor\editor_preferences.hpp">
      <Filter>AI\Editor</Filter>
    </ClInclude>
    <ClInclude Include="..\..\src\editor\map_context.hpp">
      <Filter>AI\Editor</Filter>
    </ClInclude>
    <ClInclude Include="..\..\src\editor\map_fragment.hpp">
      <Filter>AI\Editor</Filter>
    </ClInclude>
    <ClInclude Include="..\..\src\editor\mouse_action.hpp">
      <Filter>AI\Editor</Filter>
    </ClInclude>
    <ClInclude Include="..\..\src\gui\widgets\button.hpp">
      <Filter>Gui\Widgets</Filter>
    </ClInclude>
    <ClInclude Include="..\..\src\gui\widgets\container.hpp">
      <Filter>Gui\Widgets</Filter>
    </ClInclude>
    <ClInclude Include="..\..\src\gui\widgets\control.hpp">
      <Filter>Gui\Widgets</Filter>
    </ClInclude>
    <ClInclude Include="..\..\src\gui\widgets\debug.hpp">
      <Filter>Gui\Widgets</Filter>
    </ClInclude>
    <ClInclude Include="..\..\src\gui\widgets\drawing.hpp">
      <Filter>Gui\Widgets</Filter>
    </ClInclude>
    <ClInclude Include="..\..\src\gui\widgets\event_executor.hpp">
      <Filter>Gui\Widgets</Filter>
    </ClInclude>
    <ClInclude Include="..\..\src\gui\widgets\generator.hpp">
      <Filter>Gui\Widgets</Filter>
    </ClInclude>
    <ClInclude Include="..\..\src\gui\widgets\generator_private.hpp">
      <Filter>Gui\Widgets</Filter>
    </ClInclude>
    <ClInclude Include="..\..\src\gui\widgets\grid.hpp">
      <Filter>Gui\Widgets</Filter>
    </ClInclude>
    <ClInclude Include="..\..\src\gui\widgets\grid_private.hpp">
      <Filter>Gui\Widgets</Filter>
    </ClInclude>
    <ClInclude Include="..\..\src\gui\widgets\helper.hpp">
      <Filter>Gui\Widgets</Filter>
    </ClInclude>
    <ClInclude Include="..\..\src\gui\widgets\horizontal_scrollbar.hpp">
      <Filter>Gui\Widgets</Filter>
    </ClInclude>
    <ClInclude Include="..\..\src\gui\widgets\image.hpp">
      <Filter>Gui\Widgets</Filter>
    </ClInclude>
    <ClInclude Include="..\..\src\gui\widgets\integer_selector.hpp">
      <Filter>Gui\Widgets</Filter>
    </ClInclude>
    <ClInclude Include="..\..\src\gui\widgets\label.hpp">
      <Filter>Gui\Widgets</Filter>
    </ClInclude>
    <ClInclude Include="..\..\src\gui\widgets\list.hpp">
      <Filter>Gui\Widgets</Filter>
    </ClInclude>
    <ClInclude Include="..\..\src\gui\widgets\listbox.hpp">
      <Filter>Gui\Widgets</Filter>
    </ClInclude>
    <ClInclude Include="..\..\src\gui\widgets\minimap.hpp">
      <Filter>Gui\Widgets</Filter>
    </ClInclude>
    <ClInclude Include="..\..\src\gui\widgets\multi_page.hpp">
      <Filter>Gui\Widgets</Filter>
    </ClInclude>
    <ClInclude Include="..\..\src\gui\widgets\panel.hpp">
      <Filter>Gui\Widgets</Filter>
    </ClInclude>
    <ClInclude Include="..\..\src\gui\widgets\password_box.hpp">
      <Filter>Gui\Widgets</Filter>
    </ClInclude>
    <ClInclude Include="..\..\src\gui\widgets\progress_bar.hpp">
      <Filter>Gui\Widgets</Filter>
    </ClInclude>
    <ClInclude Include="..\..\src\gui\widgets\scroll_label.hpp">
      <Filter>Gui\Widgets</Filter>
    </ClInclude>
    <ClInclude Include="..\..\src\gui\widgets\scrollbar.hpp">
      <Filter>Gui\Widgets</Filter>
    </ClInclude>
    <ClInclude Include="..\..\src\gui\widgets\scrollbar_container.hpp">
      <Filter>Gui\Widgets</Filter>
    </ClInclude>
    <ClInclude Include="..\..\src\gui\widgets\scrollbar_container_private.hpp">
      <Filter>Gui\Widgets</Filter>
    </ClInclude>
    <ClInclude Include="..\..\src\gui\widgets\scrollbar_panel.hpp">
      <Filter>Gui\Widgets</Filter>
    </ClInclude>
    <ClInclude Include="..\..\src\gui\widgets\selectable.hpp">
      <Filter>Gui\Widgets</Filter>
    </ClInclude>
    <ClInclude Include="..\..\src\gui\widgets\settings.hpp">
      <Filter>Gui\Widgets</Filter>
    </ClInclude>
    <ClInclude Include="..\..\src\gui\widgets\slider.hpp">
      <Filter>Gui\Widgets</Filter>
    </ClInclude>
    <ClInclude Include="..\..\src\gui\widgets\spacer.hpp">
      <Filter>Gui\Widgets</Filter>
    </ClInclude>
    <ClInclude Include="..\..\src\gui\widgets\text.hpp">
      <Filter>Gui\Widgets</Filter>
    </ClInclude>
    <ClInclude Include="..\..\src\gui\widgets\text_box.hpp">
      <Filter>Gui\Widgets</Filter>
    </ClInclude>
    <ClInclude Include="..\..\src\gui\widgets\toggle_button.hpp">
      <Filter>Gui\Widgets</Filter>
    </ClInclude>
    <ClInclude Include="..\..\src\gui\widgets\toggle_panel.hpp">
      <Filter>Gui\Widgets</Filter>
    </ClInclude>
    <ClInclude Include="..\..\src\gui\widgets\tree_view.hpp">
      <Filter>Gui\Widgets</Filter>
    </ClInclude>
    <ClInclude Include="..\..\src\gui\widgets\tree_view_node.hpp">
      <Filter>Gui\Widgets</Filter>
    </ClInclude>
    <ClInclude Include="..\..\src\gui\widgets\vertical_scrollbar.hpp">
      <Filter>Gui\Widgets</Filter>
    </ClInclude>
    <ClInclude Include="..\..\src\gui\widgets\widget.hpp">
      <Filter>Gui\Widgets</Filter>
    </ClInclude>
    <ClInclude Include="..\..\src\gui\widgets\window.hpp">
      <Filter>Gui\Widgets</Filter>
    </ClInclude>
    <ClInclude Include="..\..\src\gui\widgets\window_private.hpp">
      <Filter>Gui\Widgets</Filter>
    </ClInclude>
    <ClInclude Include="..\..\src\gui\dialogs\addon_connect.hpp">
      <Filter>Gui\Dialogs</Filter>
    </ClInclude>
    <ClInclude Include="..\..\src\gui\dialogs\addon_list.hpp">
      <Filter>Gui\Dialogs</Filter>
    </ClInclude>
    <ClInclude Include="..\..\src\gui\dialogs\campaign_difficulty.hpp">
      <Filter>Gui\Dialogs</Filter>
    </ClInclude>
    <ClInclude Include="..\..\src\gui\dialogs\campaign_selection.hpp">
      <Filter>Gui\Dialogs</Filter>
    </ClInclude>
    <ClInclude Include="..\..\src\gui\dialogs\data_manage.hpp">
      <Filter>Gui\Dialogs</Filter>
    </ClInclude>
    <ClInclude Include="..\..\src\gui\dialogs\debug_clock.hpp">
      <Filter>Gui\Dialogs</Filter>
    </ClInclude>
    <ClInclude Include="..\..\src\gui\dialogs\dialog.hpp">
      <Filter>Gui\Dialogs</Filter>
    </ClInclude>
    <ClInclude Include="..\..\src\gui\dialogs\edit_label.hpp">
      <Filter>Gui\Dialogs</Filter>
    </ClInclude>
    <ClInclude Include="..\..\src\gui\dialogs\editor_generate_map.hpp">
      <Filter>Gui\Dialogs</Filter>
    </ClInclude>
    <ClInclude Include="..\..\src\gui\dialogs\editor_new_map.hpp">
      <Filter>Gui\Dialogs</Filter>
    </ClInclude>
    <ClInclude Include="..\..\src\gui\dialogs\editor_resize_map.hpp">
      <Filter>Gui\Dialogs</Filter>
    </ClInclude>
    <ClInclude Include="..\..\src\gui\dialogs\editor_settings.hpp">
      <Filter>Gui\Dialogs</Filter>
    </ClInclude>
    <ClInclude Include="..\..\src\gui\dialogs\field-fwd.hpp">
      <Filter>Gui\Dialogs</Filter>
    </ClInclude>
    <ClInclude Include="..\..\src\gui\dialogs\field.hpp">
      <Filter>Gui\Dialogs</Filter>
    </ClInclude>
    <ClInclude Include="..\..\src\gui\dialogs\formula_debugger.hpp">
      <Filter>Gui\Dialogs</Filter>
    </ClInclude>
    <ClInclude Include="..\..\src\gui\dialogs\game_load.hpp">
      <Filter>Gui\Dialogs</Filter>
    </ClInclude>
    <ClInclude Include="..\..\src\gui\dialogs\game_save.hpp">
      <Filter>Gui\Dialogs</Filter>
    </ClInclude>
    <ClInclude Include="..\..\src\gui\dialogs\gamestate_inspector.hpp">
      <Filter>Gui\Dialogs</Filter>
    </ClInclude>
    <ClInclude Include="..\..\src\gui\dialogs\helper.hpp">
      <Filter>Gui\Dialogs</Filter>
    </ClInclude>
    <ClInclude Include="..\..\src\gui\dialogs\language_selection.hpp">
      <Filter>Gui\Dialogs</Filter>
    </ClInclude>
    <ClInclude Include="..\..\src\gui\dialogs\lobby_main.hpp">
      <Filter>Gui\Dialogs</Filter>
    </ClInclude>
    <ClInclude Include="..\..\src\gui\dialogs\lobby_player_info.hpp">
      <Filter>Gui\Dialogs</Filter>
    </ClInclude>
    <ClInclude Include="..\..\src\gui\dialogs\message.hpp">
      <Filter>Gui\Dialogs</Filter>
    </ClInclude>
    <ClInclude Include="..\..\src\gui\dialogs\mp_change_control.hpp">
      <Filter>Gui\Dialogs</Filter>
    </ClInclude>
    <ClInclude Include="..\..\src\gui\dialogs\mp_cmd_wrapper.hpp">
      <Filter>Gui\Dialogs</Filter>
    </ClInclude>
    <ClInclude Include="..\..\src\gui\dialogs\mp_connect.hpp">
      <Filter>Gui\Dialogs</Filter>
    </ClInclude>
    <ClInclude Include="..\..\src\gui\dialogs\mp_create_game.hpp">
      <Filter>Gui\Dialogs</Filter>
    </ClInclude>
    <ClInclude Include="..\..\src\gui\dialogs\mp_create_game_set_password.hpp">
      <Filter>Gui\Dialogs</Filter>
    </ClInclude>
    <ClInclude Include="..\..\src\gui\dialogs\mp_login.hpp">
      <Filter>Gui\Dialogs</Filter>
    </ClInclude>
    <ClInclude Include="..\..\src\gui\dialogs\mp_method_selection.hpp">
      <Filter>Gui\Dialogs</Filter>
    </ClInclude>
    <ClInclude Include="..\..\src\gui\dialogs\network_transmission.hpp">
      <Filter>Gui\Dialogs</Filter>
    </ClInclude>
    <ClInclude Include="..\..\src\gui\dialogs\popup.hpp">
      <Filter>Gui\Dialogs</Filter>
    </ClInclude>
    <ClInclude Include="..\..\src\gui\dialogs\simple_item_selector.hpp">
      <Filter>Gui\Dialogs</Filter>
    </ClInclude>
    <ClInclude Include="..\..\src\gui\dialogs\tip.hpp">
      <Filter>Gui\Dialogs</Filter>
    </ClInclude>
    <ClInclude Include="..\..\src\gui\dialogs\title_screen.hpp">
      <Filter>Gui\Dialogs</Filter>
    </ClInclude>
    <ClInclude Include="..\..\src\gui\dialogs\transient_message.hpp">
      <Filter>Gui\Dialogs</Filter>
    </ClInclude>
    <ClInclude Include="..\..\src\gui\dialogs\unit_attack.hpp">
      <Filter>Gui\Dialogs</Filter>
    </ClInclude>
    <ClInclude Include="..\..\src\gui\dialogs\wml_message.hpp">
      <Filter>Gui\Dialogs</Filter>
    </ClInclude>
    <ClInclude Include="..\..\src\gui\dialogs\lobby\lobby_data.hpp">
      <Filter>Gui\Dialogs\Lobby</Filter>
    </ClInclude>
    <ClInclude Include="..\..\src\gui\dialogs\lobby\lobby_info.hpp">
      <Filter>Gui\Dialogs\Lobby</Filter>
    </ClInclude>
    <ClInclude Include="..\..\src\gui\dialogs\addon\description.hpp">
      <Filter>Gui\Dialogs\Addon</Filter>
    </ClInclude>
    <ClInclude Include="..\..\src\gui\auxiliary\canvas.hpp">
      <Filter>Gui\Auxiliary</Filter>
    </ClInclude>
    <ClInclude Include="..\..\src\gui\auxiliary\iterator\exception.hpp">
      <Filter>Gui\Auxiliary</Filter>
    </ClInclude>
    <ClInclude Include="..\..\src\gui\auxiliary\formula.hpp">
      <Filter>Gui\Auxiliary</Filter>
    </ClInclude>
    <ClInclude Include="..\..\src\gui\auxiliary\iterator\iterator.hpp">
      <Filter>Gui\Auxiliary</Filter>
    </ClInclude>
    <ClInclude Include="..\..\src\gui\auxiliary\layout_exception.hpp">
      <Filter>Gui\Auxiliary</Filter>
    </ClInclude>
    <ClInclude Include="..\..\src\gui\auxiliary\log.hpp">
      <Filter>Gui\Auxiliary</Filter>
    </ClInclude>
    <ClInclude Include="..\..\src\gui\auxiliary\old_markup.hpp">
      <Filter>Gui\Auxiliary</Filter>
    </ClInclude>
    <ClInclude Include="..\..\src\gui\auxiliary\iterator\policy_order.hpp">
      <Filter>Gui\Auxiliary</Filter>
    </ClInclude>
    <ClInclude Include="..\..\src\gui\auxiliary\iterator\policy_visit.hpp">
      <Filter>Gui\Auxiliary</Filter>
    </ClInclude>
    <ClInclude Include="..\..\src\gui\auxiliary\timer.hpp">
      <Filter>Gui\Auxiliary</Filter>
    </ClInclude>
    <ClInclude Include="..\..\src\gui\auxiliary\tips.hpp">
      <Filter>Gui\Auxiliary</Filter>
    </ClInclude>
    <ClInclude Include="..\..\src\gui\auxiliary\iterator\walker.hpp">
      <Filter>Gui\Auxiliary</Filter>
    </ClInclude>
    <ClInclude Include="..\..\src\gui\auxiliary\iterator\walker_grid.hpp">
      <Filter>Gui\Auxiliary</Filter>
    </ClInclude>
    <ClInclude Include="..\..\src\gui\auxiliary\iterator\walker_widget.hpp">
      <Filter>Gui\Auxiliary</Filter>
    </ClInclude>
    <ClInclude Include="..\..\src\gui\auxiliary\widget_definition.hpp">
      <Filter>Gui\Auxiliary</Filter>
    </ClInclude>
    <ClInclude Include="..\..\src\gui\auxiliary\window_builder.hpp">
      <Filter>Gui\Auxiliary</Filter>
    </ClInclude>
    <ClInclude Include="..\..\src\gui\auxiliary\window_builder_private.hpp">
      <Filter>Gui\Auxiliary</Filter>
    </ClInclude>
    <ClInclude Include="..\..\src\gui\auxiliary\window_builder\button.hpp">
      <Filter>Gui\Auxiliary\Window_Builder</Filter>
    </ClInclude>
    <ClInclude Include="..\..\src\gui\auxiliary\window_builder\control.hpp">
      <Filter>Gui\Auxiliary\Window_Builder</Filter>
    </ClInclude>
    <ClInclude Include="..\..\src\gui\auxiliary\window_builder\drawing.hpp">
      <Filter>Gui\Auxiliary\Window_Builder</Filter>
    </ClInclude>
    <ClInclude Include="..\..\src\gui\auxiliary\window_builder\helper.hpp">
      <Filter>Gui\Auxiliary\Window_Builder</Filter>
    </ClInclude>
    <ClInclude Include="..\..\src\gui\auxiliary\window_builder\horizontal_listbox.hpp">
      <Filter>Gui\Auxiliary\Window_Builder</Filter>
    </ClInclude>
    <ClInclude Include="..\..\src\gui\auxiliary\window_builder\horizontal_scrollbar.hpp">
      <Filter>Gui\Auxiliary\Window_Builder</Filter>
    </ClInclude>
    <ClInclude Include="..\..\src\gui\auxiliary\window_builder\image.hpp">
      <Filter>Gui\Auxiliary\Window_Builder</Filter>
    </ClInclude>
    <ClInclude Include="..\..\src\gui\auxiliary\window_builder\label.hpp">
      <Filter>Gui\Auxiliary\Window_Builder</Filter>
    </ClInclude>
    <ClInclude Include="..\..\src\gui\auxiliary\window_builder\listbox.hpp">
      <Filter>Gui\Auxiliary\Window_Builder</Filter>
    </ClInclude>
    <ClInclude Include="..\..\src\gui\auxiliary\window_builder\minimap.hpp">
      <Filter>Gui\Auxiliary\Window_Builder</Filter>
    </ClInclude>
    <ClInclude Include="..\..\src\gui\auxiliary\window_builder\multi_page.hpp">
      <Filter>Gui\Auxiliary\Window_Builder</Filter>
    </ClInclude>
    <ClInclude Include="..\..\src\gui\auxiliary\window_builder\panel.hpp">
      <Filter>Gui\Auxiliary\Window_Builder</Filter>
    </ClInclude>
    <ClInclude Include="..\..\src\gui\auxiliary\window_builder\password_box.hpp">
      <Filter>Gui\Auxiliary\Window_Builder</Filter>
    </ClInclude>
    <ClInclude Include="..\..\src\gui\auxiliary\window_builder\progress_bar.hpp">
      <Filter>Gui\Auxiliary\Window_Builder</Filter>
    </ClInclude>
    <ClInclude Include="..\..\src\gui\auxiliary\window_builder\repeating_button.hpp">
      <Filter>Gui\Auxiliary\Window_Builder</Filter>
    </ClInclude>
    <ClInclude Include="..\..\src\gui\auxiliary\window_builder\scroll_label.hpp">
      <Filter>Gui\Auxiliary\Window_Builder</Filter>
    </ClInclude>
    <ClInclude Include="..\..\src\gui\auxiliary\window_builder\scrollbar_panel.hpp">
      <Filter>Gui\Auxiliary\Window_Builder</Filter>
    </ClInclude>
    <ClInclude Include="..\..\src\gui\auxiliary\window_builder\slider.hpp">
      <Filter>Gui\Auxiliary\Window_Builder</Filter>
    </ClInclude>
    <ClInclude Include="..\..\src\gui\auxiliary\window_builder\spacer.hpp">
      <Filter>Gui\Auxiliary\Window_Builder</Filter>
    </ClInclude>
    <ClInclude Include="..\..\src\gui\auxiliary\window_builder\stacked_widget.hpp">
      <Filter>Gui\Auxiliary\Window_Builder</Filter>
    </ClInclude>
    <ClInclude Include="..\..\src\gui\auxiliary\window_builder\text_box.hpp">
      <Filter>Gui\Auxiliary\Window_Builder</Filter>
    </ClInclude>
    <ClInclude Include="..\..\src\gui\auxiliary\window_builder\toggle_button.hpp">
      <Filter>Gui\Auxiliary\Window_Builder</Filter>
    </ClInclude>
    <ClInclude Include="..\..\src\gui\auxiliary\window_builder\toggle_panel.hpp">
      <Filter>Gui\Auxiliary\Window_Builder</Filter>
    </ClInclude>
    <ClInclude Include="..\..\src\gui\auxiliary\window_builder\tree_view.hpp">
      <Filter>Gui\Auxiliary\Window_Builder</Filter>
    </ClInclude>
    <ClInclude Include="..\..\src\gui\auxiliary\window_builder\vertical_scrollbar.hpp">
      <Filter>Gui\Auxiliary\Window_Builder</Filter>
    </ClInclude>
    <ClInclude Include="..\..\src\gui\auxiliary\event\dispatcher.hpp">
      <Filter>Gui\Auxiliary\Event</Filter>
    </ClInclude>
    <ClInclude Include="..\..\src\gui\auxiliary\event\dispatcher_private.hpp">
      <Filter>Gui\Auxiliary\Event</Filter>
    </ClInclude>
    <ClInclude Include="..\..\src\gui\auxiliary\event\distributor.hpp">
      <Filter>Gui\Auxiliary\Event</Filter>
    </ClInclude>
    <ClInclude Include="..\..\src\gui\auxiliary\event\handler.hpp">
      <Filter>Gui\Auxiliary\Event</Filter>
    </ClInclude>
    <ClInclude Include="..\..\src\gui\auxiliary\event\message.hpp">
      <Filter>Gui\Auxiliary\Event</Filter>
    </ClInclude>
    <ClInclude Include="..\..\src\gui\auxiliary\widget_definition\button.hpp">
      <Filter>Gui\Auxiliary\Widget_Definition</Filter>
    </ClInclude>
    <ClInclude Include="..\..\src\gui\auxiliary\widget_definition\drawing.hpp">
      <Filter>Gui\Auxiliary\Widget_Definition</Filter>
    </ClInclude>
    <ClInclude Include="..\..\src\gui\auxiliary\widget_definition\horizontal_scrollbar.hpp">
      <Filter>Gui\Auxiliary\Widget_Definition</Filter>
    </ClInclude>
    <ClInclude Include="..\..\src\gui\auxiliary\widget_definition\image.hpp">
      <Filter>Gui\Auxiliary\Widget_Definition</Filter>
    </ClInclude>
    <ClInclude Include="..\..\src\gui\auxiliary\widget_definition\label.hpp">
      <Filter>Gui\Auxiliary\Widget_Definition</Filter>
    </ClInclude>
    <ClInclude Include="..\..\src\gui\auxiliary\widget_definition\listbox.hpp">
      <Filter>Gui\Auxiliary\Widget_Definition</Filter>
    </ClInclude>
    <ClInclude Include="..\..\src\gui\auxiliary\widget_definition\minimap.hpp">
      <Filter>Gui\Auxiliary\Widget_Definition</Filter>
    </ClInclude>
    <ClInclude Include="..\..\src\gui\auxiliary\widget_definition\multi_page.hpp">
      <Filter>Gui\Auxiliary\Widget_Definition</Filter>
    </ClInclude>
    <ClInclude Include="..\..\src\gui\auxiliary\widget_definition\panel.hpp">
      <Filter>Gui\Auxiliary\Widget_Definition</Filter>
    </ClInclude>
    <ClInclude Include="..\..\src\gui\auxiliary\widget_definition\progress_bar.hpp">
      <Filter>Gui\Auxiliary\Widget_Definition</Filter>
    </ClInclude>
    <ClInclude Include="..\..\src\gui\auxiliary\widget_definition\repeating_button.hpp">
      <Filter>Gui\Auxiliary\Widget_Definition</Filter>
    </ClInclude>
    <ClInclude Include="..\..\src\gui\auxiliary\widget_definition\scroll_label.hpp">
      <Filter>Gui\Auxiliary\Widget_Definition</Filter>
    </ClInclude>
    <ClInclude Include="..\..\src\gui\auxiliary\widget_definition\scrollbar_panel.hpp">
      <Filter>Gui\Auxiliary\Widget_Definition</Filter>
    </ClInclude>
    <ClInclude Include="..\..\src\gui\auxiliary\widget_definition\slider.hpp">
      <Filter>Gui\Auxiliary\Widget_Definition</Filter>
    </ClInclude>
    <ClInclude Include="..\..\src\gui\auxiliary\widget_definition\spacer.hpp">
      <Filter>Gui\Auxiliary\Widget_Definition</Filter>
    </ClInclude>
    <ClInclude Include="..\..\src\gui\auxiliary\widget_definition\stacked_widget.hpp">
      <Filter>Gui\Auxiliary\Widget_Definition</Filter>
    </ClInclude>
    <ClInclude Include="..\..\src\gui\auxiliary\widget_definition\text_box.hpp">
      <Filter>Gui\Auxiliary\Widget_Definition</Filter>
    </ClInclude>
    <ClInclude Include="..\..\src\gui\auxiliary\widget_definition\toggle_button.hpp">
      <Filter>Gui\Auxiliary\Widget_Definition</Filter>
    </ClInclude>
    <ClInclude Include="..\..\src\gui\auxiliary\widget_definition\toggle_panel.hpp">
      <Filter>Gui\Auxiliary\Widget_Definition</Filter>
    </ClInclude>
    <ClInclude Include="..\..\src\gui\auxiliary\widget_definition\tree_view.hpp">
      <Filter>Gui\Auxiliary\Widget_Definition</Filter>
    </ClInclude>
    <ClInclude Include="..\..\src\gui\auxiliary\widget_definition\vertical_scrollbar.hpp">
      <Filter>Gui\Auxiliary\Widget_Definition</Filter>
    </ClInclude>
    <ClInclude Include="..\..\src\gui\auxiliary\widget_definition\window.hpp">
      <Filter>Gui\Auxiliary\Widget_Definition</Filter>
    </ClInclude>
    <ClInclude Include="..\..\src\pathfind\pathfind.hpp">
      <Filter>Pathfind</Filter>
    </ClInclude>
    <ClInclude Include="..\..\src\pathfind\teleport.hpp">
      <Filter>Pathfind</Filter>
    </ClInclude>
    <ClInclude Include="..\..\src\scripting\lua.hpp">
      <Filter>Scripting</Filter>
    </ClInclude>
    <ClInclude Include="..\..\src\scripting\lua_api.hpp">
      <Filter>Scripting</Filter>
    </ClInclude>
    <ClInclude Include="..\..\src\storyscreen\controller.hpp">
      <Filter>Storyscreen</Filter>
    </ClInclude>
    <ClInclude Include="..\..\src\storyscreen\interface.hpp">
      <Filter>Storyscreen</Filter>
    </ClInclude>
    <ClInclude Include="..\..\src\storyscreen\part.hpp">
      <Filter>Storyscreen</Filter>
    </ClInclude>
    <ClInclude Include="..\..\src\storyscreen\render.hpp">
      <Filter>Storyscreen</Filter>
    </ClInclude>
    <ClInclude Include="..\..\src\whiteboard\action.hpp">
      <Filter>Whiteboard</Filter>
    </ClInclude>
    <ClInclude Include="..\..\src\whiteboard\attack.hpp">
      <Filter>Whiteboard</Filter>
    </ClInclude>
    <ClInclude Include="..\..\src\whiteboard\highlight_visitor.hpp">
      <Filter>Whiteboard</Filter>
    </ClInclude>
    <ClInclude Include="..\..\src\whiteboard\manager.hpp">
      <Filter>Whiteboard</Filter>
    </ClInclude>
    <ClInclude Include="..\..\src\whiteboard\move.hpp">
      <Filter>Whiteboard</Filter>
    </ClInclude>
    <ClInclude Include="..\..\src\whiteboard\recall.hpp">
      <Filter>Whiteboard</Filter>
    </ClInclude>
    <ClInclude Include="..\..\src\whiteboard\recruit.hpp">
      <Filter>Whiteboard</Filter>
    </ClInclude>
    <ClInclude Include="..\..\src\whiteboard\side_actions.hpp">
      <Filter>Whiteboard</Filter>
    </ClInclude>
    <ClInclude Include="..\..\src\whiteboard\suppose_dead.hpp">
      <Filter>Whiteboard</Filter>
    </ClInclude>
    <ClInclude Include="..\..\src\whiteboard\typedefs.hpp">
      <Filter>Whiteboard</Filter>
    </ClInclude>
    <ClInclude Include="..\..\src\whiteboard\utility.hpp">
      <Filter>Whiteboard</Filter>
    </ClInclude>
    <ClInclude Include="..\..\src\whiteboard\validate_visitor.hpp">
      <Filter>Whiteboard</Filter>
    </ClInclude>
    <ClInclude Include="..\..\src\widgets\combo.hpp">
      <Filter>Gui\Widgets</Filter>
    </ClInclude>
    <ClInclude Include="..\..\src\widgets\file_menu.hpp">
      <Filter>Gui\Widgets</Filter>
    </ClInclude>
    <ClInclude Include="..\..\src\widgets\menu.hpp">
      <Filter>Gui\Widgets</Filter>
    </ClInclude>
    <ClInclude Include="..\..\src\widgets\progressbar.hpp">
      <Filter>Gui\Widgets</Filter>
    </ClInclude>
    <ClInclude Include="..\..\src\widgets\slider.hpp">
      <Filter>Gui\Widgets</Filter>
    </ClInclude>
    <ClInclude Include="..\..\src\about.hpp" />
    <ClInclude Include="..\..\src\actions.hpp" />
    <ClInclude Include="..\..\src\animated.hpp" />
    <ClInclude Include="..\..\src\array.hpp" />
    <ClInclude Include="..\..\src\arrow.hpp" />
    <ClInclude Include="..\..\src\asserts.hpp" />
    <ClInclude Include="..\..\src\attack_prediction.hpp" />
    <ClInclude Include="..\..\src\attack_prediction_display.hpp" />
    <ClInclude Include="..\..\src\builder.hpp" />
    <ClInclude Include="..\..\src\callable_objects.hpp" />
    <ClInclude Include="..\..\src\cavegen.hpp" />
    <ClInclude Include="..\..\src\chat_events.hpp" />
    <ClInclude Include="..\..\src\clipboard.hpp" />
    <ClInclude Include="..\..\src\commandline_options.hpp" />
    <ClInclude Include="..\..\src\config.hpp" />
    <ClInclude Include="..\..\src\config_cache.hpp" />
    <ClInclude Include="..\..\src\construct_dialog.hpp" />
    <ClInclude Include="..\..\src\controller_base.hpp" />
    <ClInclude Include="..\..\src\cursor.hpp" />
    <ClInclude Include="..\..\src\dialogs.hpp" />
    <ClInclude Include="..\..\src\display.hpp" />
    <ClInclude Include="..\..\src\events.hpp" />
    <ClInclude Include="..\..\src\exceptions.hpp" />
    <ClInclude Include="..\..\src\filechooser.hpp" />
    <ClInclude Include="..\..\src\filesystem.hpp" />
    <ClInclude Include="..\..\src\floating_textbox.hpp" />
    <ClInclude Include="..\..\src\font.hpp" />
    <ClInclude Include="..\..\src\foreach.hpp" />
    <ClInclude Include="..\..\src\formatter.hpp" />
    <ClInclude Include="..\..\src\formula.hpp" />
    <ClInclude Include="..\..\src\formula_callable.hpp" />
    <ClInclude Include="..\..\src\formula_debugger.hpp" />
    <ClInclude Include="..\..\src\formula_debugger_fwd.hpp" />
    <ClInclude Include="..\..\src\formula_function.hpp" />
    <ClInclude Include="..\..\src\formula_string_utils.hpp" />
    <ClInclude Include="..\..\src\formula_tokenizer.hpp" />
    <ClInclude Include="..\..\src\game_config.hpp" />
    <ClInclude Include="..\..\src\game_controller.hpp" />
    <ClInclude Include="..\..\src\game_controller_abstract.hpp" />
    <ClInclude Include="..\..\src\game_controller_new.hpp" />
    <ClInclude Include="..\..\src\game_display.hpp" />
    <ClInclude Include="..\..\src\game_end_exceptions.hpp" />
    <ClInclude Include="..\..\src\game_errors.hpp" />
    <ClInclude Include="..\..\src\game_events.hpp" />
    <ClInclude Include="..\..\src\game_instance.hpp" />
    <ClInclude Include="..\..\src\game_preferences.hpp" />
    <ClInclude Include="..\..\src\gamestatus.hpp" />
    <ClInclude Include="..\..\src\generic_event.hpp" />
    <ClInclude Include="..\..\src\gettext.hpp" />
    <ClInclude Include="..\..\src\global.hpp" />
    <ClInclude Include="..\..\src\halo.hpp" />
    <ClInclude Include="..\..\src\hash.hpp" />
    <ClInclude Include="..\..\src\help.hpp" />
    <ClInclude Include="..\..\src\hotkeys.hpp" />
    <ClInclude Include="..\..\src\image.hpp" />
    <ClInclude Include="..\..\src\image_modifications.hpp" />
    <ClInclude Include="..\..\src\intro.hpp" />
    <ClInclude Include="..\..\src\key.hpp" />
    <ClInclude Include="..\..\src\language.hpp" />
    <ClInclude Include="..\..\src\leader_list.hpp" />
    <ClInclude Include="..\..\src\loadscreen.hpp" />
    <ClInclude Include="..\..\src\lobby_preferences.hpp" />
    <ClInclude Include="..\..\src\log.hpp" />
    <ClInclude Include="..\..\src\lua_jailbreak_exception.hpp" />
    <ClInclude Include="..\..\src\map.hpp" />
    <ClInclude Include="..\..\src\map_create.hpp" />
    <ClInclude Include="..\..\src\map_exception.hpp" />
    <ClInclude Include="..\..\src\map_label.hpp" />
    <ClInclude Include="..\..\src\map_location.hpp" />
    <ClInclude Include="..\..\src\map_utils.hpp" />
    <ClInclude Include="..\..\src\mapgen.hpp" />
    <ClInclude Include="..\..\src\mapgen_dialog.hpp" />
    <ClInclude Include="..\..\src\marked-up_text.hpp" />
    <ClInclude Include="..\..\src\md5.hpp" />
    <ClInclude Include="..\..\src\menu_events.hpp" />
    <ClInclude Include="..\..\src\minimap.hpp" />
    <ClInclude Include="..\..\src\mouse_events.hpp" />
    <ClInclude Include="..\..\src\mouse_handler_base.hpp" />
    <ClInclude Include="..\..\src\mp_game_settings.hpp" />
    <ClInclude Include="..\..\src\multiplayer.hpp" />
    <ClInclude Include="..\..\src\multiplayer_connect.hpp" />
    <ClInclude Include="..\..\src\multiplayer_create.hpp" />
    <ClInclude Include="..\..\src\multiplayer_error_codes.hpp" />
    <ClInclude Include="..\..\src\multiplayer_lobby.hpp" />
    <ClInclude Include="..\..\src\multiplayer_ui.hpp" />
    <ClInclude Include="..\..\src\multiplayer_wait.hpp" />
    <ClInclude Include="..\..\src\network.hpp" />
    <ClInclude Include="..\..\src\network_asio.hpp" />
    <ClInclude Include="..\..\src\network_worker.hpp" />
    <ClInclude Include="..\..\src\pathutils.hpp" />
    <ClInclude Include="..\..\src\persist_context.hpp" />
    <ClInclude Include="..\..\src\persist_manager.hpp" />
    <ClInclude Include="..\..\src\persist_var.hpp" />
    <ClInclude Include="..\..\src\play_controller.hpp" />
    <ClInclude Include="..\..\src\playcampaign.hpp" />
    <ClInclude Include="..\..\src\playmp_controller.hpp" />
    <ClInclude Include="..\..\src\playsingle_controller.hpp" />
    <ClInclude Include="..\..\src\playturn.hpp" />
    <ClInclude Include="..\..\src\portrait.hpp" />
    <ClInclude Include="..\..\src\preferences.hpp" />
    <ClInclude Include="..\..\src\preferences_display.hpp" />
    <ClInclude Include="..\..\src\race.hpp" />
    <ClInclude Include="..\..\src\random.hpp" />
    <ClInclude Include="..\..\src\replay.hpp" />
    <ClInclude Include="..\..\src\replay_controller.hpp" />
    <ClInclude Include="..\..\src\reports.hpp" />
    <ClInclude Include="..\..\src\resources.hpp" />
    <ClInclude Include="..\..\src\rng.hpp" />
    <ClInclude Include="..\..\src\save_blocker.hpp" />
    <ClInclude Include="..\..\src\savegame.hpp" />
    <ClInclude Include="..\..\src\savegame_config.hpp" />
    <ClInclude Include="..\..\src\scoped_resource.hpp" />
    <ClInclude Include="..\..\src\sdl_utils.hpp" />
    <ClInclude Include="..\..\src\settings.hpp" />
    <ClInclude Include="..\..\src\sha1.hpp" />
    <ClInclude Include="..\..\src\shared_object.hpp" />
    <ClInclude Include="..\..\src\show_dialog.hpp" />
    <ClInclude Include="..\..\src\side_filter.hpp" />
    <ClInclude Include="..\..\src\simple_rng.hpp" />
    <ClInclude Include="..\..\src\sound.hpp" />
    <ClInclude Include="..\..\src\sound_music_track.hpp" />
    <ClInclude Include="..\..\src\soundsource.hpp" />
    <ClInclude Include="..\..\src\statistics.hpp" />
    <ClInclude Include="..\..\src\statistics_dialog.hpp" />
    <ClInclude Include="..\..\src\team.hpp" />
    <ClInclude Include="..\..\src\terrain.hpp" />
    <ClInclude Include="..\..\src\terrain_filter.hpp" />
    <ClInclude Include="..\..\src\terrain_translation.hpp" />
    <ClInclude Include="..\..\src\text.hpp" />
    <ClInclude Include="..\..\src\theme.hpp" />
    <ClInclude Include="..\..\src\thread.hpp" />
    <ClInclude Include="..\..\src\time_of_day.hpp" />
    <ClInclude Include="..\..\src\tod_manager.hpp" />
    <ClInclude Include="..\..\src\tooltips.hpp" />
    <ClInclude Include="..\..\src\tstring.hpp" />
    <ClInclude Include="..\..\src\unit.hpp" />
    <ClInclude Include="..\..\src\unit_abilities.hpp" />
    <ClInclude Include="..\..\src\unit_display.hpp" />
    <ClInclude Include="..\..\src\unit_frame.hpp" />
    <ClInclude Include="..\..\src\unit_helper.hpp" />
    <ClInclude Include="..\..\src\unit_id.hpp" />
    <ClInclude Include="..\..\src\unit_map.hpp" />
    <ClInclude Include="..\..\src\unit_types.hpp" />
    <ClInclude Include="..\..\src\util.hpp" />
    <ClInclude Include="..\..\src\variable.hpp" />
    <ClInclude Include="..\..\src\version.hpp" />
    <ClInclude Include="..\..\src\video.hpp" />
    <ClInclude Include="..\..\src\wesconfig.h" />
    <ClInclude Include="..\..\src\wml_exception.hpp" />
    <ClInclude Include="..\..\src\wml_separators.hpp" />
    <ClInclude Include="..\..\src\joystick.hpp" />
    <ClInclude Include="..\..\src\whiteboard\mapbuilder.hpp">
      <Filter>Whiteboard</Filter>
    </ClInclude>
    <ClInclude Include="..\..\src\tools\schema\tag.hpp">
      <Filter>tools\schema</Filter>
    </ClInclude>
    <ClInclude Include="..\..\src\gui\dialogs\folder_create.hpp">
      <Filter>Gui\Dialogs</Filter>
    </ClInclude>
    <ClInclude Include="..\..\src\gui\dialogs\addon\uninstall_list.hpp">
      <Filter>Gui\Dialogs\Addon</Filter>
    </ClInclude>
    <ClInclude Include="..\..\src\gui\dialogs\editor_set_starting_position.hpp">
      <Filter>Gui\Dialogs</Filter>
    </ClInclude>
  </ItemGroup>
</Project>