Microsoft Visual Studio Solution File, Format Version 11.00
# Visual Studio 2010
Project("{8BC9CEB8-8B4A-11D0-8D11-00A0C91BC942}") = "wesnoth", "wesnoth.vcxproj", "{65ACA13F-5F5C-4768-A89A-ECF6C16F1512}"
EndProject
Project("{8BC9CEB8-8B4A-11D0-8D11-00A0C91BC942}") = "wesnothd", "wesnothd.vcxproj", "{72F28A4A-A6A2-4C49-8141-7CD0DFA9ECCE}"
EndProject
Project("{8BC9CEB8-8B4A-11D0-8D11-00A0C91BC942}") = "wesnothlib", "wesnothlib.vcxproj", "{4A16638B-127B-4AE8-8E0B-4B211B96F976}"
EndProject
Project("{8BC9CEB8-8B4A-11D0-8D11-00A0C91BC942}") = "liblua", "liblua.vcxproj", "{01AE7104-A4B1-428E-BA7C-460FE656AE5C}"
EndProject
Global
	GlobalSection(SolutionConfigurationPlatforms) = preSolution
		Debug (fast)|Win32 = Debug (fast)|Win32
		Debug|Win32 = Debug|Win32
		Release|Win32 = Release|Win32
	EndGlobalSection
	GlobalSection(ProjectConfigurationPlatforms) = postSolution
		{65ACA13F-5F5C-4768-A89A-ECF6C16F1512}.Debug (fast)|Win32.ActiveCfg = Debug (fast)|Win32
		{65ACA13F-5F5C-4768-A89A-ECF6C16F1512}.Debug (fast)|Win32.Build.0 = Debug (fast)|Win32
		{65ACA13F-5F5C-4768-A89A-ECF6C16F1512}.Debug|Win32.ActiveCfg = Debug|Win32
		{65ACA13F-5F5C-4768-A89A-ECF6C16F1512}.Debug|Win32.Build.0 = Debug|Win32
		{65ACA13F-5F5C-4768-A89A-ECF6C16F1512}.Release|Win32.ActiveCfg = Release|Win32
		{65ACA13F-5F5C-4768-A89A-ECF6C16F1512}.Release|Win32.Build.0 = Release|Win32
		{72F28A4A-A6A2-4C49-8141-7CD0DFA9ECCE}.Debug (fast)|Win32.ActiveCfg = Debug|Win32
		{72F28A4A-A6A2-4C49-8141-7CD0DFA9ECCE}.Debug|Win32.ActiveCfg = Debug|Win32
		{72F28A4A-A6A2-4C49-8141-7CD0DFA9ECCE}.Release|Win32.ActiveCfg = Release|Win32
		{4A16638B-127B-4AE8-8E0B-4B211B96F976}.Debug (fast)|Win32.ActiveCfg = Debug|Win32
		{4A16638B-127B-4AE8-8E0B-4B211B96F976}.Debug (fast)|Win32.Build.0 = Debug|Win32
		{4A16638B-127B-4AE8-8E0B-4B211B96F976}.Debug|Win32.ActiveCfg = Debug|Win32
		{4A16638B-127B-4AE8-8E0B-4B211B96F976}.Debug|Win32.Build.0 = Debug|Win32
		{4A16638B-127B-4AE8-8E0B-4B211B96F976}.Release|Win32.ActiveCfg = Release|Win32
		{4A16638B-127B-4AE8-8E0B-4B211B96F976}.Release|Win32.Build.0 = Release|Win32
		{01AE7104-A4B1-428E-BA7C-460FE656AE5C}.Debug (fast)|Win32.ActiveCfg = Debug|Win32
		{01AE7104-A4B1-428E-BA7C-460FE656AE5C}.Debug (fast)|Win32.Build.0 = Debug|Win32
		{01AE7104-A4B1-428E-BA7C-460FE656AE5C}.Debug|Win32.ActiveCfg = Debug|Win32
		{01AE7104-A4B1-428E-BA7C-460FE656AE5C}.Debug|Win32.Build.0 = Debug|Win32
		{01AE7104-A4B1-428E-BA7C-460FE656AE5C}.Release|Win32.ActiveCfg = Release|Win32
		{01AE7104-A4B1-428E-BA7C-460FE656AE5C}.Release|Win32.Build.0 = Release|Win32
	EndGlobalSection
	GlobalSection(SolutionProperties) = preSolution
		HideSolutionNode = FALSE
	EndGlobalSection
EndGlobal
