// !$*UTF8*$!
{
	archiveVersion = 1;
	classes = {
	};
	objectVersion = 39;
	objects = {
		080E96DCFE201CFB7F000001 = {
			fileRef = 29B97318FDCFA39411CA2CEA;
			isa = PBXBuildFile;
			settings = {
			};
		};
		080E96DDFE201D6D7F000001 = {
			children = (
				2CCE23900614CF6C001CF66E,
				2CCE23910614CF6C001CF66E,
				2C7A8EBE061EDD51003FBA73,
				2C7A8EBF061EDD51003FBA73,
				2C27299F0615D52E00BEC3B9,
				2C2729A00615D52E00BEC3B9,
				5FCCE63E06624A8000E54091,
				5FCCE63F06624A8000E54091,
				5FF9D102061459E800A78EA1,
				5FF9D103061459E800A78EA1,
				5FF9D10A0614608D00A78EA1,
				5FF9D10B0614608D00A78EA1,
				2C2729E50615D66900BEC3B9,
				2C2729E60615D66900BEC3B9,
				5FEE7D570621A43300A78EA1,
				5FEE7D580621A43300A78EA1,
				5FEED5B3061AE18100A78EA1,
				5FEED5B4061AE18100A78EA1,
				5FEED5B7061AE1E700A78EA1,
				5FEED5B8061AE1E700A78EA1,
				5FEDFBF70611B30500A78EA1,
				5FEDFBF80611B30500A78EA1,
				5FEB46B50612F3D400A78EA1,
				5FEB46B60612F3D400A78EA1,
				5FEDFB520611A30F00A78EA1,
				5FEDFB510611A30F00A78EA1,
				5FECBB6B063819FC00A78EA1,
				5FECBB6C063819FC00A78EA1,
				5FEABEA7062C3EDC00A78EA1,
				5FEABEA6062C3EDC00A78EA1,
				5FEABEAA062C3EFA00A78EA1,
				5FEABEAB062C3EFA00A78EA1,
				5FFEE4A5063411F900A78EA1,
				5FFEE4A6063411F900A78EA1,
				5FFEE4A90634154100A78EA1,
				5FFEE4AA0634154100A78EA1,
				5FECBB660637BFEB00A78EA1,
				5FECBB650637BFEB00A78EA1,
				5FEDFB550611A33E00A78EA1,
				5FEDFB560611A33E00A78EA1,
				5FA20BD006634EDB00188966,
				5FA20BD106634EDB00188966,
				5FA20C2F066354B100188966,
				5FA20C30066354B100188966,
				5F98A7D806649FFF0018E8D2,
				5F98A7D906649FFF0018E8D2,
				5FAF5670066C81720016B1E2,
				5FAF5671066C81720016B1E2,
				5FEB46B90612F6E400A78EA1,
				5FEB46BA0612F6E400A78EA1,
				5FEB4A3606131A9D00A78EA1,
				5FEB4A3706131A9D00A78EA1,
				2C2728E20615815800BEC3B9,
				2C2728E30615815800BEC3B9,
				5FEDAF600636A52700A78EA1,
				5FEDAF610636A52700A78EA1,
				5FEED5BB061B063300A78EA1,
				5FEED5BC061B063300A78EA1,
				5FFCA12E0622BB2800A78EA1,
				5FFCA12F0622BB2800A78EA1,
				5FF9D0FF0614588A00A78EA1,
				5FF9D0FE0614588A00A78EA1,
				2C9F5F51061754210092EB5A,
				2C9F5F52061754210092EB5A,
				2C2728E90615818200BEC3B9,
				2C2728EA0615818200BEC3B9,
				5FEDFB5E0611A36F00A78EA1,
				5FEDFB5D0611A36F00A78EA1,
				5FEDFB610611A38500A78EA1,
				5FEDFB620611A38500A78EA1,
				5FFCA1280622B30600A78EA1,
				5FFCA1290622B30600A78EA1,
				5FEDFB660611A39500A78EA1,
				5FEDFB650611A39500A78EA1,
				2C2728DB0615809F00BEC3B9,
				2C2728DC0615809F00BEC3B9,
				5FF9D10E0614618A00A78EA1,
				5FF9D10F0614618A00A78EA1,
				5FEDFBFC0611BCB800A78EA1,
				5FEDFBFB0611BCB800A78EA1,
				2C2728C20615802500BEC3B9,
				2C2728C10615802500BEC3B9,
				5FF9D11406146D8400A78EA1,
				5FF9D11506146D8400A78EA1,
				2C826206063C44B600C6988C,
				2C826207063C44B600C6988C,
				5FF48D950621609000A78EA1,
				5FF48D960621609000A78EA1,
				5F36F49A08054520008EA275,
				5F36F49B08054520008EA275,
			);
			isa = PBXGroup;
			name = Classes;
			refType = 4;
			sourceTree = "<group>";
		};
		089C165CFE840E0CC02AAC07 = {
			children = (
				089C165DFE840E0CC02AAC07,
			);
			isa = PBXVariantGroup;
			name = InfoPlist.strings;
			refType = 4;
			sourceTree = "<group>";
		};
		089C165DFE840E0CC02AAC07 = {
			fileEncoding = 10;
			isa = PBXFileReference;
			lastKnownFileType = text.plist.strings;
			name = English;
			path = English.lproj/InfoPlist.strings;
			refType = 4;
			sourceTree = "<group>";
		};
		089C165EFE840E0CC02AAC07 = {
			fileRef = 089C165CFE840E0CC02AAC07;
			isa = PBXBuildFile;
			settings = {
			};
		};
//080
//081
//082
//083
//084
//100
//101
//102
//103
//104
		1058C7A0FEA54F0111CA2CBB = {
			children = (
				1058C7A1FEA54F0111CA2CBB,
			);
			isa = PBXGroup;
			name = "Linked Frameworks";
			refType = 4;
			sourceTree = "<group>";
		};
		1058C7A1FEA54F0111CA2CBB = {
			isa = PBXFileReference;
			lastKnownFileType = wrapper.framework;
			name = Cocoa.framework;
			path = /System/Library/Frameworks/Cocoa.framework;
			refType = 0;
			sourceTree = "<absolute>";
		};
		1058C7A2FEA54F0111CA2CBB = {
			children = (
				29B97325FDCFA39411CA2CEA,
				29B97324FDCFA39411CA2CEA,
			);
			isa = PBXGroup;
			name = "Other Frameworks";
			refType = 4;
			sourceTree = "<group>";
		};
		1058C7A3FEA54F0111CA2CBB = {
			fileRef = 1058C7A1FEA54F0111CA2CBB;
			isa = PBXBuildFile;
			settings = {
			};
		};
//100
//101
//102
//103
//104
//170
//171
//172
//173
//174
		17587328FF379C6511CA2CBB = {
			explicitFileType = wrapper.application;
			isa = PBXFileReference;
			path = "Wesnoth Scenario Editor.app";
			refType = 3;
			sourceTree = BUILT_PRODUCTS_DIR;
		};
//170
//171
//172
//173
//174
//190
//191
//192
//193
//194
		19C28FACFE9D520D11CA2CBB = {
			children = (
				17587328FF379C6511CA2CBB,
				2CCBCAF5064D13A4005F11D6,
			);
			isa = PBXGroup;
			name = Products;
			refType = 4;
			sourceTree = "<group>";
		};
//190
//191
//192
//193
//194
//290
//291
//292
//293
//294
		29B97313FDCFA39411CA2CEA = {
			buildSettings = {
			};
			buildStyles = (
				4A9504CCFFE6A4B311CA0CBA,
				4A9504CDFFE6A4B311CA0CBA,
			);
			hasScannedForEncodings = 1;
			isa = PBXProject;
			mainGroup = 29B97314FDCFA39411CA2CEA;
			projectDirPath = "";
			targets = (
				29B97326FDCFA39411CA2CEA,
				2CCBCA95064D13A3005F11D6,
			);
		};
		29B97314FDCFA39411CA2CEA = {
			children = (
				080E96DDFE201D6D7F000001,
				29B97315FDCFA39411CA2CEA,
				29B97317FDCFA39411CA2CEA,
				29B97323FDCFA39411CA2CEA,
				19C28FACFE9D520D11CA2CBB,
				2CCBCAF4064D13A4005F11D6,
			);
			isa = PBXGroup;
			name = "Wesnoth Scenario Editor";
			path = "";
			refType = 4;
			sourceTree = "<group>";
		};
		29B97315FDCFA39411CA2CEA = {
			children = (
				32CA4F630368D1EE00C91783,
				29B97316FDCFA39411CA2CEA,
			);
			isa = PBXGroup;
			name = "Other Sources";
			path = "";
			refType = 4;
			sourceTree = "<group>";
		};
		29B97316FDCFA39411CA2CEA = {
			fileEncoding = 30;
			isa = PBXFileReference;
			lastKnownFileType = sourcecode.c.objc;
			path = main.m;
			refType = 4;
			sourceTree = "<group>";
		};
		29B97317FDCFA39411CA2CEA = {
			children = (
				5F9A99FC0658EB7F0004FC8E,
				5FAF56B4066CBBD60016B1E2,
				5FAF56B5066CBBD70016B1E2,
				5FF0B00E06183AE900A78EA1,
				5FEB4A42061347B500A78EA1,
				29B97318FDCFA39411CA2CEA,
				5F9AFC99065CCB9B00F1A8B7,
				5FEE7D55062198DD00A78EA1,
				089C165CFE840E0CC02AAC07,
				5FE715BE062E8DCA00A78EA1,
			);
			isa = PBXGroup;
			name = Resources;
			path = "";
			refType = 4;
			sourceTree = "<group>";
		};
		29B97318FDCFA39411CA2CEA = {
			children = (
				29B97319FDCFA39411CA2CEA,
			);
			isa = PBXVariantGroup;
			name = MainMenu.nib;
			path = "";
			refType = 4;
			sourceTree = "<group>";
		};
		29B97319FDCFA39411CA2CEA = {
			isa = PBXFileReference;
			lastKnownFileType = wrapper.nib;
			name = English;
			path = English.lproj/MainMenu.nib;
			refType = 4;
			sourceTree = "<group>";
		};
		29B97323FDCFA39411CA2CEA = {
			children = (
				1058C7A0FEA54F0111CA2CBB,
				1058C7A2FEA54F0111CA2CBB,
			);
			isa = PBXGroup;
			name = Frameworks;
			path = "";
			refType = 4;
			sourceTree = "<group>";
		};
		29B97324FDCFA39411CA2CEA = {
			isa = PBXFileReference;
			lastKnownFileType = wrapper.framework;
			name = AppKit.framework;
			path = /System/Library/Frameworks/AppKit.framework;
			refType = 0;
			sourceTree = "<absolute>";
		};
		29B97325FDCFA39411CA2CEA = {
			isa = PBXFileReference;
			lastKnownFileType = wrapper.framework;
			name = Foundation.framework;
			path = /System/Library/Frameworks/Foundation.framework;
			refType = 0;
			sourceTree = "<absolute>";
		};
		29B97326FDCFA39411CA2CEA = {
			buildPhases = (
				29B97327FDCFA39411CA2CEA,
				29B97328FDCFA39411CA2CEA,
				29B9732BFDCFA39411CA2CEA,
				29B9732DFDCFA39411CA2CEA,
			);
			buildSettings = {
				DEBUGGING_SYMBOLS = NO;
				FRAMEWORK_SEARCH_PATHS = "";
				HEADER_SEARCH_PATHS = "";
				INSTALL_PATH = "$(HOME)/Applications";
				LIBRARY_SEARCH_PATHS = "";
				OTHER_CFLAGS = "";
				OTHER_LDFLAGS = "";
				PRECOMPILE_PREFIX_HEADER = YES;
				PREFIX_HEADER = Wesnoth_Scenario_Editor_Prefix.h;
				PRODUCT_NAME = "Wesnoth Scenario Editor";
				SECTORDER_FLAGS = "";
				WARNING_CFLAGS = "-Wmost -Wno-four-char-constants -Wno-unknown-pragmas";
				WRAPPER_EXTENSION = app;
			};
			dependencies = (
			);
			isa = PBXApplicationTarget;
			name = "Wesnoth Scenario Editor";
			productInstallPath = "$(HOME)/Applications";
			productName = "Wesnoth Scenario Editor";
			productReference = 17587328FF379C6511CA2CBB;
			productSettingsXML = "<?xml version=\"1.0\" encoding=\"UTF-8\"?>
<!DOCTYPE plist PUBLIC \"-//Apple Computer//DTD PLIST 1.0//EN\" \"http://www.apple.com/DTDs/PropertyList-1.0.dtd\">
<plist version=\"1.0\">
<dict>
	<key>CFBundleDevelopmentRegion</key>
	<string>English</string>
	<key>CFBundleExecutable</key>
	<string>Wesnoth Scenario Editor</string>
	<key>CFBundleIconFile</key>
	<string>MacIcon.icns</string>
	<key>CFBundleInfoDictionaryVersion</key>
	<string>6.0</string>
	<key>CFBundlePackageType</key>
	<string>APPL</string>
	<key>CFBundleSignature</key>
	<string>????</string>
	<key>CFBundleVersion</key>
	<string>0.1</string>
	<key>NSMainNibFile</key>
	<string>MainMenu</string>
	<key>NSPrincipalClass</key>
	<string>NSApplication</string>
</dict>
</plist>
";
		};
		29B97327FDCFA39411CA2CEA = {
			buildActionMask = 2147483647;
			files = (
				32CA4F650368D2AA00C91783,
				5FEDFB540611A31F00A78EA1,
				5FEDFB570611A33E00A78EA1,
				5FEDFB600611A36F00A78EA1,
				5FEDFB630611A38500A78EA1,
				5FEDFB680611A39500A78EA1,
				5FEDFBF90611B30500A78EA1,
				5FEDFBFE0611BCB800A78EA1,
				5FEB46B70612F3D500A78EA1,
				5FEB46BB0612F6E400A78EA1,
				5FEB4A3806131A9D00A78EA1,
				5FF9D1010614588A00A78EA1,
				5FF9D104061459E800A78EA1,
				5FF9D10C0614608D00A78EA1,
				5FF9D1100614618A00A78EA1,
				5FF9D11606146D8400A78EA1,
				2CCE23920614CF6C001CF66E,
				2C2728C40615802500BEC3B9,
				2C2728DD0615809F00BEC3B9,
				2C2728E40615815800BEC3B9,
				2C2728EB0615818200BEC3B9,
				2C2729A10615D52E00BEC3B9,
				2C2729E70615D66900BEC3B9,
				2C9F5F53061754210092EB5A,
				5FEED5B5061AE18100A78EA1,
				5FEED5B9061AE1E700A78EA1,
				5FEED5BD061B063300A78EA1,
				2C7A8EC0061EDD51003FBA73,
				5FF48D970621609000A78EA1,
				5FEE7D590621A43300A78EA1,
				5FFCA12A0622B30600A78EA1,
				5FFCA1300622BB2800A78EA1,
				5FEABEA9062C3EDD00A78EA1,
				5FEABEAC062C3EFA00A78EA1,
				5FFEE4A7063411FA00A78EA1,
				5FFEE4AB0634154100A78EA1,
				5FEDAF620636A52800A78EA1,
				5FECBB680637BFEB00A78EA1,
				5FECBB6D063819FC00A78EA1,
				2C826208063C44B600C6988C,
				5FCCE64006624A8000E54091,
				5FA20BD206634EDB00188966,
				5FA20C31066354B100188966,
				5F98A7DC06649FFF0018E8D2,
				5FAF5672066C81720016B1E2,
				5F36F49C08054520008EA275,
			);
			isa = PBXHeadersBuildPhase;
			runOnlyForDeploymentPostprocessing = 0;
		};
		29B97328FDCFA39411CA2CEA = {
			buildActionMask = 2147483647;
			files = (
				080E96DCFE201CFB7F000001,
				089C165EFE840E0CC02AAC07,
				5FEB4A43061347B500A78EA1,
				5FF0B00F06183AE900A78EA1,
				5FEE7D56062198DD00A78EA1,
				5FE715BF062E8DCA00A78EA1,
				5F9A99FD0658EB7F0004FC8E,
				5F9AFC9A065CCB9B00F1A8B7,
				5FAF56B8066CBBDB0016B1E2,
				5FAF56B9066CBBDB0016B1E2,
			);
			isa = PBXResourcesBuildPhase;
			runOnlyForDeploymentPostprocessing = 0;
		};
		29B9732BFDCFA39411CA2CEA = {
			buildActionMask = 2147483647;
			files = (
				29B9732CFDCFA39411CA2CEA,
				5FEDFB530611A31F00A78EA1,
				5FEDFB580611A33E00A78EA1,
				5FEDFB5F0611A36F00A78EA1,
				5FEDFB640611A38500A78EA1,
				5FEDFB670611A39500A78EA1,
				5FEDFBFA0611B30500A78EA1,
				5FEDFBFD0611BCB800A78EA1,
				5FEB46B80612F3D500A78EA1,
				5FEB46BC0612F6E400A78EA1,
				5FEB4A3906131A9D00A78EA1,
				5FF9D1000614588A00A78EA1,
				5FF9D105061459E800A78EA1,
				5FF9D10D0614608D00A78EA1,
				5FF9D1110614618A00A78EA1,
				5FF9D11706146D8400A78EA1,
				2CCE23930614CF6C001CF66E,
				2C2728C30615802500BEC3B9,
				2C2728DE0615809F00BEC3B9,
				2C2728E50615815800BEC3B9,
				2C2728EC0615818200BEC3B9,
				2C2729A20615D52E00BEC3B9,
				2C2729E80615D66900BEC3B9,
				2C9F5F54061754210092EB5A,
				5FEED5B6061AE18100A78EA1,
				5FEED5BA061AE1E700A78EA1,
				5FEED5BE061B063300A78EA1,
				2C7A8EC1061EDD51003FBA73,
				5FF48D980621609000A78EA1,
				5FEE7D5A0621A43300A78EA1,
				5FFCA12B0622B30600A78EA1,
				5FFCA1310622BB2800A78EA1,
				5FEABEA8062C3EDD00A78EA1,
				5FEABEAD062C3EFA00A78EA1,
				5FFEE4A8063411FA00A78EA1,
				5FFEE4AC0634154100A78EA1,
				5FEDAF630636A52800A78EA1,
				5FECBB670637BFEB00A78EA1,
				5FECBB6E063819FC00A78EA1,
				2C826209063C44B600C6988C,
				5FCCE64106624A8100E54091,
				5FA20BD306634EDB00188966,
				5FA20C32066354B100188966,
				5F98A7DD06649FFF0018E8D2,
				5FAF5673066C81720016B1E2,
				5F36F49D08054520008EA275,
			);
			isa = PBXSourcesBuildPhase;
			runOnlyForDeploymentPostprocessing = 0;
		};
		29B9732CFDCFA39411CA2CEA = {
			fileRef = 29B97316FDCFA39411CA2CEA;
			isa = PBXBuildFile;
			settings = {
				ATTRIBUTES = (
				);
			};
		};
		29B9732DFDCFA39411CA2CEA = {
			buildActionMask = 2147483647;
			files = (
				1058C7A3FEA54F0111CA2CBB,
			);
			isa = PBXFrameworksBuildPhase;
			runOnlyForDeploymentPostprocessing = 0;
		};
//290
//291
//292
//293
//294
//2C0
//2C1
//2C2
//2C3
//2C4
		2C2728C10615802500BEC3B9 = {
			fileEncoding = 30;
			isa = PBXFileReference;
			lastKnownFileType = sourcecode.c.objc;
			path = WNUnitMapView.m;
			refType = 4;
			sourceTree = "<group>";
		};
		2C2728C20615802500BEC3B9 = {
			fileEncoding = 30;
			isa = PBXFileReference;
			lastKnownFileType = sourcecode.c.h;
			path = WNUnitMapView.h;
			refType = 4;
			sourceTree = "<group>";
		};
		2C2728C30615802500BEC3B9 = {
			fileRef = 2C2728C10615802500BEC3B9;
			isa = PBXBuildFile;
			settings = {
			};
		};
		2C2728C40615802500BEC3B9 = {
			fileRef = 2C2728C20615802500BEC3B9;
			isa = PBXBuildFile;
			settings = {
			};
		};
		2C2728DB0615809F00BEC3B9 = {
			fileEncoding = 30;
			isa = PBXFileReference;
			lastKnownFileType = sourcecode.c.h;
			path = WNTerrainMapView.h;
			refType = 4;
			sourceTree = "<group>";
		};
		2C2728DC0615809F00BEC3B9 = {
			fileEncoding = 30;
			isa = PBXFileReference;
			lastKnownFileType = sourcecode.c.objc;
			path = WNTerrainMapView.m;
			refType = 4;
			sourceTree = "<group>";
		};
		2C2728DD0615809F00BEC3B9 = {
			fileRef = 2C2728DB0615809F00BEC3B9;
			isa = PBXBuildFile;
			settings = {
			};
		};
		2C2728DE0615809F00BEC3B9 = {
			fileRef = 2C2728DC0615809F00BEC3B9;
			isa = PBXBuildFile;
			settings = {
			};
		};
		2C2728E20615815800BEC3B9 = {
			fileEncoding = 30;
			isa = PBXFileReference;
			lastKnownFileType = sourcecode.c.h;
			path = WNLeaderListView.h;
			refType = 4;
			sourceTree = "<group>";
		};
		2C2728E30615815800BEC3B9 = {
			fileEncoding = 30;
			isa = PBXFileReference;
			lastKnownFileType = sourcecode.c.objc;
			path = WNLeaderListView.m;
			refType = 4;
			sourceTree = "<group>";
		};
		2C2728E40615815800BEC3B9 = {
			fileRef = 2C2728E20615815800BEC3B9;
			isa = PBXBuildFile;
			settings = {
			};
		};
		2C2728E50615815800BEC3B9 = {
			fileRef = 2C2728E30615815800BEC3B9;
			isa = PBXBuildFile;
			settings = {
			};
		};
		2C2728E90615818200BEC3B9 = {
			fileEncoding = 30;
			isa = PBXFileReference;
			lastKnownFileType = sourcecode.c.h;
			path = WNRecruitListView.h;
			refType = 4;
			sourceTree = "<group>";
		};
		2C2728EA0615818200BEC3B9 = {
			fileEncoding = 30;
			isa = PBXFileReference;
			lastKnownFileType = sourcecode.c.objc;
			path = WNRecruitListView.m;
			refType = 4;
			sourceTree = "<group>";
		};
		2C2728EB0615818200BEC3B9 = {
			fileRef = 2C2728E90615818200BEC3B9;
			isa = PBXBuildFile;
			settings = {
			};
		};
		2C2728EC0615818200BEC3B9 = {
			fileRef = 2C2728EA0615818200BEC3B9;
			isa = PBXBuildFile;
			settings = {
			};
		};
		2C27299F0615D52E00BEC3B9 = {
			fileEncoding = 4;
			isa = PBXFileReference;
			lastKnownFileType = sourcecode.c.h;
			path = WMLCampaign.h;
			refType = 4;
			sourceTree = "<group>";
		};
		2C2729A00615D52E00BEC3B9 = {
			fileEncoding = 4;
			isa = PBXFileReference;
			lastKnownFileType = sourcecode.c.objc;
			path = WMLCampaign.m;
			refType = 4;
			sourceTree = "<group>";
		};
		2C2729A10615D52E00BEC3B9 = {
			fileRef = 2C27299F0615D52E00BEC3B9;
			isa = PBXBuildFile;
			settings = {
			};
		};
		2C2729A20615D52E00BEC3B9 = {
			fileRef = 2C2729A00615D52E00BEC3B9;
			isa = PBXBuildFile;
			settings = {
			};
		};
		2C2729E50615D66900BEC3B9 = {
			fileEncoding = 4;
			isa = PBXFileReference;
			lastKnownFileType = sourcecode.c.h;
			path = WMLScenario.h;
			refType = 4;
			sourceTree = "<group>";
		};
		2C2729E60615D66900BEC3B9 = {
			fileEncoding = 4;
			isa = PBXFileReference;
			lastKnownFileType = sourcecode.c.objc;
			path = WMLScenario.m;
			refType = 4;
			sourceTree = "<group>";
		};
		2C2729E70615D66900BEC3B9 = {
			fileRef = 2C2729E50615D66900BEC3B9;
			isa = PBXBuildFile;
			settings = {
			};
		};
		2C2729E80615D66900BEC3B9 = {
			fileRef = 2C2729E60615D66900BEC3B9;
			isa = PBXBuildFile;
			settings = {
			};
		};
		2C7A8EBE061EDD51003FBA73 = {
			fileEncoding = 4;
			isa = PBXFileReference;
			lastKnownFileType = sourcecode.c.h;
			path = SelectionUtils.h;
			refType = 4;
			sourceTree = "<group>";
		};
		2C7A8EBF061EDD51003FBA73 = {
			fileEncoding = 4;
			isa = PBXFileReference;
			lastKnownFileType = sourcecode.c.objc;
			path = SelectionUtils.m;
			refType = 4;
			sourceTree = "<group>";
		};
		2C7A8EC0061EDD51003FBA73 = {
			fileRef = 2C7A8EBE061EDD51003FBA73;
			isa = PBXBuildFile;
			settings = {
			};
		};
		2C7A8EC1061EDD51003FBA73 = {
			fileRef = 2C7A8EBF061EDD51003FBA73;
			isa = PBXBuildFile;
			settings = {
			};
		};
		2C826206063C44B600C6988C = {
			fileEncoding = 4;
			isa = PBXFileReference;
			lastKnownFileType = sourcecode.c.h;
			path = WNUtils.h;
			refType = 4;
			sourceTree = "<group>";
		};
		2C826207063C44B600C6988C = {
			fileEncoding = 4;
			isa = PBXFileReference;
			lastKnownFileType = sourcecode.c.objc;
			path = WNUtils.m;
			refType = 4;
			sourceTree = "<group>";
		};
		2C826208063C44B600C6988C = {
			fileRef = 2C826206063C44B600C6988C;
			isa = PBXBuildFile;
			settings = {
			};
		};
		2C826209063C44B600C6988C = {
			fileRef = 2C826207063C44B600C6988C;
			isa = PBXBuildFile;
			settings = {
			};
		};
		2C9F5F51061754210092EB5A = {
			fileEncoding = 4;
			isa = PBXFileReference;
			lastKnownFileType = sourcecode.c.h;
			path = WNPreferences.h;
			refType = 4;
			sourceTree = "<group>";
		};
		2C9F5F52061754210092EB5A = {
			fileEncoding = 4;
			isa = PBXFileReference;
			lastKnownFileType = sourcecode.c.objc;
			path = WNPreferences.m;
			refType = 4;
			sourceTree = "<group>";
		};
		2C9F5F53061754210092EB5A = {
			fileRef = 2C9F5F51061754210092EB5A;
			isa = PBXBuildFile;
			settings = {
			};
		};
		2C9F5F54061754210092EB5A = {
			fileRef = 2C9F5F52061754210092EB5A;
			isa = PBXBuildFile;
			settings = {
			};
		};
		2CCBCA95064D13A3005F11D6 = {
			buildPhases = (
				2CCBCA96064D13A3005F11D6,
				2CCBCAC0064D13A3005F11D6,
				2CCBCAC7064D13A3005F11D6,
				2CCBCAF1064D13A3005F11D6,
			);
			buildRules = (
			);
			buildSettings = {
				CURRENT_PROJECT_VERSION = 0.10;
				FRAMEWORK_SEARCH_PATHS = "";
				GCC_PRECOMPILE_PREFIX_HEADER = YES;
				GCC_PREFIX_HEADER = Wesnoth_Scenario_Editor_Prefix.h;
				HEADER_SEARCH_PATHS = "";
				INFOPLIST_FILE = "Info-Wesnoth_Scenario_Editor__Upgraded_.plist";
				INSTALL_PATH = "$(HOME)/Applications";
				LIBRARY_SEARCH_PATHS = "";
				OTHER_CFLAGS = "";
				OTHER_LDFLAGS = "";
				PRODUCT_NAME = "Wesnoth Scenario Editor";
				SECTORDER_FLAGS = "";
				VERSIONING_SYSTEM = "apple-generic";
				WARNING_CFLAGS = "-Wmost -Wno-four-char-constants -Wno-unknown-pragmas";
				WRAPPER_EXTENSION = app;
			};
			dependencies = (
			);
			isa = PBXNativeTarget;
			name = "Wesnoth Scenario Editor (Upgraded)";
			productInstallPath = "$(HOME)/Applications";
			productName = "Wesnoth Scenario Editor";
			productReference = 2CCBCAF5064D13A4005F11D6;
			productType = "com.apple.product-type.application";
		};
		2CCBCA96064D13A3005F11D6 = {
			buildActionMask = 2147483647;
			files = (
				2CCBCA97064D13A3005F11D6,
				2CCBCA98064D13A3005F11D6,
				2CCBCA99064D13A3005F11D6,
				2CCBCA9B064D13A3005F11D6,
				2CCBCA9C064D13A3005F11D6,
				2CCBCA9D064D13A3005F11D6,
				2CCBCA9E064D13A3005F11D6,
				2CCBCA9F064D13A3005F11D6,
				2CCBCAA0064D13A3005F11D6,
				2CCBCAA1064D13A3005F11D6,
				2CCBCAA2064D13A3005F11D6,
				2CCBCAA3064D13A3005F11D6,
				2CCBCAA4064D13A3005F11D6,
				2CCBCAA5064D13A3005F11D6,
				2CCBCAA6064D13A3005F11D6,
				2CCBCAA7064D13A3005F11D6,
				2CCBCAA8064D13A3005F11D6,
				2CCBCAA9064D13A3005F11D6,
				2CCBCAAA064D13A3005F11D6,
				2CCBCAAB064D13A3005F11D6,
				2CCBCAAC064D13A3005F11D6,
				2CCBCAAD064D13A3005F11D6,
				2CCBCAAE064D13A3005F11D6,
				2CCBCAAF064D13A3005F11D6,
				2CCBCAB0064D13A3005F11D6,
				2CCBCAB1064D13A3005F11D6,
				2CCBCAB2064D13A3005F11D6,
				2CCBCAB3064D13A3005F11D6,
				2CCBCAB4064D13A3005F11D6,
				2CCBCAB5064D13A3005F11D6,
				2CCBCAB6064D13A3005F11D6,
				2CCBCAB7064D13A3005F11D6,
				2CCBCAB8064D13A3005F11D6,
				2CCBCAB9064D13A3005F11D6,
				2CCBCABA064D13A3005F11D6,
				2CCBCABB064D13A3005F11D6,
				2CCBCABC064D13A3005F11D6,
				2CCBCABD064D13A3005F11D6,
				2CCBCABE064D13A3005F11D6,
				2CCBCABF064D13A3005F11D6,
				5FCCE64206624A8100E54091,
				5FA20BD406634EDB00188966,
				5FA20C33066354B100188966,
				5F98A7DA06649FFF0018E8D2,
				5FAF5674066C81720016B1E2,
				5F36F49E08054520008EA275,
			);
			isa = PBXHeadersBuildPhase;
			runOnlyForDeploymentPostprocessing = 0;
		};
		2CCBCA97064D13A3005F11D6 = {
			fileRef = 32CA4F630368D1EE00C91783;
			isa = PBXBuildFile;
			settings = {
			};
		};
		2CCBCA98064D13A3005F11D6 = {
			fileRef = 5FEDFB520611A30F00A78EA1;
			isa = PBXBuildFile;
			settings = {
			};
		};
		2CCBCA99064D13A3005F11D6 = {
			fileRef = 5FEDFB550611A33E00A78EA1;
			isa = PBXBuildFile;
			settings = {
			};
		};
		2CCBCA9B064D13A3005F11D6 = {
			fileRef = 5FEDFB5E0611A36F00A78EA1;
			isa = PBXBuildFile;
			settings = {
			};
		};
		2CCBCA9C064D13A3005F11D6 = {
			fileRef = 5FEDFB610611A38500A78EA1;
			isa = PBXBuildFile;
			settings = {
			};
		};
		2CCBCA9D064D13A3005F11D6 = {
			fileRef = 5FEDFB660611A39500A78EA1;
			isa = PBXBuildFile;
			settings = {
			};
		};
		2CCBCA9E064D13A3005F11D6 = {
			fileRef = 5FEDFBF70611B30500A78EA1;
			isa = PBXBuildFile;
			settings = {
			};
		};
		2CCBCA9F064D13A3005F11D6 = {
			fileRef = 5FEDFBFC0611BCB800A78EA1;
			isa = PBXBuildFile;
			settings = {
			};
		};
		2CCBCAA0064D13A3005F11D6 = {
			fileRef = 5FEB46B50612F3D400A78EA1;
			isa = PBXBuildFile;
			settings = {
			};
		};
		2CCBCAA1064D13A3005F11D6 = {
			fileRef = 5FEB46B90612F6E400A78EA1;
			isa = PBXBuildFile;
			settings = {
			};
		};
		2CCBCAA2064D13A3005F11D6 = {
			fileRef = 5FEB4A3606131A9D00A78EA1;
			isa = PBXBuildFile;
			settings = {
			};
		};
		2CCBCAA3064D13A3005F11D6 = {
			fileRef = 5FF9D0FF0614588A00A78EA1;
			isa = PBXBuildFile;
			settings = {
			};
		};
		2CCBCAA4064D13A3005F11D6 = {
			fileRef = 5FF9D102061459E800A78EA1;
			isa = PBXBuildFile;
			settings = {
			};
		};
		2CCBCAA5064D13A3005F11D6 = {
			fileRef = 5FF9D10A0614608D00A78EA1;
			isa = PBXBuildFile;
			settings = {
			};
		};
		2CCBCAA6064D13A3005F11D6 = {
			fileRef = 5FF9D10E0614618A00A78EA1;
			isa = PBXBuildFile;
			settings = {
			};
		};
		2CCBCAA7064D13A3005F11D6 = {
			fileRef = 5FF9D11406146D8400A78EA1;
			isa = PBXBuildFile;
			settings = {
			};
		};
		2CCBCAA8064D13A3005F11D6 = {
			fileRef = 2CCE23900614CF6C001CF66E;
			isa = PBXBuildFile;
			settings = {
			};
		};
		2CCBCAA9064D13A3005F11D6 = {
			fileRef = 2C2728C20615802500BEC3B9;
			isa = PBXBuildFile;
			settings = {
			};
		};
		2CCBCAAA064D13A3005F11D6 = {
			fileRef = 2C2728DB0615809F00BEC3B9;
			isa = PBXBuildFile;
			settings = {
			};
		};
		2CCBCAAB064D13A3005F11D6 = {
			fileRef = 2C2728E20615815800BEC3B9;
			isa = PBXBuildFile;
			settings = {
			};
		};
		2CCBCAAC064D13A3005F11D6 = {
			fileRef = 2C2728E90615818200BEC3B9;
			isa = PBXBuildFile;
			settings = {
			};
		};
		2CCBCAAD064D13A3005F11D6 = {
			fileRef = 2C27299F0615D52E00BEC3B9;
			isa = PBXBuildFile;
			settings = {
			};
		};
		2CCBCAAE064D13A3005F11D6 = {
			fileRef = 2C2729E50615D66900BEC3B9;
			isa = PBXBuildFile;
			settings = {
			};
		};
		2CCBCAAF064D13A3005F11D6 = {
			fileRef = 2C9F5F51061754210092EB5A;
			isa = PBXBuildFile;
			settings = {
			};
		};
		2CCBCAB0064D13A3005F11D6 = {
			fileRef = 5FEED5B3061AE18100A78EA1;
			isa = PBXBuildFile;
			settings = {
			};
		};
		2CCBCAB1064D13A3005F11D6 = {
			fileRef = 5FEED5B7061AE1E700A78EA1;
			isa = PBXBuildFile;
			settings = {
			};
		};
		2CCBCAB2064D13A3005F11D6 = {
			fileRef = 5FEED5BB061B063300A78EA1;
			isa = PBXBuildFile;
			settings = {
			};
		};
		2CCBCAB3064D13A3005F11D6 = {
			fileRef = 2C7A8EBE061EDD51003FBA73;
			isa = PBXBuildFile;
			settings = {
			};
		};
		2CCBCAB4064D13A3005F11D6 = {
			fileRef = 5FF48D950621609000A78EA1;
			isa = PBXBuildFile;
			settings = {
			};
		};
		2CCBCAB5064D13A3005F11D6 = {
			fileRef = 5FEE7D570621A43300A78EA1;
			isa = PBXBuildFile;
			settings = {
			};
		};
		2CCBCAB6064D13A3005F11D6 = {
			fileRef = 5FFCA1280622B30600A78EA1;
			isa = PBXBuildFile;
			settings = {
			};
		};
		2CCBCAB7064D13A3005F11D6 = {
			fileRef = 5FFCA12E0622BB2800A78EA1;
			isa = PBXBuildFile;
			settings = {
			};
		};
		2CCBCAB8064D13A3005F11D6 = {
			fileRef = 5FEABEA7062C3EDC00A78EA1;
			isa = PBXBuildFile;
			settings = {
			};
		};
		2CCBCAB9064D13A3005F11D6 = {
			fileRef = 5FEABEAA062C3EFA00A78EA1;
			isa = PBXBuildFile;
			settings = {
			};
		};
		2CCBCABA064D13A3005F11D6 = {
			fileRef = 5FFEE4A5063411F900A78EA1;
			isa = PBXBuildFile;
			settings = {
			};
		};
		2CCBCABB064D13A3005F11D6 = {
			fileRef = 5FFEE4A90634154100A78EA1;
			isa = PBXBuildFile;
			settings = {
			};
		};
		2CCBCABC064D13A3005F11D6 = {
			fileRef = 5FEDAF600636A52700A78EA1;
			isa = PBXBuildFile;
			settings = {
			};
		};
		2CCBCABD064D13A3005F11D6 = {
			fileRef = 5FECBB660637BFEB00A78EA1;
			isa = PBXBuildFile;
			settings = {
			};
		};
		2CCBCABE064D13A3005F11D6 = {
			fileRef = 5FECBB6B063819FC00A78EA1;
			isa = PBXBuildFile;
			settings = {
			};
		};
		2CCBCABF064D13A3005F11D6 = {
			fileRef = 2C826206063C44B600C6988C;
			isa = PBXBuildFile;
			settings = {
			};
		};
		2CCBCAC0064D13A3005F11D6 = {
			buildActionMask = 2147483647;
			files = (
				2CCBCAC1064D13A3005F11D6,
				2CCBCAC2064D13A3005F11D6,
				2CCBCAC3064D13A3005F11D6,
				2CCBCAC4064D13A3005F11D6,
				2CCBCAC5064D13A3005F11D6,
				2CCBCAC6064D13A3005F11D6,
				5F9A99FE0658EB7F0004FC8E,
				5F9AFC9B065CCB9B00F1A8B7,
				5FAF56B6066CBBD70016B1E2,
				5FAF56B7066CBBD90016B1E2,
			);
			isa = PBXResourcesBuildPhase;
			runOnlyForDeploymentPostprocessing = 0;
		};
		2CCBCAC1064D13A3005F11D6 = {
			fileRef = 29B97318FDCFA39411CA2CEA;
			isa = PBXBuildFile;
			settings = {
			};
		};
		2CCBCAC2064D13A3005F11D6 = {
			fileRef = 089C165CFE840E0CC02AAC07;
			isa = PBXBuildFile;
			settings = {
			};
		};
		2CCBCAC3064D13A3005F11D6 = {
			fileRef = 5FEB4A42061347B500A78EA1;
			isa = PBXBuildFile;
			settings = {
			};
		};
		2CCBCAC4064D13A3005F11D6 = {
			fileRef = 5FF0B00E06183AE900A78EA1;
			isa = PBXBuildFile;
			settings = {
			};
		};
		2CCBCAC5064D13A3005F11D6 = {
			fileRef = 5FEE7D55062198DD00A78EA1;
			isa = PBXBuildFile;
			settings = {
			};
		};
		2CCBCAC6064D13A3005F11D6 = {
			fileRef = 5FE715BE062E8DCA00A78EA1;
			isa = PBXBuildFile;
			settings = {
			};
		};
		2CCBCAC7064D13A3005F11D6 = {
			buildActionMask = 2147483647;
			files = (
				2CCBCAC8064D13A3005F11D6,
				2CCBCAC9064D13A3005F11D6,
				2CCBCACA064D13A3005F11D6,
				2CCBCACC064D13A3005F11D6,
				2CCBCACD064D13A3005F11D6,
				2CCBCACE064D13A3005F11D6,
				2CCBCACF064D13A3005F11D6,
				2CCBCAD0064D13A3005F11D6,
				2CCBCAD1064D13A3005F11D6,
				2CCBCAD2064D13A3005F11D6,
				2CCBCAD3064D13A3005F11D6,
				2CCBCAD4064D13A3005F11D6,
				2CCBCAD5064D13A3005F11D6,
				2CCBCAD6064D13A3005F11D6,
				2CCBCAD7064D13A3005F11D6,
				2CCBCAD8064D13A3005F11D6,
				2CCBCAD9064D13A3005F11D6,
				2CCBCADA064D13A3005F11D6,
				2CCBCADB064D13A3005F11D6,
				2CCBCADC064D13A3005F11D6,
				2CCBCADD064D13A3005F11D6,
				2CCBCADE064D13A3005F11D6,
				2CCBCADF064D13A3005F11D6,
				2CCBCAE0064D13A3005F11D6,
				2CCBCAE1064D13A3005F11D6,
				2CCBCAE2064D13A3005F11D6,
				2CCBCAE3064D13A3005F11D6,
				2CCBCAE4064D13A3005F11D6,
				2CCBCAE5064D13A3005F11D6,
				2CCBCAE6064D13A3005F11D6,
				2CCBCAE7064D13A3005F11D6,
				2CCBCAE8064D13A3005F11D6,
				2CCBCAE9064D13A3005F11D6,
				2CCBCAEA064D13A3005F11D6,
				2CCBCAEB064D13A3005F11D6,
				2CCBCAEC064D13A3005F11D6,
				2CCBCAED064D13A3005F11D6,
				2CCBCAEE064D13A3005F11D6,
				2CCBCAEF064D13A3005F11D6,
				2CCBCAF0064D13A3005F11D6,
				5FCCE64306624A8200E54091,
				5FA20BD506634EDB00188966,
				5FA20C34066354B100188966,
				5F98A7DB06649FFF0018E8D2,
				5FAF5675066C81720016B1E2,
				5F36F49F08054520008EA275,
			);
			isa = PBXSourcesBuildPhase;
			runOnlyForDeploymentPostprocessing = 0;
		};
		2CCBCAC8064D13A3005F11D6 = {
			fileRef = 29B97316FDCFA39411CA2CEA;
			isa = PBXBuildFile;
			settings = {
				ATTRIBUTES = (
				);
			};
		};
		2CCBCAC9064D13A3005F11D6 = {
			fileRef = 5FEDFB510611A30F00A78EA1;
			isa = PBXBuildFile;
			settings = {
			};
		};
		2CCBCACA064D13A3005F11D6 = {
			fileRef = 5FEDFB560611A33E00A78EA1;
			isa = PBXBuildFile;
			settings = {
			};
		};
		2CCBCACC064D13A3005F11D6 = {
			fileRef = 5FEDFB5D0611A36F00A78EA1;
			isa = PBXBuildFile;
			settings = {
			};
		};
		2CCBCACD064D13A3005F11D6 = {
			fileRef = 5FEDFB620611A38500A78EA1;
			isa = PBXBuildFile;
			settings = {
			};
		};
		2CCBCACE064D13A3005F11D6 = {
			fileRef = 5FEDFB650611A39500A78EA1;
			isa = PBXBuildFile;
			settings = {
			};
		};
		2CCBCACF064D13A3005F11D6 = {
			fileRef = 5FEDFBF80611B30500A78EA1;
			isa = PBXBuildFile;
			settings = {
			};
		};
		2CCBCAD0064D13A3005F11D6 = {
			fileRef = 5FEDFBFB0611BCB800A78EA1;
			isa = PBXBuildFile;
			settings = {
			};
		};
		2CCBCAD1064D13A3005F11D6 = {
			fileRef = 5FEB46B60612F3D400A78EA1;
			isa = PBXBuildFile;
			settings = {
			};
		};
		2CCBCAD2064D13A3005F11D6 = {
			fileRef = 5FEB46BA0612F6E400A78EA1;
			isa = PBXBuildFile;
			settings = {
			};
		};
		2CCBCAD3064D13A3005F11D6 = {
			fileRef = 5FEB4A3706131A9D00A78EA1;
			isa = PBXBuildFile;
			settings = {
			};
		};
		2CCBCAD4064D13A3005F11D6 = {
			fileRef = 5FF9D0FE0614588A00A78EA1;
			isa = PBXBuildFile;
			settings = {
			};
		};
		2CCBCAD5064D13A3005F11D6 = {
			fileRef = 5FF9D103061459E800A78EA1;
			isa = PBXBuildFile;
			settings = {
			};
		};
		2CCBCAD6064D13A3005F11D6 = {
			fileRef = 5FF9D10B0614608D00A78EA1;
			isa = PBXBuildFile;
			settings = {
			};
		};
		2CCBCAD7064D13A3005F11D6 = {
			fileRef = 5FF9D10F0614618A00A78EA1;
			isa = PBXBuildFile;
			settings = {
			};
		};
		2CCBCAD8064D13A3005F11D6 = {
			fileRef = 5FF9D11506146D8400A78EA1;
			isa = PBXBuildFile;
			settings = {
			};
		};
		2CCBCAD9064D13A3005F11D6 = {
			fileRef = 2CCE23910614CF6C001CF66E;
			isa = PBXBuildFile;
			settings = {
			};
		};
		2CCBCADA064D13A3005F11D6 = {
			fileRef = 2C2728C10615802500BEC3B9;
			isa = PBXBuildFile;
			settings = {
			};
		};
		2CCBCADB064D13A3005F11D6 = {
			fileRef = 2C2728DC0615809F00BEC3B9;
			isa = PBXBuildFile;
			settings = {
			};
		};
		2CCBCADC064D13A3005F11D6 = {
			fileRef = 2C2728E30615815800BEC3B9;
			isa = PBXBuildFile;
			settings = {
			};
		};
		2CCBCADD064D13A3005F11D6 = {
			fileRef = 2C2728EA0615818200BEC3B9;
			isa = PBXBuildFile;
			settings = {
			};
		};
		2CCBCADE064D13A3005F11D6 = {
			fileRef = 2C2729A00615D52E00BEC3B9;
			isa = PBXBuildFile;
			settings = {
			};
		};
		2CCBCADF064D13A3005F11D6 = {
			fileRef = 2C2729E60615D66900BEC3B9;
			isa = PBXBuildFile;
			settings = {
			};
		};
		2CCBCAE0064D13A3005F11D6 = {
			fileRef = 2C9F5F52061754210092EB5A;
			isa = PBXBuildFile;
			settings = {
			};
		};
		2CCBCAE1064D13A3005F11D6 = {
			fileRef = 5FEED5B4061AE18100A78EA1;
			isa = PBXBuildFile;
			settings = {
			};
		};
		2CCBCAE2064D13A3005F11D6 = {
			fileRef = 5FEED5B8061AE1E700A78EA1;
			isa = PBXBuildFile;
			settings = {
			};
		};
		2CCBCAE3064D13A3005F11D6 = {
			fileRef = 5FEED5BC061B063300A78EA1;
			isa = PBXBuildFile;
			settings = {
			};
		};
		2CCBCAE4064D13A3005F11D6 = {
			fileRef = 2C7A8EBF061EDD51003FBA73;
			isa = PBXBuildFile;
			settings = {
			};
		};
		2CCBCAE5064D13A3005F11D6 = {
			fileRef = 5FF48D960621609000A78EA1;
			isa = PBXBuildFile;
			settings = {
			};
		};
		2CCBCAE6064D13A3005F11D6 = {
			fileRef = 5FEE7D580621A43300A78EA1;
			isa = PBXBuildFile;
			settings = {
			};
		};
		2CCBCAE7064D13A3005F11D6 = {
			fileRef = 5FFCA1290622B30600A78EA1;
			isa = PBXBuildFile;
			settings = {
			};
		};
		2CCBCAE8064D13A3005F11D6 = {
			fileRef = 5FFCA12F0622BB2800A78EA1;
			isa = PBXBuildFile;
			settings = {
			};
		};
		2CCBCAE9064D13A3005F11D6 = {
			fileRef = 5FEABEA6062C3EDC00A78EA1;
			isa = PBXBuildFile;
			settings = {
			};
		};
		2CCBCAEA064D13A3005F11D6 = {
			fileRef = 5FEABEAB062C3EFA00A78EA1;
			isa = PBXBuildFile;
			settings = {
			};
		};
		2CCBCAEB064D13A3005F11D6 = {
			fileRef = 5FFEE4A6063411F900A78EA1;
			isa = PBXBuildFile;
			settings = {
			};
		};
		2CCBCAEC064D13A3005F11D6 = {
			fileRef = 5FFEE4AA0634154100A78EA1;
			isa = PBXBuildFile;
			settings = {
			};
		};
		2CCBCAED064D13A3005F11D6 = {
			fileRef = 5FEDAF610636A52700A78EA1;
			isa = PBXBuildFile;
			settings = {
			};
		};
		2CCBCAEE064D13A3005F11D6 = {
			fileRef = 5FECBB650637BFEB00A78EA1;
			isa = PBXBuildFile;
			settings = {
			};
		};
		2CCBCAEF064D13A3005F11D6 = {
			fileRef = 5FECBB6C063819FC00A78EA1;
			isa = PBXBuildFile;
			settings = {
			};
		};
		2CCBCAF0064D13A3005F11D6 = {
			fileRef = 2C826207063C44B600C6988C;
			isa = PBXBuildFile;
			settings = {
			};
		};
		2CCBCAF1064D13A3005F11D6 = {
			buildActionMask = 2147483647;
			files = (
				2CCBCAF2064D13A3005F11D6,
			);
			isa = PBXFrameworksBuildPhase;
			runOnlyForDeploymentPostprocessing = 0;
		};
		2CCBCAF2064D13A3005F11D6 = {
			fileRef = 1058C7A1FEA54F0111CA2CBB;
			isa = PBXBuildFile;
			settings = {
			};
		};
		2CCBCAF4064D13A4005F11D6 = {
			isa = PBXFileReference;
			lastKnownFileType = text.xml;
			path = "Info-Wesnoth_Scenario_Editor__Upgraded_.plist";
			refType = 4;
			sourceTree = "<group>";
		};
		2CCBCAF5064D13A4005F11D6 = {
			explicitFileType = wrapper.application;
			includeInIndex = 0;
			isa = PBXFileReference;
			path = "Wesnoth Scenario Editor.app";
			refType = 3;
			sourceTree = BUILT_PRODUCTS_DIR;
		};
		2CCE23900614CF6C001CF66E = {
			fileEncoding = 4;
			isa = PBXFileReference;
			lastKnownFileType = sourcecode.c.h;
			path = HexUtils.h;
			refType = 4;
			sourceTree = "<group>";
		};
		2CCE23910614CF6C001CF66E = {
			fileEncoding = 4;
			isa = PBXFileReference;
			lastKnownFileType = sourcecode.c.objc;
			path = HexUtils.m;
			refType = 4;
			sourceTree = "<group>";
		};
		2CCE23920614CF6C001CF66E = {
			fileRef = 2CCE23900614CF6C001CF66E;
			isa = PBXBuildFile;
			settings = {
			};
		};
		2CCE23930614CF6C001CF66E = {
			fileRef = 2CCE23910614CF6C001CF66E;
			isa = PBXBuildFile;
			settings = {
			};
		};
//2C0
//2C1
//2C2
//2C3
//2C4
//320
//321
//322
//323
//324
		32CA4F630368D1EE00C91783 = {
			fileEncoding = 4;
			isa = PBXFileReference;
			lastKnownFileType = sourcecode.c.h;
			path = Wesnoth_Scenario_Editor_Prefix.h;
			refType = 4;
			sourceTree = "<group>";
		};
		32CA4F650368D2AA00C91783 = {
			fileRef = 32CA4F630368D1EE00C91783;
			isa = PBXBuildFile;
			settings = {
			};
		};
//320
//321
//322
//323
//324
//4A0
//4A1
//4A2
//4A3
//4A4
		4A9504CCFFE6A4B311CA0CBA = {
			buildSettings = {
				COPY_PHASE_STRIP = NO;
				CURRENT_PROJECT_VERSION = 0.3;
				GCC_DEBUGGING_SYMBOLS = default;
				GCC_DYNAMIC_NO_PIC = NO;
				GCC_ENABLE_FIX_AND_CONTINUE = YES;
				GCC_GENERATE_DEBUGGING_SYMBOLS = YES;
				GCC_OPTIMIZATION_LEVEL = 0;
				OPTIMIZATION_CFLAGS = "-O0";
				VERSIONING_SYSTEM = "apple-generic";
				ZERO_LINK = YES;
			};
			isa = PBXBuildStyle;
			name = Development;
		};
		4A9504CDFFE6A4B311CA0CBA = {
			buildSettings = {
				COPY_PHASE_STRIP = YES;
				CURRENT_PROJECT_VERSION = 0.9;
				GCC_ENABLE_FIX_AND_CONTINUE = NO;
				GCC_GENERATE_DEBUGGING_SYMBOLS = NO;
				VERSIONING_SYSTEM = "apple-generic";
				ZERO_LINK = NO;
			};
			isa = PBXBuildStyle;
			name = Deployment;
		};
//4A0
//4A1
//4A2
//4A3
//4A4
//5F0
//5F1
//5F2
//5F3
//5F4
		5F36F49A08054520008EA275 = {
			fileEncoding = 30;
			isa = PBXFileReference;
			lastKnownFileType = sourcecode.c.h;
			path = WNScenarioDesignDelegate.h;
			refType = 4;
			sourceTree = "<group>";
		};
		5F36F49B08054520008EA275 = {
			fileEncoding = 30;
			isa = PBXFileReference;
			lastKnownFileType = sourcecode.c.objc;
			path = WNScenarioDesignDelegate.m;
			refType = 4;
			sourceTree = "<group>";
		};
		5F36F49C08054520008EA275 = {
			fileRef = 5F36F49A08054520008EA275;
			isa = PBXBuildFile;
			settings = {
			};
		};
		5F36F49D08054520008EA275 = {
			fileRef = 5F36F49B08054520008EA275;
			isa = PBXBuildFile;
			settings = {
			};
		};
		5F36F49E08054520008EA275 = {
			fileRef = 5F36F49A08054520008EA275;
			isa = PBXBuildFile;
			settings = {
			};
		};
		5F36F49F08054520008EA275 = {
			fileRef = 5F36F49B08054520008EA275;
			isa = PBXBuildFile;
			settings = {
			};
		};
		5F98A7D806649FFF0018E8D2 = {
			fileEncoding = 4;
			isa = PBXFileReference;
			lastKnownFileType = sourcecode.c.h;
			path = WNEventLookup.h;
			refType = 4;
			sourceTree = "<group>";
		};
		5F98A7D906649FFF0018E8D2 = {
			fileEncoding = 4;
			isa = PBXFileReference;
			lastKnownFileType = sourcecode.c.objc;
			path = WNEventLookup.m;
			refType = 4;
			sourceTree = "<group>";
		};
		5F98A7DA06649FFF0018E8D2 = {
			fileRef = 5F98A7D806649FFF0018E8D2;
			isa = PBXBuildFile;
			settings = {
			};
		};
		5F98A7DB06649FFF0018E8D2 = {
			fileRef = 5F98A7D906649FFF0018E8D2;
			isa = PBXBuildFile;
			settings = {
			};
		};
		5F98A7DC06649FFF0018E8D2 = {
			fileRef = 5F98A7D806649FFF0018E8D2;
			isa = PBXBuildFile;
			settings = {
			};
		};
		5F98A7DD06649FFF0018E8D2 = {
			fileRef = 5F98A7D906649FFF0018E8D2;
			isa = PBXBuildFile;
			settings = {
			};
		};
		5F9A99FC0658EB7F0004FC8E = {
			fileEncoding = 4;
			isa = PBXFileReference;
			lastKnownFileType = text;
			path = eventConfig.info;
			refType = 4;
			sourceTree = "<group>";
		};
		5F9A99FD0658EB7F0004FC8E = {
			fileRef = 5F9A99FC0658EB7F0004FC8E;
			isa = PBXBuildFile;
			settings = {
			};
		};
		5F9A99FE0658EB7F0004FC8E = {
			fileRef = 5F9A99FC0658EB7F0004FC8E;
			isa = PBXBuildFile;
			settings = {
			};
		};
		5F9AFC99065CCB9B00F1A8B7 = {
			fileEncoding = 4;
			isa = PBXFileReference;
			lastKnownFileType = text;
			path = changelog.txt;
			refType = 4;
			sourceTree = "<group>";
		};
		5F9AFC9A065CCB9B00F1A8B7 = {
			fileRef = 5F9AFC99065CCB9B00F1A8B7;
			isa = PBXBuildFile;
			settings = {
			};
		};
		5F9AFC9B065CCB9B00F1A8B7 = {
			fileRef = 5F9AFC99065CCB9B00F1A8B7;
			isa = PBXBuildFile;
			settings = {
			};
		};
		5FA20BD006634EDB00188966 = {
			fileEncoding = 4;
			isa = PBXFileReference;
			lastKnownFileType = sourcecode.c.h;
			path = WNEventDataSource.h;
			refType = 4;
			sourceTree = "<group>";
		};
		5FA20BD106634EDB00188966 = {
			fileEncoding = 4;
			isa = PBXFileReference;
			lastKnownFileType = sourcecode.c.objc;
			path = WNEventDataSource.m;
			refType = 4;
			sourceTree = "<group>";
		};
		5FA20BD206634EDB00188966 = {
			fileRef = 5FA20BD006634EDB00188966;
			isa = PBXBuildFile;
			settings = {
			};
		};
		5FA20BD306634EDB00188966 = {
			fileRef = 5FA20BD106634EDB00188966;
			isa = PBXBuildFile;
			settings = {
			};
		};
		5FA20BD406634EDB00188966 = {
			fileRef = 5FA20BD006634EDB00188966;
			isa = PBXBuildFile;
			settings = {
			};
		};
		5FA20BD506634EDB00188966 = {
			fileRef = 5FA20BD106634EDB00188966;
			isa = PBXBuildFile;
			settings = {
			};
		};
		5FA20C2F066354B100188966 = {
			fileEncoding = 30;
			isa = PBXFileReference;
			lastKnownFileType = sourcecode.c.h;
			path = WNEventEditor.h;
			refType = 4;
			sourceTree = "<group>";
		};
		5FA20C30066354B100188966 = {
			fileEncoding = 30;
			isa = PBXFileReference;
			lastKnownFileType = sourcecode.c.objc;
			path = WNEventEditor.m;
			refType = 4;
			sourceTree = "<group>";
		};
		5FA20C31066354B100188966 = {
			fileRef = 5FA20C2F066354B100188966;
			isa = PBXBuildFile;
			settings = {
			};
		};
		5FA20C32066354B100188966 = {
			fileRef = 5FA20C30066354B100188966;
			isa = PBXBuildFile;
			settings = {
			};
		};
		5FA20C33066354B100188966 = {
			fileRef = 5FA20C2F066354B100188966;
			isa = PBXBuildFile;
			settings = {
			};
		};
		5FA20C34066354B100188966 = {
			fileRef = 5FA20C30066354B100188966;
			isa = PBXBuildFile;
			settings = {
			};
		};
		5FAF5670066C81720016B1E2 = {
			fileEncoding = 30;
			isa = PBXFileReference;
			lastKnownFileType = sourcecode.c.h;
			path = WNEventMapView.h;
			refType = 4;
			sourceTree = "<group>";
		};
		5FAF5671066C81720016B1E2 = {
			fileEncoding = 30;
			isa = PBXFileReference;
			lastKnownFileType = sourcecode.c.objc;
			path = WNEventMapView.m;
			refType = 4;
			sourceTree = "<group>";
		};
		5FAF5672066C81720016B1E2 = {
			fileRef = 5FAF5670066C81720016B1E2;
			isa = PBXBuildFile;
			settings = {
			};
		};
		5FAF5673066C81720016B1E2 = {
			fileRef = 5FAF5671066C81720016B1E2;
			isa = PBXBuildFile;
			settings = {
			};
		};
		5FAF5674066C81720016B1E2 = {
			fileRef = 5FAF5670066C81720016B1E2;
			isa = PBXBuildFile;
			settings = {
			};
		};
		5FAF5675066C81720016B1E2 = {
			fileRef = 5FAF5671066C81720016B1E2;
			isa = PBXBuildFile;
			settings = {
			};
		};
		5FAF56B4066CBBD60016B1E2 = {
			isa = PBXFileReference;
			lastKnownFileType = image.png;
			path = eventmarker.png;
			refType = 4;
			sourceTree = "<group>";
		};
		5FAF56B5066CBBD70016B1E2 = {
			isa = PBXFileReference;
			lastKnownFileType = file;
			path = eventmarker.psd;
			refType = 4;
			sourceTree = "<group>";
		};
		5FAF56B6066CBBD70016B1E2 = {
			fileRef = 5FAF56B4066CBBD60016B1E2;
			isa = PBXBuildFile;
			settings = {
			};
		};
		5FAF56B7066CBBD90016B1E2 = {
			fileRef = 5FAF56B5066CBBD70016B1E2;
			isa = PBXBuildFile;
			settings = {
			};
		};
		5FAF56B8066CBBDB0016B1E2 = {
			fileRef = 5FAF56B4066CBBD60016B1E2;
			isa = PBXBuildFile;
			settings = {
			};
		};
		5FAF56B9066CBBDB0016B1E2 = {
			fileRef = 5FAF56B5066CBBD70016B1E2;
			isa = PBXBuildFile;
			settings = {
			};
		};
		5FCCE63E06624A8000E54091 = {
			fileEncoding = 4;
			isa = PBXFileReference;
			lastKnownFileType = sourcecode.c.h;
			path = WMLEvent.h;
			refType = 4;
			sourceTree = "<group>";
		};
		5FCCE63F06624A8000E54091 = {
			fileEncoding = 4;
			isa = PBXFileReference;
			lastKnownFileType = sourcecode.c.objc;
			path = WMLEvent.m;
			refType = 4;
			sourceTree = "<group>";
		};
		5FCCE64006624A8000E54091 = {
			fileRef = 5FCCE63E06624A8000E54091;
			isa = PBXBuildFile;
			settings = {
			};
		};
		5FCCE64106624A8100E54091 = {
			fileRef = 5FCCE63F06624A8000E54091;
			isa = PBXBuildFile;
			settings = {
			};
		};
		5FCCE64206624A8100E54091 = {
			fileRef = 5FCCE63E06624A8000E54091;
			isa = PBXBuildFile;
			settings = {
			};
		};
		5FCCE64306624A8200E54091 = {
			fileRef = 5FCCE63F06624A8000E54091;
			isa = PBXBuildFile;
			settings = {
			};
		};
		5FE715BE062E8DCA00A78EA1 = {
			fileEncoding = 4;
			isa = PBXFileReference;
			lastKnownFileType = text;
			path = WMLHelp.txt;
			refType = 4;
			sourceTree = "<group>";
		};
		5FE715BF062E8DCA00A78EA1 = {
			fileRef = 5FE715BE062E8DCA00A78EA1;
			isa = PBXBuildFile;
			settings = {
			};
		};
		5FEABEA6062C3EDC00A78EA1 = {
			fileEncoding = 30;
			isa = PBXFileReference;
			lastKnownFileType = sourcecode.c.objc;
			path = WNCharacterEditor.m;
			refType = 4;
			sourceTree = "<group>";
		};
		5FEABEA7062C3EDC00A78EA1 = {
			fileEncoding = 30;
			isa = PBXFileReference;
			lastKnownFileType = sourcecode.c.h;
			path = WNCharacterEditor.h;
			refType = 4;
			sourceTree = "<group>";
		};
		5FEABEA8062C3EDD00A78EA1 = {
			fileRef = 5FEABEA6062C3EDC00A78EA1;
			isa = PBXBuildFile;
			settings = {
			};
		};
		5FEABEA9062C3EDD00A78EA1 = {
			fileRef = 5FEABEA7062C3EDC00A78EA1;
			isa = PBXBuildFile;
			settings = {
			};
		};
		5FEABEAA062C3EFA00A78EA1 = {
			fileEncoding = 30;
			isa = PBXFileReference;
			lastKnownFileType = sourcecode.c.h;
			path = WNCharacterList.h;
			refType = 4;
			sourceTree = "<group>";
		};
		5FEABEAB062C3EFA00A78EA1 = {
			fileEncoding = 30;
			isa = PBXFileReference;
			lastKnownFileType = sourcecode.c.objc;
			path = WNCharacterList.m;
			refType = 4;
			sourceTree = "<group>";
		};
		5FEABEAC062C3EFA00A78EA1 = {
			fileRef = 5FEABEAA062C3EFA00A78EA1;
			isa = PBXBuildFile;
			settings = {
			};
		};
		5FEABEAD062C3EFA00A78EA1 = {
			fileRef = 5FEABEAB062C3EFA00A78EA1;
			isa = PBXBuildFile;
			settings = {
			};
		};
		5FEB46B50612F3D400A78EA1 = {
			fileEncoding = 4;
			isa = PBXFileReference;
			lastKnownFileType = sourcecode.c.h;
			path = WMLTerrain.h;
			refType = 4;
			sourceTree = "<group>";
		};
		5FEB46B60612F3D400A78EA1 = {
			fileEncoding = 4;
			isa = PBXFileReference;
			lastKnownFileType = sourcecode.c.objc;
			path = WMLTerrain.m;
			refType = 4;
			sourceTree = "<group>";
		};
		5FEB46B70612F3D500A78EA1 = {
			fileRef = 5FEB46B50612F3D400A78EA1;
			isa = PBXBuildFile;
			settings = {
			};
		};
		5FEB46B80612F3D500A78EA1 = {
			fileRef = 5FEB46B60612F3D400A78EA1;
			isa = PBXBuildFile;
			settings = {
			};
		};
		5FEB46B90612F6E400A78EA1 = {
			fileEncoding = 4;
			isa = PBXFileReference;
			lastKnownFileType = sourcecode.c.h;
			path = WNFileLocations.h;
			refType = 4;
			sourceTree = "<group>";
		};
		5FEB46BA0612F6E400A78EA1 = {
			fileEncoding = 4;
			isa = PBXFileReference;
			lastKnownFileType = sourcecode.c.objc;
			path = WNFileLocations.m;
			refType = 4;
			sourceTree = "<group>";
		};
		5FEB46BB0612F6E400A78EA1 = {
			fileRef = 5FEB46B90612F6E400A78EA1;
			isa = PBXBuildFile;
			settings = {
			};
		};
		5FEB46BC0612F6E400A78EA1 = {
			fileRef = 5FEB46BA0612F6E400A78EA1;
			isa = PBXBuildFile;
			settings = {
			};
		};
		5FEB4A3606131A9D00A78EA1 = {
			fileEncoding = 30;
			isa = PBXFileReference;
			lastKnownFileType = sourcecode.c.h;
			path = WNIconListView.h;
			refType = 4;
			sourceTree = "<group>";
		};
		5FEB4A3706131A9D00A78EA1 = {
			fileEncoding = 30;
			isa = PBXFileReference;
			lastKnownFileType = sourcecode.c.objc;
			path = WNIconListView.m;
			refType = 4;
			sourceTree = "<group>";
		};
		5FEB4A3806131A9D00A78EA1 = {
			fileRef = 5FEB4A3606131A9D00A78EA1;
			isa = PBXBuildFile;
			settings = {
			};
		};
		5FEB4A3906131A9D00A78EA1 = {
			fileRef = 5FEB4A3706131A9D00A78EA1;
			isa = PBXBuildFile;
			settings = {
			};
		};
		5FEB4A42061347B500A78EA1 = {
			isa = PBXFileReference;
			lastKnownFileType = image.icns;
			path = MacIcon.icns;
			refType = 4;
			sourceTree = "<group>";
		};
		5FEB4A43061347B500A78EA1 = {
			fileRef = 5FEB4A42061347B500A78EA1;
			isa = PBXBuildFile;
			settings = {
			};
		};
		5FECBB650637BFEB00A78EA1 = {
			fileEncoding = 30;
			isa = PBXFileReference;
			lastKnownFileType = sourcecode.c.objc;
			path = WNCustomDialogView.m;
			refType = 4;
			sourceTree = "<group>";
		};
		5FECBB660637BFEB00A78EA1 = {
			fileEncoding = 30;
			isa = PBXFileReference;
			lastKnownFileType = sourcecode.c.h;
			path = WNCustomDialogView.h;
			refType = 4;
			sourceTree = "<group>";
		};
		5FECBB670637BFEB00A78EA1 = {
			fileRef = 5FECBB650637BFEB00A78EA1;
			isa = PBXBuildFile;
			settings = {
			};
		};
		5FECBB680637BFEB00A78EA1 = {
			fileRef = 5FECBB660637BFEB00A78EA1;
			isa = PBXBuildFile;
			settings = {
			};
		};
		5FECBB6B063819FC00A78EA1 = {
			fileEncoding = 30;
			isa = PBXFileReference;
			lastKnownFileType = sourcecode.c.h;
			path = WNCampaignIconView.h;
			refType = 4;
			sourceTree = "<group>";
		};
		5FECBB6C063819FC00A78EA1 = {
			fileEncoding = 30;
			isa = PBXFileReference;
			lastKnownFileType = sourcecode.c.objc;
			path = WNCampaignIconView.m;
			refType = 4;
			sourceTree = "<group>";
		};
		5FECBB6D063819FC00A78EA1 = {
			fileRef = 5FECBB6B063819FC00A78EA1;
			isa = PBXBuildFile;
			settings = {
			};
		};
		5FECBB6E063819FC00A78EA1 = {
			fileRef = 5FECBB6C063819FC00A78EA1;
			isa = PBXBuildFile;
			settings = {
			};
		};
		5FEDAF600636A52700A78EA1 = {
			fileEncoding = 30;
			isa = PBXFileReference;
			lastKnownFileType = sourcecode.c.h;
			path = WNLoadSave.h;
			refType = 4;
			sourceTree = "<group>";
		};
		5FEDAF610636A52700A78EA1 = {
			fileEncoding = 30;
			isa = PBXFileReference;
			lastKnownFileType = sourcecode.c.objc;
			path = WNLoadSave.m;
			refType = 4;
			sourceTree = "<group>";
		};
		5FEDAF620636A52800A78EA1 = {
			fileRef = 5FEDAF600636A52700A78EA1;
			isa = PBXBuildFile;
			settings = {
			};
		};
		5FEDAF630636A52800A78EA1 = {
			fileRef = 5FEDAF610636A52700A78EA1;
			isa = PBXBuildFile;
			settings = {
			};
		};
		5FEDFB510611A30F00A78EA1 = {
			fileEncoding = 30;
			isa = PBXFileReference;
			lastKnownFileType = sourcecode.c.objc;
			path = WNCampaign.m;
			refType = 4;
			sourceTree = "<group>";
		};
		5FEDFB520611A30F00A78EA1 = {
			fileEncoding = 30;
			isa = PBXFileReference;
			lastKnownFileType = sourcecode.c.h;
			path = WNCampaign.h;
			refType = 4;
			sourceTree = "<group>";
		};
		5FEDFB530611A31F00A78EA1 = {
			fileRef = 5FEDFB510611A30F00A78EA1;
			isa = PBXBuildFile;
			settings = {
			};
		};
		5FEDFB540611A31F00A78EA1 = {
			fileRef = 5FEDFB520611A30F00A78EA1;
			isa = PBXBuildFile;
			settings = {
			};
		};
		5FEDFB550611A33E00A78EA1 = {
			fileEncoding = 30;
			isa = PBXFileReference;
			lastKnownFileType = sourcecode.c.h;
			path = WNDefeatList.h;
			refType = 4;
			sourceTree = "<group>";
		};
		5FEDFB560611A33E00A78EA1 = {
			fileEncoding = 30;
			isa = PBXFileReference;
			lastKnownFileType = sourcecode.c.objc;
			path = WNDefeatList.m;
			refType = 4;
			sourceTree = "<group>";
		};
		5FEDFB570611A33E00A78EA1 = {
			fileRef = 5FEDFB550611A33E00A78EA1;
			isa = PBXBuildFile;
			settings = {
			};
		};
		5FEDFB580611A33E00A78EA1 = {
			fileRef = 5FEDFB560611A33E00A78EA1;
			isa = PBXBuildFile;
			settings = {
			};
		};
		5FEDFB5D0611A36F00A78EA1 = {
			fileEncoding = 30;
			isa = PBXFileReference;
			lastKnownFileType = sourcecode.c.objc;
			path = WNScenarioList.m;
			refType = 4;
			sourceTree = "<group>";
		};
		5FEDFB5E0611A36F00A78EA1 = {
			fileEncoding = 30;
			isa = PBXFileReference;
			lastKnownFileType = sourcecode.c.h;
			path = WNScenarioList.h;
			refType = 4;
			sourceTree = "<group>";
		};
		5FEDFB5F0611A36F00A78EA1 = {
			fileRef = 5FEDFB5D0611A36F00A78EA1;
			isa = PBXBuildFile;
			settings = {
			};
		};
		5FEDFB600611A36F00A78EA1 = {
			fileRef = 5FEDFB5E0611A36F00A78EA1;
			isa = PBXBuildFile;
			settings = {
			};
		};
		5FEDFB610611A38500A78EA1 = {
			fileEncoding = 30;
			isa = PBXFileReference;
			lastKnownFileType = sourcecode.c.h;
			path = WNSideList.h;
			refType = 4;
			sourceTree = "<group>";
		};
		5FEDFB620611A38500A78EA1 = {
			fileEncoding = 30;
			isa = PBXFileReference;
			lastKnownFileType = sourcecode.c.objc;
			path = WNSideList.m;
			refType = 4;
			sourceTree = "<group>";
		};
		5FEDFB630611A38500A78EA1 = {
			fileRef = 5FEDFB610611A38500A78EA1;
			isa = PBXBuildFile;
			settings = {
			};
		};
		5FEDFB640611A38500A78EA1 = {
			fileRef = 5FEDFB620611A38500A78EA1;
			isa = PBXBuildFile;
			settings = {
			};
		};
		5FEDFB650611A39500A78EA1 = {
			fileEncoding = 30;
			isa = PBXFileReference;
			lastKnownFileType = sourcecode.c.objc;
			path = WNTerrainList.m;
			refType = 4;
			sourceTree = "<group>";
		};
		5FEDFB660611A39500A78EA1 = {
			fileEncoding = 30;
			isa = PBXFileReference;
			lastKnownFileType = sourcecode.c.h;
			path = WNTerrainList.h;
			refType = 4;
			sourceTree = "<group>";
		};
		5FEDFB670611A39500A78EA1 = {
			fileRef = 5FEDFB650611A39500A78EA1;
			isa = PBXBuildFile;
			settings = {
			};
		};
		5FEDFB680611A39500A78EA1 = {
			fileRef = 5FEDFB660611A39500A78EA1;
			isa = PBXBuildFile;
			settings = {
			};
		};
		5FEDFBF70611B30500A78EA1 = {
			fileEncoding = 4;
			isa = PBXFileReference;
			lastKnownFileType = sourcecode.c.h;
			path = WMLTag.h;
			refType = 4;
			sourceTree = "<group>";
		};
		5FEDFBF80611B30500A78EA1 = {
			fileEncoding = 4;
			isa = PBXFileReference;
			lastKnownFileType = sourcecode.c.objc;
			path = WMLTag.m;
			refType = 4;
			sourceTree = "<group>";
		};
		5FEDFBF90611B30500A78EA1 = {
			fileRef = 5FEDFBF70611B30500A78EA1;
			isa = PBXBuildFile;
			settings = {
			};
		};
		5FEDFBFA0611B30500A78EA1 = {
			fileRef = 5FEDFBF80611B30500A78EA1;
			isa = PBXBuildFile;
			settings = {
			};
		};
		5FEDFBFB0611BCB800A78EA1 = {
			fileEncoding = 30;
			isa = PBXFileReference;
			lastKnownFileType = sourcecode.c.objc;
			path = WNUnitList.m;
			refType = 4;
			sourceTree = "<group>";
		};
		5FEDFBFC0611BCB800A78EA1 = {
			fileEncoding = 30;
			isa = PBXFileReference;
			lastKnownFileType = sourcecode.c.h;
			path = WNUnitList.h;
			refType = 4;
			sourceTree = "<group>";
		};
		5FEDFBFD0611BCB800A78EA1 = {
			fileRef = 5FEDFBFB0611BCB800A78EA1;
			isa = PBXBuildFile;
			settings = {
			};
		};
		5FEDFBFE0611BCB800A78EA1 = {
			fileRef = 5FEDFBFC0611BCB800A78EA1;
			isa = PBXBuildFile;
			settings = {
			};
		};
		5FEE7D55062198DD00A78EA1 = {
			isa = PBXFileReference;
			lastKnownFileType = image.png;
			path = "missing-image.png";
			refType = 4;
			sourceTree = "<group>";
		};
		5FEE7D56062198DD00A78EA1 = {
			fileRef = 5FEE7D55062198DD00A78EA1;
			isa = PBXBuildFile;
			settings = {
			};
		};
		5FEE7D570621A43300A78EA1 = {
			fileEncoding = 4;
			isa = PBXFileReference;
			lastKnownFileType = sourcecode.c.h;
			path = WMLScenarioDetails.h;
			refType = 4;
			sourceTree = "<group>";
		};
		5FEE7D580621A43300A78EA1 = {
			fileEncoding = 4;
			isa = PBXFileReference;
			lastKnownFileType = sourcecode.c.objc;
			path = WMLScenarioDetails.m;
			refType = 4;
			sourceTree = "<group>";
		};
		5FEE7D590621A43300A78EA1 = {
			fileRef = 5FEE7D570621A43300A78EA1;
			isa = PBXBuildFile;
			settings = {
			};
		};
		5FEE7D5A0621A43300A78EA1 = {
			fileRef = 5FEE7D580621A43300A78EA1;
			isa = PBXBuildFile;
			settings = {
			};
		};
		5FEED5B3061AE18100A78EA1 = {
			fileEncoding = 4;
			isa = PBXFileReference;
			lastKnownFileType = sourcecode.c.h;
			path = WMLSide.h;
			refType = 4;
			sourceTree = "<group>";
		};
		5FEED5B4061AE18100A78EA1 = {
			fileEncoding = 4;
			isa = PBXFileReference;
			lastKnownFileType = sourcecode.c.objc;
			path = WMLSide.m;
			refType = 4;
			sourceTree = "<group>";
		};
		5FEED5B5061AE18100A78EA1 = {
			fileRef = 5FEED5B3061AE18100A78EA1;
			isa = PBXBuildFile;
			settings = {
			};
		};
		5FEED5B6061AE18100A78EA1 = {
			fileRef = 5FEED5B4061AE18100A78EA1;
			isa = PBXBuildFile;
			settings = {
			};
		};
		5FEED5B7061AE1E700A78EA1 = {
			fileEncoding = 4;
			isa = PBXFileReference;
			lastKnownFileType = sourcecode.c.h;
			path = WMLSideDetail.h;
			refType = 4;
			sourceTree = "<group>";
		};
		5FEED5B8061AE1E700A78EA1 = {
			fileEncoding = 4;
			isa = PBXFileReference;
			lastKnownFileType = sourcecode.c.objc;
			path = WMLSideDetail.m;
			refType = 4;
			sourceTree = "<group>";
		};
		5FEED5B9061AE1E700A78EA1 = {
			fileRef = 5FEED5B7061AE1E700A78EA1;
			isa = PBXBuildFile;
			settings = {
			};
		};
		5FEED5BA061AE1E700A78EA1 = {
			fileRef = 5FEED5B8061AE1E700A78EA1;
			isa = PBXBuildFile;
			settings = {
			};
		};
		5FEED5BB061B063300A78EA1 = {
			fileEncoding = 30;
			isa = PBXFileReference;
			lastKnownFileType = sourcecode.c.h;
			path = WNMainTabViewDelegate.h;
			refType = 4;
			sourceTree = "<group>";
		};
		5FEED5BC061B063300A78EA1 = {
			fileEncoding = 30;
			isa = PBXFileReference;
			lastKnownFileType = sourcecode.c.objc;
			path = WNMainTabViewDelegate.m;
			refType = 4;
			sourceTree = "<group>";
		};
		5FEED5BD061B063300A78EA1 = {
			fileRef = 5FEED5BB061B063300A78EA1;
			isa = PBXBuildFile;
			settings = {
			};
		};
		5FEED5BE061B063300A78EA1 = {
			fileRef = 5FEED5BC061B063300A78EA1;
			isa = PBXBuildFile;
			settings = {
			};
		};
		5FF0B00E06183AE900A78EA1 = {
			isa = PBXFileReference;
			lastKnownFileType = image.png;
			path = mapcursor.png;
			refType = 4;
			sourceTree = "<group>";
		};
		5FF0B00F06183AE900A78EA1 = {
			fileRef = 5FF0B00E06183AE900A78EA1;
			isa = PBXBuildFile;
			settings = {
			};
		};
		5FF48D950621609000A78EA1 = {
			fileEncoding = 30;
			isa = PBXFileReference;
			lastKnownFileType = sourcecode.c.h;
			path = WNVictoryList.h;
			refType = 4;
			sourceTree = "<group>";
		};
		5FF48D960621609000A78EA1 = {
			fileEncoding = 30;
			isa = PBXFileReference;
			lastKnownFileType = sourcecode.c.objc;
			path = WNVictoryList.m;
			refType = 4;
			sourceTree = "<group>";
		};
		5FF48D970621609000A78EA1 = {
			fileRef = 5FF48D950621609000A78EA1;
			isa = PBXBuildFile;
			settings = {
			};
		};
		5FF48D980621609000A78EA1 = {
			fileRef = 5FF48D960621609000A78EA1;
			isa = PBXBuildFile;
			settings = {
			};
		};
		5FF9D0FE0614588A00A78EA1 = {
			fileEncoding = 30;
			isa = PBXFileReference;
			lastKnownFileType = sourcecode.c.objc;
			path = WNMapView.m;
			refType = 4;
			sourceTree = "<group>";
		};
		5FF9D0FF0614588A00A78EA1 = {
			fileEncoding = 30;
			isa = PBXFileReference;
			lastKnownFileType = sourcecode.c.h;
			path = WNMapView.h;
			refType = 4;
			sourceTree = "<group>";
		};
		5FF9D1000614588A00A78EA1 = {
			fileRef = 5FF9D0FE0614588A00A78EA1;
			isa = PBXBuildFile;
			settings = {
			};
		};
		5FF9D1010614588A00A78EA1 = {
			fileRef = 5FF9D0FF0614588A00A78EA1;
			isa = PBXBuildFile;
			settings = {
			};
		};
		5FF9D102061459E800A78EA1 = {
			fileEncoding = 4;
			isa = PBXFileReference;
			lastKnownFileType = sourcecode.c.h;
			path = WMLMap.h;
			refType = 4;
			sourceTree = "<group>";
		};
		5FF9D103061459E800A78EA1 = {
			fileEncoding = 4;
			isa = PBXFileReference;
			lastKnownFileType = sourcecode.c.objc;
			path = WMLMap.m;
			refType = 4;
			sourceTree = "<group>";
		};
		5FF9D104061459E800A78EA1 = {
			fileRef = 5FF9D102061459E800A78EA1;
			isa = PBXBuildFile;
			settings = {
			};
		};
		5FF9D105061459E800A78EA1 = {
			fileRef = 5FF9D103061459E800A78EA1;
			isa = PBXBuildFile;
			settings = {
			};
		};
		5FF9D10A0614608D00A78EA1 = {
			fileEncoding = 4;
			isa = PBXFileReference;
			lastKnownFileType = sourcecode.c.h;
			path = WMLMapPoint.h;
			refType = 4;
			sourceTree = "<group>";
		};
		5FF9D10B0614608D00A78EA1 = {
			fileEncoding = 4;
			isa = PBXFileReference;
			lastKnownFileType = sourcecode.c.objc;
			path = WMLMapPoint.m;
			refType = 4;
			sourceTree = "<group>";
		};
		5FF9D10C0614608D00A78EA1 = {
			fileRef = 5FF9D10A0614608D00A78EA1;
			isa = PBXBuildFile;
			settings = {
			};
		};
		5FF9D10D0614608D00A78EA1 = {
			fileRef = 5FF9D10B0614608D00A78EA1;
			isa = PBXBuildFile;
			settings = {
			};
		};
		5FF9D10E0614618A00A78EA1 = {
			fileEncoding = 4;
			isa = PBXFileReference;
			lastKnownFileType = sourcecode.c.h;
			path = WNTerrains.h;
			refType = 4;
			sourceTree = "<group>";
		};
		5FF9D10F0614618A00A78EA1 = {
			fileEncoding = 4;
			isa = PBXFileReference;
			lastKnownFileType = sourcecode.c.objc;
			path = WNTerrains.m;
			refType = 4;
			sourceTree = "<group>";
		};
		5FF9D1100614618A00A78EA1 = {
			fileRef = 5FF9D10E0614618A00A78EA1;
			isa = PBXBuildFile;
			settings = {
			};
		};
		5FF9D1110614618A00A78EA1 = {
			fileRef = 5FF9D10F0614618A00A78EA1;
			isa = PBXBuildFile;
			settings = {
			};
		};
		5FF9D11406146D8400A78EA1 = {
			fileEncoding = 4;
			isa = PBXFileReference;
			lastKnownFileType = sourcecode.c.h;
			path = WNUnits.h;
			refType = 4;
			sourceTree = "<group>";
		};
		5FF9D11506146D8400A78EA1 = {
			fileEncoding = 4;
			isa = PBXFileReference;
			lastKnownFileType = sourcecode.c.objc;
			path = WNUnits.m;
			refType = 4;
			sourceTree = "<group>";
		};
		5FF9D11606146D8400A78EA1 = {
			fileRef = 5FF9D11406146D8400A78EA1;
			isa = PBXBuildFile;
			settings = {
			};
		};
		5FF9D11706146D8400A78EA1 = {
			fileRef = 5FF9D11506146D8400A78EA1;
			isa = PBXBuildFile;
			settings = {
			};
		};
		5FFCA1280622B30600A78EA1 = {
			fileEncoding = 30;
			isa = PBXFileReference;
			lastKnownFileType = sourcecode.c.h;
			path = WNTeamList.h;
			refType = 4;
			sourceTree = "<group>";
		};
		5FFCA1290622B30600A78EA1 = {
			fileEncoding = 30;
			isa = PBXFileReference;
			lastKnownFileType = sourcecode.c.objc;
			path = WNTeamList.m;
			refType = 4;
			sourceTree = "<group>";
		};
		5FFCA12A0622B30600A78EA1 = {
			fileRef = 5FFCA1280622B30600A78EA1;
			isa = PBXBuildFile;
			settings = {
			};
		};
		5FFCA12B0622B30600A78EA1 = {
			fileRef = 5FFCA1290622B30600A78EA1;
			isa = PBXBuildFile;
			settings = {
			};
		};
		5FFCA12E0622BB2800A78EA1 = {
			fileEncoding = 30;
			isa = PBXFileReference;
			lastKnownFileType = sourcecode.c.h;
			path = WNMapTabViewDelegate.h;
			refType = 4;
			sourceTree = "<group>";
		};
		5FFCA12F0622BB2800A78EA1 = {
			fileEncoding = 30;
			isa = PBXFileReference;
			lastKnownFileType = sourcecode.c.objc;
			path = WNMapTabViewDelegate.m;
			refType = 4;
			sourceTree = "<group>";
		};
		5FFCA1300622BB2800A78EA1 = {
			fileRef = 5FFCA12E0622BB2800A78EA1;
			isa = PBXBuildFile;
			settings = {
			};
		};
		5FFCA1310622BB2800A78EA1 = {
			fileRef = 5FFCA12F0622BB2800A78EA1;
			isa = PBXBuildFile;
			settings = {
			};
		};
		5FFEE4A5063411F900A78EA1 = {
			fileEncoding = 30;
			isa = PBXFileReference;
			lastKnownFileType = sourcecode.c.h;
			path = WNCharacterListView.h;
			refType = 4;
			sourceTree = "<group>";
		};
		5FFEE4A6063411F900A78EA1 = {
			fileEncoding = 30;
			isa = PBXFileReference;
			lastKnownFileType = sourcecode.c.objc;
			path = WNCharacterListView.m;
			refType = 4;
			sourceTree = "<group>";
		};
		5FFEE4A7063411FA00A78EA1 = {
			fileRef = 5FFEE4A5063411F900A78EA1;
			isa = PBXBuildFile;
			settings = {
			};
		};
		5FFEE4A8063411FA00A78EA1 = {
			fileRef = 5FFEE4A6063411F900A78EA1;
			isa = PBXBuildFile;
			settings = {
			};
		};
		5FFEE4A90634154100A78EA1 = {
			fileEncoding = 4;
			isa = PBXFileReference;
			lastKnownFileType = sourcecode.c.h;
			path = WNCharacters.h;
			refType = 4;
			sourceTree = "<group>";
		};
		5FFEE4AA0634154100A78EA1 = {
			fileEncoding = 4;
			isa = PBXFileReference;
			lastKnownFileType = sourcecode.c.objc;
			path = WNCharacters.m;
			refType = 4;
			sourceTree = "<group>";
		};
		5FFEE4AB0634154100A78EA1 = {
			fileRef = 5FFEE4A90634154100A78EA1;
			isa = PBXBuildFile;
			settings = {
			};
		};
		5FFEE4AC0634154100A78EA1 = {
			fileRef = 5FFEE4AA0634154100A78EA1;
			isa = PBXBuildFile;
			settings = {
			};
		};
	};
	rootObject = 29B97313FDCFA39411CA2CEA;
}
